<?xml version="1.0" encoding="UTF-8"?>
<!DOCTYPE plist PUBLIC "-//Apple//DTD PLIST 1.0//EN" "http://www.apple.com/DTDs/PropertyList-1.0.dtd">
<plist version="1.0">
<dict>
	<key>archiveVersion</key>
	<string>1</string>
	<key>classes</key>
	<dict/>
	<key>objectVersion</key>
	<string>46</string>
	<key>objects</key>
	<dict>
		<key>202B111E9450A87084EB7138</key>
		<dict>
			<key>includeInIndex</key>
			<string>1</string>
			<key>isa</key>
			<string>PBXFileReference</string>
			<key>lastKnownFileType</key>
			<string>text.xcconfig</string>
			<key>name</key>
			<string>Pods-vstreaming.release.xcconfig</string>
			<key>path</key>
			<string>Pods/Target Support Files/Pods-vstreaming/Pods-vstreaming.release.xcconfig</string>
			<key>sourceTree</key>
			<string>&lt;group&gt;</string>
		</dict>
		<key>2B9FF025321F4C89C09575DA</key>
		<dict>
			<key>children</key>
			<array>
				<string>DB442F969F6FBAED00AC1C78</string>
				<string>202B111E9450A87084EB7138</string>
			</array>
			<key>isa</key>
			<string>PBXGroup</string>
			<key>name</key>
			<string>Pods</string>
			<key>sourceTree</key>
			<string>&lt;group&gt;</string>
		</dict>
		<key>3956A63A9C1E6752A38F04D7</key>
		<dict>
			<key>buildActionMask</key>
			<string>2147483647</string>
			<key>files</key>
			<array/>
			<key>inputPaths</key>
			<array/>
			<key>isa</key>
			<string>PBXShellScriptBuildPhase</string>
			<key>name</key>
			<string>[CP] Check Pods Manifest.lock</string>
			<key>outputPaths</key>
			<array/>
			<key>runOnlyForDeploymentPostprocessing</key>
			<string>0</string>
			<key>shellPath</key>
			<string>/bin/sh</string>
			<key>shellScript</key>
			<string>diff "${PODS_ROOT}/../Podfile.lock" "${PODS_ROOT}/Manifest.lock" &gt; /dev/null
if [[ $? != 0 ]] ; then
    cat &lt;&lt; EOM
error: The sandbox is not in sync with the Podfile.lock. Run 'pod install' or update your CocoaPods installation.
EOM
    exit 1
fi
</string>
			<key>showEnvVarsInLog</key>
			<string>0</string>
		</dict>
		<key>39EF59D1B5B44B794CD26648</key>
		<dict>
			<key>fileRef</key>
			<string>B38C0B5CD7CF41CDE474F878</string>
			<key>isa</key>
			<string>PBXBuildFile</string>
		</dict>
		<key>3B6808A3ACF1C6A9DB520479</key>
		<dict>
			<key>buildActionMask</key>
			<string>2147483647</string>
			<key>files</key>
			<array/>
			<key>inputPaths</key>
			<array/>
			<key>isa</key>
			<string>PBXShellScriptBuildPhase</string>
			<key>name</key>
			<string>Check Pods Manifest.lock</string>
			<key>outputPaths</key>
			<array/>
			<key>runOnlyForDeploymentPostprocessing</key>
			<string>0</string>
			<key>shellPath</key>
			<string>/bin/sh</string>
			<key>shellScript</key>
			<string>diff "${PODS_ROOT}/../Podfile.lock" "${PODS_ROOT}/Manifest.lock" &gt; /dev/null
if [[ $? != 0 ]] ; then
    cat &lt;&lt; EOM
error: The sandbox is not in sync with the Podfile.lock. Run 'pod install' or update your CocoaPods installation.
EOM
    exit 1
fi
</string>
			<key>showEnvVarsInLog</key>
			<string>0</string>
		</dict>
		<key>45B6A1A4E420776BC1E2AAA9</key>
		<dict>
			<key>buildActionMask</key>
			<string>2147483647</string>
			<key>files</key>
			<array/>
			<key>inputPaths</key>
			<array/>
			<key>isa</key>
			<string>PBXShellScriptBuildPhase</string>
			<key>name</key>
			<string>Copy Pods Resources</string>
			<key>outputPaths</key>
			<array/>
			<key>runOnlyForDeploymentPostprocessing</key>
			<string>0</string>
			<key>shellPath</key>
			<string>/bin/sh</string>
			<key>shellScript</key>
			<string>"${SRCROOT}/Pods/Target Support Files/Pods-vstreaming/Pods-vstreaming-resources.sh"
</string>
			<key>showEnvVarsInLog</key>
			<string>0</string>
		</dict>
		<key>8B3793C31D4B8292008883EE</key>
		<dict>
			<key>children</key>
			<array/>
			<key>isa</key>
			<string>PBXGroup</string>
			<key>path</key>
			<string>TextView</string>
			<key>sourceTree</key>
			<string>&lt;group&gt;</string>
		</dict>
		<key>8B503A811D4A2F01008848CE</key>
		<dict>
			<key>fileEncoding</key>
			<string>4</string>
			<key>isa</key>
			<string>PBXFileReference</string>
			<key>lastKnownFileType</key>
			<string>sourcecode.c.h</string>
			<key>path</key>
			<string>SettingViewController.h</string>
			<key>sourceTree</key>
			<string>&lt;group&gt;</string>
		</dict>
		<key>8B503A821D4A2F01008848CE</key>
		<dict>
			<key>fileEncoding</key>
			<string>4</string>
			<key>isa</key>
			<string>PBXFileReference</string>
			<key>lastKnownFileType</key>
			<string>sourcecode.c.objc</string>
			<key>path</key>
			<string>SettingViewController.m</string>
			<key>sourceTree</key>
			<string>&lt;group&gt;</string>
		</dict>
		<key>8B503A831D4A2F01008848CE</key>
		<dict>
			<key>fileRef</key>
			<string>8B503A821D4A2F01008848CE</string>
			<key>isa</key>
			<string>PBXBuildFile</string>
		</dict>
		<key>8B503A841D4A3985008848CE</key>
		<dict>
			<key>children</key>
			<array>
				<string>8B503A851D4A39A5008848CE</string>
				<string>8B503A861D4A39A5008848CE</string>
			</array>
			<key>isa</key>
			<string>PBXGroup</string>
			<key>path</key>
			<string>LanguageView</string>
			<key>sourceTree</key>
			<string>&lt;group&gt;</string>
		</dict>
		<key>8B503A851D4A39A5008848CE</key>
		<dict>
			<key>fileEncoding</key>
			<string>4</string>
			<key>isa</key>
			<string>PBXFileReference</string>
			<key>lastKnownFileType</key>
			<string>sourcecode.c.h</string>
			<key>path</key>
			<string>LanguageSettingViewController.h</string>
			<key>sourceTree</key>
			<string>&lt;group&gt;</string>
		</dict>
		<key>8B503A861D4A39A5008848CE</key>
		<dict>
			<key>fileEncoding</key>
			<string>4</string>
			<key>isa</key>
			<string>PBXFileReference</string>
			<key>lastKnownFileType</key>
			<string>sourcecode.c.objc</string>
			<key>path</key>
			<string>LanguageSettingViewController.m</string>
			<key>sourceTree</key>
			<string>&lt;group&gt;</string>
		</dict>
		<key>8B503A871D4A39A5008848CE</key>
		<dict>
			<key>fileRef</key>
			<string>8B503A861D4A39A5008848CE</string>
			<key>isa</key>
			<string>PBXBuildFile</string>
		</dict>
		<key>8B503A881D4A3AEB008848CE</key>
		<dict>
			<key>children</key>
			<array>
				<string>8B503A891D4A3AFA008848CE</string>
				<string>8B503A8A1D4A3AFA008848CE</string>
			</array>
			<key>isa</key>
			<string>PBXGroup</string>
			<key>path</key>
			<string>OtherSettingView</string>
			<key>sourceTree</key>
			<string>&lt;group&gt;</string>
		</dict>
		<key>8B503A891D4A3AFA008848CE</key>
		<dict>
			<key>fileEncoding</key>
			<string>4</string>
			<key>isa</key>
			<string>PBXFileReference</string>
			<key>lastKnownFileType</key>
			<string>sourcecode.c.h</string>
			<key>path</key>
			<string>OtherSettingViewController.h</string>
			<key>sourceTree</key>
			<string>&lt;group&gt;</string>
		</dict>
		<key>8B503A8A1D4A3AFA008848CE</key>
		<dict>
			<key>fileEncoding</key>
			<string>4</string>
			<key>isa</key>
			<string>PBXFileReference</string>
			<key>lastKnownFileType</key>
			<string>sourcecode.c.objc</string>
			<key>path</key>
			<string>OtherSettingViewController.m</string>
			<key>sourceTree</key>
			<string>&lt;group&gt;</string>
		</dict>
		<key>8B503A8B1D4A3AFA008848CE</key>
		<dict>
			<key>fileRef</key>
			<string>8B503A8A1D4A3AFA008848CE</string>
			<key>isa</key>
			<string>PBXBuildFile</string>
		</dict>
		<key>8B503A8C1D4A518E008848CE</key>
		<dict>
			<key>fileEncoding</key>
			<string>4</string>
			<key>isa</key>
			<string>PBXFileReference</string>
			<key>lastKnownFileType</key>
			<string>sourcecode.c.h</string>
			<key>path</key>
			<string>ChatViewController.h</string>
			<key>sourceTree</key>
			<string>&lt;group&gt;</string>
		</dict>
		<key>8B503A8D1D4A518E008848CE</key>
		<dict>
			<key>fileEncoding</key>
			<string>4</string>
			<key>isa</key>
			<string>PBXFileReference</string>
			<key>lastKnownFileType</key>
			<string>sourcecode.c.objc</string>
			<key>path</key>
			<string>ChatViewController.m</string>
			<key>sourceTree</key>
			<string>&lt;group&gt;</string>
		</dict>
		<key>8B503A8E1D4A518E008848CE</key>
		<dict>
			<key>fileRef</key>
			<string>8B503A8D1D4A518E008848CE</string>
			<key>isa</key>
			<string>PBXBuildFile</string>
		</dict>
		<key>8B503A8F1D4B4F3E008848CE</key>
		<dict>
			<key>children</key>
			<array>
				<string>8B503A901D4B4F4E008848CE</string>
				<string>8B503A911D4B4F4E008848CE</string>
				<string>8B503A931D4B4F6C008848CE</string>
				<string>8B503A941D4B4F6C008848CE</string>
			</array>
			<key>isa</key>
			<string>PBXGroup</string>
			<key>path</key>
			<string>ExpertSearchView</string>
			<key>sourceTree</key>
			<string>&lt;group&gt;</string>
		</dict>
		<key>8B503A901D4B4F4E008848CE</key>
		<dict>
			<key>fileEncoding</key>
			<string>4</string>
			<key>isa</key>
			<string>PBXFileReference</string>
			<key>lastKnownFileType</key>
			<string>sourcecode.c.h</string>
			<key>path</key>
			<string>ExpertSearchViewController.h</string>
			<key>sourceTree</key>
			<string>&lt;group&gt;</string>
		</dict>
		<key>8B503A911D4B4F4E008848CE</key>
		<dict>
			<key>fileEncoding</key>
			<string>4</string>
			<key>isa</key>
			<string>PBXFileReference</string>
			<key>lastKnownFileType</key>
			<string>sourcecode.c.objc</string>
			<key>path</key>
			<string>ExpertSearchViewController.m</string>
			<key>sourceTree</key>
			<string>&lt;group&gt;</string>
		</dict>
		<key>8B503A921D4B4F4E008848CE</key>
		<dict>
			<key>fileRef</key>
			<string>8B503A911D4B4F4E008848CE</string>
			<key>isa</key>
			<string>PBXBuildFile</string>
		</dict>
		<key>8B503A931D4B4F6C008848CE</key>
		<dict>
			<key>fileEncoding</key>
			<string>4</string>
			<key>isa</key>
			<string>PBXFileReference</string>
			<key>lastKnownFileType</key>
			<string>sourcecode.c.h</string>
			<key>path</key>
			<string>ExpertSearchTableCell.h</string>
			<key>sourceTree</key>
			<string>&lt;group&gt;</string>
		</dict>
		<key>8B503A941D4B4F6C008848CE</key>
		<dict>
			<key>fileEncoding</key>
			<string>4</string>
			<key>isa</key>
			<string>PBXFileReference</string>
			<key>lastKnownFileType</key>
			<string>sourcecode.c.objc</string>
			<key>path</key>
			<string>ExpertSearchTableCell.m</string>
			<key>sourceTree</key>
			<string>&lt;group&gt;</string>
		</dict>
		<key>8B503A951D4B4F6C008848CE</key>
		<dict>
			<key>fileRef</key>
			<string>8B503A941D4B4F6C008848CE</string>
			<key>isa</key>
			<string>PBXBuildFile</string>
		</dict>
		<key>8B82D01A1D496BE500FE6B34</key>
		<dict>
			<key>children</key>
			<array>
				<string>8B82D01B1D496BFA00FE6B34</string>
				<string>8B82D01C1D496BFA00FE6B34</string>
				<string>8B82D0211D496C3100FE6B34</string>
				<string>8B82D0221D496C3100FE6B34</string>
				<string>8B82D0241D496D7600FE6B34</string>
				<string>8B82D0251D496D7600FE6B34</string>
				<string>8B82D0271D4972C300FE6B34</string>
				<string>8B82D0281D4972C300FE6B34</string>
				<string>8B82D02A1D4972E400FE6B34</string>
				<string>8B82D02B1D4972E400FE6B34</string>
			</array>
			<key>isa</key>
			<string>PBXGroup</string>
			<key>path</key>
			<string>FollowInformation</string>
			<key>sourceTree</key>
			<string>&lt;group&gt;</string>
		</dict>
		<key>8B82D01B1D496BFA00FE6B34</key>
		<dict>
			<key>fileEncoding</key>
			<string>4</string>
			<key>isa</key>
			<string>PBXFileReference</string>
			<key>lastKnownFileType</key>
			<string>sourcecode.c.h</string>
			<key>path</key>
			<string>FollowInformationViewController.h</string>
			<key>sourceTree</key>
			<string>&lt;group&gt;</string>
		</dict>
		<key>8B82D01C1D496BFA00FE6B34</key>
		<dict>
			<key>fileEncoding</key>
			<string>4</string>
			<key>isa</key>
			<string>PBXFileReference</string>
			<key>lastKnownFileType</key>
			<string>sourcecode.c.objc</string>
			<key>path</key>
			<string>FollowInformationViewController.m</string>
			<key>sourceTree</key>
			<string>&lt;group&gt;</string>
		</dict>
		<key>8B82D01D1D496BFA00FE6B34</key>
		<dict>
			<key>fileRef</key>
			<string>8B82D01C1D496BFA00FE6B34</string>
			<key>isa</key>
			<string>PBXBuildFile</string>
		</dict>
		<key>8B82D0211D496C3100FE6B34</key>
		<dict>
			<key>fileEncoding</key>
			<string>4</string>
			<key>isa</key>
			<string>PBXFileReference</string>
			<key>lastKnownFileType</key>
			<string>sourcecode.c.h</string>
			<key>path</key>
			<string>FollowerProfileViewController.h</string>
			<key>sourceTree</key>
			<string>&lt;group&gt;</string>
		</dict>
		<key>8B82D0221D496C3100FE6B34</key>
		<dict>
			<key>fileEncoding</key>
			<string>4</string>
			<key>isa</key>
			<string>PBXFileReference</string>
			<key>lastKnownFileType</key>
			<string>sourcecode.c.objc</string>
			<key>path</key>
			<string>FollowerProfileViewController.m</string>
			<key>sourceTree</key>
			<string>&lt;group&gt;</string>
		</dict>
		<key>8B82D0231D496C3100FE6B34</key>
		<dict>
			<key>fileRef</key>
			<string>8B82D0221D496C3100FE6B34</string>
			<key>isa</key>
			<string>PBXBuildFile</string>
		</dict>
		<key>8B82D0241D496D7600FE6B34</key>
		<dict>
			<key>fileEncoding</key>
			<string>4</string>
			<key>isa</key>
			<string>PBXFileReference</string>
			<key>lastKnownFileType</key>
			<string>sourcecode.c.h</string>
			<key>path</key>
			<string>FollowTableCell.h</string>
			<key>sourceTree</key>
			<string>&lt;group&gt;</string>
		</dict>
		<key>8B82D0251D496D7600FE6B34</key>
		<dict>
			<key>fileEncoding</key>
			<string>4</string>
			<key>isa</key>
			<string>PBXFileReference</string>
			<key>lastKnownFileType</key>
			<string>sourcecode.c.objc</string>
			<key>path</key>
			<string>FollowTableCell.m</string>
			<key>sourceTree</key>
			<string>&lt;group&gt;</string>
		</dict>
		<key>8B82D0261D496D7600FE6B34</key>
		<dict>
			<key>fileRef</key>
			<string>8B82D0251D496D7600FE6B34</string>
			<key>isa</key>
			<string>PBXBuildFile</string>
		</dict>
		<key>8B82D0271D4972C300FE6B34</key>
		<dict>
			<key>fileEncoding</key>
			<string>4</string>
			<key>isa</key>
			<string>PBXFileReference</string>
			<key>lastKnownFileType</key>
			<string>sourcecode.c.h</string>
			<key>path</key>
			<string>ProfileExpertTableCell.h</string>
			<key>sourceTree</key>
			<string>&lt;group&gt;</string>
		</dict>
		<key>8B82D0281D4972C300FE6B34</key>
		<dict>
			<key>fileEncoding</key>
			<string>4</string>
			<key>isa</key>
			<string>PBXFileReference</string>
			<key>lastKnownFileType</key>
			<string>sourcecode.c.objc</string>
			<key>path</key>
			<string>ProfileExpertTableCell.m</string>
			<key>sourceTree</key>
			<string>&lt;group&gt;</string>
		</dict>
		<key>8B82D0291D4972C300FE6B34</key>
		<dict>
			<key>fileRef</key>
			<string>8B82D0281D4972C300FE6B34</string>
			<key>isa</key>
			<string>PBXBuildFile</string>
		</dict>
		<key>8B82D02A1D4972E400FE6B34</key>
		<dict>
			<key>fileEncoding</key>
			<string>4</string>
			<key>isa</key>
			<string>PBXFileReference</string>
			<key>lastKnownFileType</key>
			<string>sourcecode.c.h</string>
			<key>path</key>
			<string>ShowTableCell.h</string>
			<key>sourceTree</key>
			<string>&lt;group&gt;</string>
		</dict>
		<key>8B82D02B1D4972E400FE6B34</key>
		<dict>
			<key>fileEncoding</key>
			<string>4</string>
			<key>isa</key>
			<string>PBXFileReference</string>
			<key>lastKnownFileType</key>
			<string>sourcecode.c.objc</string>
			<key>path</key>
			<string>ShowTableCell.m</string>
			<key>sourceTree</key>
			<string>&lt;group&gt;</string>
		</dict>
		<key>8B82D02C1D4972E400FE6B34</key>
		<dict>
			<key>fileRef</key>
			<string>8B82D02B1D4972E400FE6B34</string>
			<key>isa</key>
			<string>PBXBuildFile</string>
		</dict>
		<key>8BC16A581D47B308007052E0</key>
		<dict>
			<key>children</key>
			<array>
				<string>8BC16A591D47B319007052E0</string>
				<string>8BC16A5A1D47B319007052E0</string>
			</array>
			<key>isa</key>
			<string>PBXGroup</string>
			<key>path</key>
			<string>QuestionView</string>
			<key>sourceTree</key>
			<string>&lt;group&gt;</string>
		</dict>
		<key>8BC16A591D47B319007052E0</key>
		<dict>
			<key>fileEncoding</key>
			<string>4</string>
			<key>isa</key>
			<string>PBXFileReference</string>
			<key>lastKnownFileType</key>
			<string>sourcecode.c.h</string>
			<key>path</key>
			<string>QuestionViewController.h</string>
			<key>sourceTree</key>
			<string>&lt;group&gt;</string>
		</dict>
		<key>8BC16A5A1D47B319007052E0</key>
		<dict>
			<key>fileEncoding</key>
			<string>4</string>
			<key>isa</key>
			<string>PBXFileReference</string>
			<key>lastKnownFileType</key>
			<string>sourcecode.c.objc</string>
			<key>path</key>
			<string>QuestionViewController.m</string>
			<key>sourceTree</key>
			<string>&lt;group&gt;</string>
		</dict>
		<key>8BC16A5B1D47B319007052E0</key>
		<dict>
			<key>fileRef</key>
			<string>8BC16A5A1D47B319007052E0</string>
			<key>isa</key>
			<string>PBXBuildFile</string>
		</dict>
		<key>8BCD711B1D424FF500ECFD88</key>
		<dict>
			<key>children</key>
			<array>
				<string>8BCD71261D424FF500ECFD88</string>
				<string>8BCD71431D424FF500ECFD88</string>
				<string>8BCD714E1D424FF500ECFD88</string>
				<string>8BCD71251D424FF500ECFD88</string>
				<string>2B9FF025321F4C89C09575DA</string>
				<string>F5F47BE7E538009EA20A57A4</string>
			</array>
			<key>isa</key>
			<string>PBXGroup</string>
			<key>sourceTree</key>
			<string>&lt;group&gt;</string>
		</dict>
		<key>8BCD711C1D424FF500ECFD88</key>
		<dict>
			<key>attributes</key>
			<dict>
				<key>LastUpgradeCheck</key>
				<string>0730</string>
				<key>ORGANIZATIONNAME</key>
				<string>ITGroup</string>
				<key>TargetAttributes</key>
				<dict>
					<key>8BCD71231D424FF500ECFD88</key>
					<dict>
						<key>CreatedOnToolsVersion</key>
						<string>7.3.1</string>
					</dict>
					<key>8BCD713F1D424FF500ECFD88</key>
					<dict>
						<key>CreatedOnToolsVersion</key>
						<string>7.3.1</string>
						<key>TestTargetID</key>
						<string>8BCD71231D424FF500ECFD88</string>
					</dict>
					<key>8BCD714A1D424FF500ECFD88</key>
					<dict>
						<key>CreatedOnToolsVersion</key>
						<string>7.3.1</string>
						<key>TestTargetID</key>
						<string>8BCD71231D424FF500ECFD88</string>
					</dict>
				</dict>
			</dict>
			<key>buildConfigurationList</key>
			<string>8BCD711F1D424FF500ECFD88</string>
			<key>compatibilityVersion</key>
			<string>Xcode 3.2</string>
			<key>developmentRegion</key>
			<string>English</string>
			<key>hasScannedForEncodings</key>
			<string>0</string>
			<key>isa</key>
			<string>PBXProject</string>
			<key>knownRegions</key>
			<array>
				<string>en</string>
				<string>Base</string>
			</array>
			<key>mainGroup</key>
			<string>8BCD711B1D424FF500ECFD88</string>
			<key>productRefGroup</key>
			<string>8BCD71251D424FF500ECFD88</string>
			<key>projectDirPath</key>
			<string></string>
			<key>projectReferences</key>
			<array/>
			<key>projectRoot</key>
			<string></string>
			<key>targets</key>
			<array>
				<string>8BCD71231D424FF500ECFD88</string>
				<string>8BCD713F1D424FF500ECFD88</string>
				<string>8BCD714A1D424FF500ECFD88</string>
			</array>
		</dict>
		<key>8BCD711F1D424FF500ECFD88</key>
		<dict>
			<key>buildConfigurations</key>
			<array>
				<string>8BCD71521D424FF500ECFD88</string>
				<string>8BCD71531D424FF500ECFD88</string>
			</array>
			<key>defaultConfigurationIsVisible</key>
			<string>0</string>
			<key>defaultConfigurationName</key>
			<string>Release</string>
			<key>isa</key>
			<string>XCConfigurationList</string>
		</dict>
		<key>8BCD71201D424FF500ECFD88</key>
		<dict>
			<key>buildActionMask</key>
			<string>2147483647</string>
			<key>files</key>
			<array>
				<string>8BCD71291D424FF500ECFD88</string>
				<string>8BCD719B1D44F36800ECFD88</string>
				<string>8BCD71941D44BD1100ECFD88</string>
				<string>8BCD716D1D434FD800ECFD88</string>
				<string>8BCD71BB1D45DF9B00ECFD88</string>
				<string>8BCD71811D448F3200ECFD88</string>
				<string>8BCD71A21D4534EA00ECFD88</string>
				<string>8B82D0261D496D7600FE6B34</string>
				<string>8B503A951D4B4F6C008848CE</string>
				<string>8BCD71CF1D466E7B00ECFD88</string>
				<string>8BCD71351D424FF500ECFD88</string>
				<string>8BCD71AB1D45510E00ECFD88</string>
				<string>8BCD71B21D45CAB600ECFD88</string>
				<string>8BCD718C1D44AC2500ECFD88</string>
				<string>8B82D01D1D496BFA00FE6B34</string>
				<string>8B82D0291D4972C300FE6B34</string>
				<string>8B503A871D4A39A5008848CE</string>
				<string>8BCD71C81D45FCDB00ECFD88</string>
				<string>8B503A8B1D4A3AFA008848CE</string>
				<string>8BCD71B51D45CAEE00ECFD88</string>
				<string>8BCD71DF1D479D9200ECFD88</string>
				<string>8BCD71D31D466EE200ECFD88</string>
				<string>8B503A921D4B4F4E008848CE</string>
				<string>8BCD71DC1D479D8300ECFD88</string>
				<string>8B82D0231D496C3100FE6B34</string>
				<string>8BCD71A81D45510100ECFD88</string>
				<string>8BCD71621D42555700ECFD88</string>
				<string>8BCD71871D448F9300ECFD88</string>
				<string>8B503A831D4A2F01008848CE</string>
				<string>8BCD71B81D45CDAA00ECFD88</string>
				<string>8BCD719E1D44F48100ECFD88</string>
				<string>8BCD71671D425A9A00ECFD88</string>
				<string>8BCD71CC1D4612AD00ECFD88</string>
				<string>8BCD716A1D434EE900ECFD88</string>
				<string>8B503A8E1D4A518E008848CE</string>
				<string>8BCD718F1D44AE3D00ECFD88</string>
				<string>8BC16A5B1D47B319007052E0</string>
				<string>8B82D02C1D4972E400FE6B34</string>
				<string>8BCD71A51D4550EC00ECFD88</string>
				<string>8BCD71C21D45F97D00ECFD88</string>
			</array>
			<key>isa</key>
			<string>PBXSourcesBuildPhase</string>
			<key>runOnlyForDeploymentPostprocessing</key>
			<string>0</string>
		</dict>
		<key>8BCD71211D424FF500ECFD88</key>
		<dict>
			<key>buildActionMask</key>
			<string>2147483647</string>
			<key>files</key>
			<array>
				<string>8BCD71911D44B76700ECFD88</string>
				<string>8BCD71731D43934300ECFD88</string>
				<string>8BCD71711D43933D00ECFD88</string>
				<string>8BCD716F1D43932A00ECFD88</string>
				<string>39EF59D1B5B44B794CD26648</string>
			</array>
			<key>isa</key>
			<string>PBXFrameworksBuildPhase</string>
			<key>runOnlyForDeploymentPostprocessing</key>
			<string>0</string>
		</dict>
		<key>8BCD71221D424FF500ECFD88</key>
		<dict>
			<key>buildActionMask</key>
			<string>2147483647</string>
			<key>files</key>
			<array>
				<string>8BCD713A1D424FF500ECFD88</string>
				<string>8BCD71371D424FF500ECFD88</string>
				<string>8BCD71321D424FF500ECFD88</string>
			</array>
			<key>isa</key>
			<string>PBXResourcesBuildPhase</string>
			<key>runOnlyForDeploymentPostprocessing</key>
			<string>0</string>
		</dict>
		<key>8BCD71231D424FF500ECFD88</key>
		<dict>
			<key>buildConfigurationList</key>
			<string>8BCD71541D424FF500ECFD88</string>
			<key>buildPhases</key>
			<array>
				<string>3B6808A3ACF1C6A9DB520479</string>
				<string>3956A63A9C1E6752A38F04D7</string>
				<string>8BCD71201D424FF500ECFD88</string>
				<string>8BCD71211D424FF500ECFD88</string>
				<string>8BCD71221D424FF500ECFD88</string>
				<string>D90EBEEEB6F112E7AA3AE399</string>
				<string>B4593E7A20B8B8C4C18FD398</string>
				<string>99E644B7213F27A162DE0583</string>
				<string>45B6A1A4E420776BC1E2AAA9</string>
			</array>
			<key>buildRules</key>
			<array/>
			<key>dependencies</key>
			<array/>
			<key>isa</key>
			<string>PBXNativeTarget</string>
			<key>name</key>
			<string>vstreaming</string>
			<key>productName</key>
			<string>vstreaming</string>
			<key>productReference</key>
			<string>8BCD71241D424FF500ECFD88</string>
			<key>productType</key>
			<string>com.apple.product-type.application</string>
		</dict>
		<key>8BCD71241D424FF500ECFD88</key>
		<dict>
			<key>explicitFileType</key>
			<string>wrapper.application</string>
			<key>includeInIndex</key>
			<string>0</string>
			<key>isa</key>
			<string>PBXFileReference</string>
			<key>path</key>
			<string>vstreaming.app</string>
			<key>sourceTree</key>
			<string>BUILT_PRODUCTS_DIR</string>
		</dict>
		<key>8BCD71251D424FF500ECFD88</key>
		<dict>
			<key>children</key>
			<array>
				<string>8BCD71241D424FF500ECFD88</string>
				<string>8BCD71401D424FF500ECFD88</string>
				<string>8BCD714B1D424FF500ECFD88</string>
			</array>
			<key>isa</key>
			<string>PBXGroup</string>
			<key>name</key>
			<string>Products</string>
			<key>sourceTree</key>
			<string>&lt;group&gt;</string>
		</dict>
		<key>8BCD71261D424FF500ECFD88</key>
		<dict>
			<key>children</key>
			<array>
				<string>8BCD71AC1D4554A700ECFD88</string>
				<string>8BCD71741D43F24F00ECFD88</string>
				<string>8BCD71641D425A9A00ECFD88</string>
				<string>8BCD715D1D42553200ECFD88</string>
				<string>8BCD71301D424FF500ECFD88</string>
				<string>8BCD71361D424FF500ECFD88</string>
				<string>8BCD71381D424FF500ECFD88</string>
				<string>8BCD713B1D424FF500ECFD88</string>
				<string>8BCD71331D424FF500ECFD88</string>
				<string>8BCD71271D424FF500ECFD88</string>
			</array>
			<key>isa</key>
			<string>PBXGroup</string>
			<key>path</key>
			<string>vstreaming</string>
			<key>sourceTree</key>
			<string>&lt;group&gt;</string>
		</dict>
		<key>8BCD71271D424FF500ECFD88</key>
		<dict>
			<key>children</key>
			<array>
				<string>8BCD71281D424FF500ECFD88</string>
			</array>
			<key>isa</key>
			<string>PBXGroup</string>
			<key>name</key>
			<string>Supporting Files</string>
			<key>sourceTree</key>
			<string>&lt;group&gt;</string>
		</dict>
		<key>8BCD71281D424FF500ECFD88</key>
		<dict>
			<key>isa</key>
			<string>PBXFileReference</string>
			<key>lastKnownFileType</key>
			<string>sourcecode.c.objc</string>
			<key>path</key>
			<string>main.m</string>
			<key>sourceTree</key>
			<string>&lt;group&gt;</string>
		</dict>
		<key>8BCD71291D424FF500ECFD88</key>
		<dict>
			<key>fileRef</key>
			<string>8BCD71281D424FF500ECFD88</string>
			<key>isa</key>
			<string>PBXBuildFile</string>
		</dict>
		<key>8BCD71301D424FF500ECFD88</key>
		<dict>
			<key>children</key>
			<array>
				<string>8BCD71311D424FF500ECFD88</string>
			</array>
			<key>isa</key>
			<string>PBXVariantGroup</string>
			<key>name</key>
			<string>Main.storyboard</string>
			<key>sourceTree</key>
			<string>&lt;group&gt;</string>
		</dict>
		<key>8BCD71311D424FF500ECFD88</key>
		<dict>
			<key>isa</key>
			<string>PBXFileReference</string>
			<key>lastKnownFileType</key>
			<string>file.storyboard</string>
			<key>name</key>
			<string>Base</string>
			<key>path</key>
			<string>Base.lproj/Main.storyboard</string>
			<key>sourceTree</key>
			<string>&lt;group&gt;</string>
		</dict>
		<key>8BCD71321D424FF500ECFD88</key>
		<dict>
			<key>fileRef</key>
			<string>8BCD71301D424FF500ECFD88</string>
			<key>isa</key>
			<string>PBXBuildFile</string>
		</dict>
		<key>8BCD71331D424FF500ECFD88</key>
		<dict>
			<key>children</key>
			<array>
				<string>8BCD71341D424FF500ECFD88</string>
			</array>
			<key>currentVersion</key>
			<string>8BCD71341D424FF500ECFD88</string>
			<key>isa</key>
			<string>XCVersionGroup</string>
			<key>path</key>
			<string>vstreaming.xcdatamodeld</string>
			<key>sourceTree</key>
			<string>&lt;group&gt;</string>
			<key>versionGroupType</key>
			<string>wrapper.xcdatamodel</string>
		</dict>
		<key>8BCD71341D424FF500ECFD88</key>
		<dict>
			<key>isa</key>
			<string>PBXFileReference</string>
			<key>lastKnownFileType</key>
			<string>wrapper.xcdatamodel</string>
			<key>path</key>
			<string>vstreaming.xcdatamodel</string>
			<key>sourceTree</key>
			<string>&lt;group&gt;</string>
		</dict>
		<key>8BCD71351D424FF500ECFD88</key>
		<dict>
			<key>fileRef</key>
			<string>8BCD71331D424FF500ECFD88</string>
			<key>isa</key>
			<string>PBXBuildFile</string>
		</dict>
		<key>8BCD71361D424FF500ECFD88</key>
		<dict>
			<key>isa</key>
			<string>PBXFileReference</string>
			<key>lastKnownFileType</key>
			<string>folder.assetcatalog</string>
			<key>path</key>
			<string>Assets.xcassets</string>
			<key>sourceTree</key>
			<string>&lt;group&gt;</string>
		</dict>
		<key>8BCD71371D424FF500ECFD88</key>
		<dict>
			<key>fileRef</key>
			<string>8BCD71361D424FF500ECFD88</string>
			<key>isa</key>
			<string>PBXBuildFile</string>
		</dict>
		<key>8BCD71381D424FF500ECFD88</key>
		<dict>
			<key>children</key>
			<array>
				<string>8BCD71391D424FF500ECFD88</string>
			</array>
			<key>isa</key>
			<string>PBXVariantGroup</string>
			<key>name</key>
			<string>LaunchScreen.storyboard</string>
			<key>sourceTree</key>
			<string>&lt;group&gt;</string>
		</dict>
		<key>8BCD71391D424FF500ECFD88</key>
		<dict>
			<key>isa</key>
			<string>PBXFileReference</string>
			<key>lastKnownFileType</key>
			<string>file.storyboard</string>
			<key>name</key>
			<string>Base</string>
			<key>path</key>
			<string>Base.lproj/LaunchScreen.storyboard</string>
			<key>sourceTree</key>
			<string>&lt;group&gt;</string>
		</dict>
		<key>8BCD713A1D424FF500ECFD88</key>
		<dict>
			<key>fileRef</key>
			<string>8BCD71381D424FF500ECFD88</string>
			<key>isa</key>
			<string>PBXBuildFile</string>
		</dict>
		<key>8BCD713B1D424FF500ECFD88</key>
		<dict>
			<key>isa</key>
			<string>PBXFileReference</string>
			<key>lastKnownFileType</key>
			<string>text.plist.xml</string>
			<key>path</key>
			<string>Info.plist</string>
			<key>sourceTree</key>
			<string>&lt;group&gt;</string>
		</dict>
		<key>8BCD713C1D424FF500ECFD88</key>
		<dict>
			<key>buildActionMask</key>
			<string>2147483647</string>
			<key>files</key>
			<array>
				<string>8BCD71451D424FF500ECFD88</string>
			</array>
			<key>isa</key>
			<string>PBXSourcesBuildPhase</string>
			<key>runOnlyForDeploymentPostprocessing</key>
			<string>0</string>
		</dict>
		<key>8BCD713D1D424FF500ECFD88</key>
		<dict>
			<key>buildActionMask</key>
			<string>2147483647</string>
			<key>files</key>
			<array/>
			<key>isa</key>
			<string>PBXFrameworksBuildPhase</string>
			<key>runOnlyForDeploymentPostprocessing</key>
			<string>0</string>
		</dict>
		<key>8BCD713E1D424FF500ECFD88</key>
		<dict>
			<key>buildActionMask</key>
			<string>2147483647</string>
			<key>files</key>
			<array/>
			<key>isa</key>
			<string>PBXResourcesBuildPhase</string>
			<key>runOnlyForDeploymentPostprocessing</key>
			<string>0</string>
		</dict>
		<key>8BCD713F1D424FF500ECFD88</key>
		<dict>
			<key>buildConfigurationList</key>
			<string>8BCD71571D424FF500ECFD88</string>
			<key>buildPhases</key>
			<array>
				<string>8BCD713C1D424FF500ECFD88</string>
				<string>8BCD713D1D424FF500ECFD88</string>
				<string>8BCD713E1D424FF500ECFD88</string>
			</array>
			<key>buildRules</key>
			<array/>
			<key>dependencies</key>
			<array>
				<string>8BCD71421D424FF500ECFD88</string>
			</array>
			<key>isa</key>
			<string>PBXNativeTarget</string>
			<key>name</key>
			<string>vstreamingTests</string>
			<key>productName</key>
			<string>vstreamingTests</string>
			<key>productReference</key>
			<string>8BCD71401D424FF500ECFD88</string>
			<key>productType</key>
			<string>com.apple.product-type.bundle.unit-test</string>
		</dict>
		<key>8BCD71401D424FF500ECFD88</key>
		<dict>
			<key>explicitFileType</key>
			<string>wrapper.cfbundle</string>
			<key>includeInIndex</key>
			<string>0</string>
			<key>isa</key>
			<string>PBXFileReference</string>
			<key>path</key>
			<string>vstreamingTests.xctest</string>
			<key>sourceTree</key>
			<string>BUILT_PRODUCTS_DIR</string>
		</dict>
		<key>8BCD71411D424FF500ECFD88</key>
		<dict>
			<key>containerPortal</key>
			<string>8BCD711C1D424FF500ECFD88</string>
			<key>isa</key>
			<string>PBXContainerItemProxy</string>
			<key>proxyType</key>
			<string>1</string>
			<key>remoteGlobalIDString</key>
			<string>8BCD71231D424FF500ECFD88</string>
			<key>remoteInfo</key>
			<string>vstreaming</string>
		</dict>
		<key>8BCD71421D424FF500ECFD88</key>
		<dict>
			<key>isa</key>
			<string>PBXTargetDependency</string>
			<key>target</key>
			<string>8BCD71231D424FF500ECFD88</string>
			<key>targetProxy</key>
			<string>8BCD71411D424FF500ECFD88</string>
		</dict>
		<key>8BCD71431D424FF500ECFD88</key>
		<dict>
			<key>children</key>
			<array>
				<string>8BCD71441D424FF500ECFD88</string>
				<string>8BCD71461D424FF500ECFD88</string>
			</array>
			<key>isa</key>
			<string>PBXGroup</string>
			<key>path</key>
			<string>vstreamingTests</string>
			<key>sourceTree</key>
			<string>&lt;group&gt;</string>
		</dict>
		<key>8BCD71441D424FF500ECFD88</key>
		<dict>
			<key>isa</key>
			<string>PBXFileReference</string>
			<key>lastKnownFileType</key>
			<string>sourcecode.c.objc</string>
			<key>path</key>
			<string>vstreamingTests.m</string>
			<key>sourceTree</key>
			<string>&lt;group&gt;</string>
		</dict>
		<key>8BCD71451D424FF500ECFD88</key>
		<dict>
			<key>fileRef</key>
			<string>8BCD71441D424FF500ECFD88</string>
			<key>isa</key>
			<string>PBXBuildFile</string>
		</dict>
		<key>8BCD71461D424FF500ECFD88</key>
		<dict>
			<key>isa</key>
			<string>PBXFileReference</string>
			<key>lastKnownFileType</key>
			<string>text.plist.xml</string>
			<key>path</key>
			<string>Info.plist</string>
			<key>sourceTree</key>
			<string>&lt;group&gt;</string>
		</dict>
		<key>8BCD71471D424FF500ECFD88</key>
		<dict>
			<key>buildActionMask</key>
			<string>2147483647</string>
			<key>files</key>
			<array>
				<string>8BCD71501D424FF500ECFD88</string>
			</array>
			<key>isa</key>
			<string>PBXSourcesBuildPhase</string>
			<key>runOnlyForDeploymentPostprocessing</key>
			<string>0</string>
		</dict>
		<key>8BCD71481D424FF500ECFD88</key>
		<dict>
			<key>buildActionMask</key>
			<string>2147483647</string>
			<key>files</key>
			<array/>
			<key>isa</key>
			<string>PBXFrameworksBuildPhase</string>
			<key>runOnlyForDeploymentPostprocessing</key>
			<string>0</string>
		</dict>
		<key>8BCD71491D424FF500ECFD88</key>
		<dict>
			<key>buildActionMask</key>
			<string>2147483647</string>
			<key>files</key>
			<array/>
			<key>isa</key>
			<string>PBXResourcesBuildPhase</string>
			<key>runOnlyForDeploymentPostprocessing</key>
			<string>0</string>
		</dict>
		<key>8BCD714A1D424FF500ECFD88</key>
		<dict>
			<key>buildConfigurationList</key>
			<string>8BCD715A1D424FF500ECFD88</string>
			<key>buildPhases</key>
			<array>
				<string>8BCD71471D424FF500ECFD88</string>
				<string>8BCD71481D424FF500ECFD88</string>
				<string>8BCD71491D424FF500ECFD88</string>
			</array>
			<key>buildRules</key>
			<array/>
			<key>dependencies</key>
			<array>
				<string>8BCD714D1D424FF500ECFD88</string>
			</array>
			<key>isa</key>
			<string>PBXNativeTarget</string>
			<key>name</key>
			<string>vstreamingUITests</string>
			<key>productName</key>
			<string>vstreamingUITests</string>
			<key>productReference</key>
			<string>8BCD714B1D424FF500ECFD88</string>
			<key>productType</key>
			<string>com.apple.product-type.bundle.ui-testing</string>
		</dict>
		<key>8BCD714B1D424FF500ECFD88</key>
		<dict>
			<key>explicitFileType</key>
			<string>wrapper.cfbundle</string>
			<key>includeInIndex</key>
			<string>0</string>
			<key>isa</key>
			<string>PBXFileReference</string>
			<key>path</key>
			<string>vstreamingUITests.xctest</string>
			<key>sourceTree</key>
			<string>BUILT_PRODUCTS_DIR</string>
		</dict>
		<key>8BCD714C1D424FF500ECFD88</key>
		<dict>
			<key>containerPortal</key>
			<string>8BCD711C1D424FF500ECFD88</string>
			<key>isa</key>
			<string>PBXContainerItemProxy</string>
			<key>proxyType</key>
			<string>1</string>
			<key>remoteGlobalIDString</key>
			<string>8BCD71231D424FF500ECFD88</string>
			<key>remoteInfo</key>
			<string>vstreaming</string>
		</dict>
		<key>8BCD714D1D424FF500ECFD88</key>
		<dict>
			<key>isa</key>
			<string>PBXTargetDependency</string>
			<key>target</key>
			<string>8BCD71231D424FF500ECFD88</string>
			<key>targetProxy</key>
			<string>8BCD714C1D424FF500ECFD88</string>
		</dict>
		<key>8BCD714E1D424FF500ECFD88</key>
		<dict>
			<key>children</key>
			<array>
				<string>8BCD714F1D424FF500ECFD88</string>
				<string>8BCD71511D424FF500ECFD88</string>
			</array>
			<key>isa</key>
			<string>PBXGroup</string>
			<key>path</key>
			<string>vstreamingUITests</string>
			<key>sourceTree</key>
			<string>&lt;group&gt;</string>
		</dict>
		<key>8BCD714F1D424FF500ECFD88</key>
		<dict>
			<key>isa</key>
			<string>PBXFileReference</string>
			<key>lastKnownFileType</key>
			<string>sourcecode.c.objc</string>
			<key>path</key>
			<string>vstreamingUITests.m</string>
			<key>sourceTree</key>
			<string>&lt;group&gt;</string>
		</dict>
		<key>8BCD71501D424FF500ECFD88</key>
		<dict>
			<key>fileRef</key>
			<string>8BCD714F1D424FF500ECFD88</string>
			<key>isa</key>
			<string>PBXBuildFile</string>
		</dict>
		<key>8BCD71511D424FF500ECFD88</key>
		<dict>
			<key>isa</key>
			<string>PBXFileReference</string>
			<key>lastKnownFileType</key>
			<string>text.plist.xml</string>
			<key>path</key>
			<string>Info.plist</string>
			<key>sourceTree</key>
			<string>&lt;group&gt;</string>
		</dict>
		<key>8BCD71521D424FF500ECFD88</key>
		<dict>
			<key>buildSettings</key>
			<dict>
				<key>ALWAYS_SEARCH_USER_PATHS</key>
				<string>NO</string>
				<key>CLANG_ANALYZER_NONNULL</key>
				<string>YES</string>
				<key>CLANG_CXX_LANGUAGE_STANDARD</key>
				<string>gnu++0x</string>
				<key>CLANG_CXX_LIBRARY</key>
				<string>libc++</string>
				<key>CLANG_ENABLE_MODULES</key>
				<string>YES</string>
				<key>CLANG_ENABLE_OBJC_ARC</key>
				<string>YES</string>
				<key>CLANG_WARN_BOOL_CONVERSION</key>
				<string>YES</string>
				<key>CLANG_WARN_CONSTANT_CONVERSION</key>
				<string>YES</string>
				<key>CLANG_WARN_DIRECT_OBJC_ISA_USAGE</key>
				<string>YES_ERROR</string>
				<key>CLANG_WARN_EMPTY_BODY</key>
				<string>YES</string>
				<key>CLANG_WARN_ENUM_CONVERSION</key>
				<string>YES</string>
				<key>CLANG_WARN_INT_CONVERSION</key>
				<string>YES</string>
				<key>CLANG_WARN_OBJC_ROOT_CLASS</key>
				<string>YES_ERROR</string>
				<key>CLANG_WARN_UNREACHABLE_CODE</key>
				<string>YES</string>
				<key>CLANG_WARN__DUPLICATE_METHOD_MATCH</key>
				<string>YES</string>
				<key>CODE_SIGN_IDENTITY</key>
				<string>iPhone Distribution: Hangzhou Junru Technology Co. ,Ltd. (72739DGUJR)</string>
				<key>CODE_SIGN_IDENTITY[sdk=iphoneos*]</key>
				<string>iPhone Distribution: Hangzhou Junru Technology Co. ,Ltd. (72739DGUJR)</string>
				<key>COPY_PHASE_STRIP</key>
				<string>NO</string>
				<key>DEBUG_INFORMATION_FORMAT</key>
				<string>dwarf</string>
				<key>ENABLE_STRICT_OBJC_MSGSEND</key>
				<string>YES</string>
				<key>ENABLE_TESTABILITY</key>
				<string>YES</string>
				<key>GCC_C_LANGUAGE_STANDARD</key>
				<string>gnu99</string>
				<key>GCC_DYNAMIC_NO_PIC</key>
				<string>NO</string>
				<key>GCC_NO_COMMON_BLOCKS</key>
				<string>YES</string>
				<key>GCC_OPTIMIZATION_LEVEL</key>
				<string>0</string>
				<key>GCC_PREPROCESSOR_DEFINITIONS</key>
				<array>
					<string>DEBUG=1</string>
					<string>$(inherited)</string>
				</array>
				<key>GCC_WARN_64_TO_32_BIT_CONVERSION</key>
				<string>YES</string>
				<key>GCC_WARN_ABOUT_RETURN_TYPE</key>
				<string>YES_ERROR</string>
				<key>GCC_WARN_UNDECLARED_SELECTOR</key>
				<string>YES</string>
				<key>GCC_WARN_UNINITIALIZED_AUTOS</key>
				<string>YES_AGGRESSIVE</string>
				<key>GCC_WARN_UNUSED_FUNCTION</key>
				<string>YES</string>
				<key>GCC_WARN_UNUSED_VARIABLE</key>
				<string>YES</string>
				<key>IPHONEOS_DEPLOYMENT_TARGET</key>
				<string>9.3</string>
				<key>MTL_ENABLE_DEBUG_INFO</key>
				<string>YES</string>
				<key>ONLY_ACTIVE_ARCH</key>
				<string>YES</string>
				<key>PROVISIONING_PROFILE</key>
				<string>b14eb740-5575-4018-abf9-9c35eb301448</string>
				<key>SDKROOT</key>
				<string>iphoneos</string>
				<key>TARGETED_DEVICE_FAMILY</key>
				<string>1,2</string>
			</dict>
			<key>isa</key>
			<string>XCBuildConfiguration</string>
			<key>name</key>
			<string>Debug</string>
		</dict>
		<key>8BCD71531D424FF500ECFD88</key>
		<dict>
			<key>buildSettings</key>
			<dict>
				<key>ALWAYS_SEARCH_USER_PATHS</key>
				<string>NO</string>
				<key>CLANG_ANALYZER_NONNULL</key>
				<string>YES</string>
				<key>CLANG_CXX_LANGUAGE_STANDARD</key>
				<string>gnu++0x</string>
				<key>CLANG_CXX_LIBRARY</key>
				<string>libc++</string>
				<key>CLANG_ENABLE_MODULES</key>
				<string>YES</string>
				<key>CLANG_ENABLE_OBJC_ARC</key>
				<string>YES</string>
				<key>CLANG_WARN_BOOL_CONVERSION</key>
				<string>YES</string>
				<key>CLANG_WARN_CONSTANT_CONVERSION</key>
				<string>YES</string>
				<key>CLANG_WARN_DIRECT_OBJC_ISA_USAGE</key>
				<string>YES_ERROR</string>
				<key>CLANG_WARN_EMPTY_BODY</key>
				<string>YES</string>
				<key>CLANG_WARN_ENUM_CONVERSION</key>
				<string>YES</string>
				<key>CLANG_WARN_INT_CONVERSION</key>
				<string>YES</string>
				<key>CLANG_WARN_OBJC_ROOT_CLASS</key>
				<string>YES_ERROR</string>
				<key>CLANG_WARN_UNREACHABLE_CODE</key>
				<string>YES</string>
				<key>CLANG_WARN__DUPLICATE_METHOD_MATCH</key>
				<string>YES</string>
				<key>CODE_SIGN_IDENTITY</key>
				<string>iPhone Distribution: Hangzhou Junru Technology Co. ,Ltd. (72739DGUJR)</string>
				<key>CODE_SIGN_IDENTITY[sdk=iphoneos*]</key>
				<string>iPhone Distribution: Hangzhou Junru Technology Co. ,Ltd. (72739DGUJR)</string>
				<key>COPY_PHASE_STRIP</key>
				<string>NO</string>
				<key>DEBUG_INFORMATION_FORMAT</key>
				<string>dwarf-with-dsym</string>
				<key>ENABLE_NS_ASSERTIONS</key>
				<string>NO</string>
				<key>ENABLE_STRICT_OBJC_MSGSEND</key>
				<string>YES</string>
				<key>GCC_C_LANGUAGE_STANDARD</key>
				<string>gnu99</string>
				<key>GCC_NO_COMMON_BLOCKS</key>
				<string>YES</string>
				<key>GCC_WARN_64_TO_32_BIT_CONVERSION</key>
				<string>YES</string>
				<key>GCC_WARN_ABOUT_RETURN_TYPE</key>
				<string>YES_ERROR</string>
				<key>GCC_WARN_UNDECLARED_SELECTOR</key>
				<string>YES</string>
				<key>GCC_WARN_UNINITIALIZED_AUTOS</key>
				<string>YES_AGGRESSIVE</string>
				<key>GCC_WARN_UNUSED_FUNCTION</key>
				<string>YES</string>
				<key>GCC_WARN_UNUSED_VARIABLE</key>
				<string>YES</string>
				<key>IPHONEOS_DEPLOYMENT_TARGET</key>
				<string>9.3</string>
				<key>MTL_ENABLE_DEBUG_INFO</key>
				<string>NO</string>
				<key>PROVISIONING_PROFILE</key>
				<string>b14eb740-5575-4018-abf9-9c35eb301448</string>
				<key>SDKROOT</key>
				<string>iphoneos</string>
				<key>TARGETED_DEVICE_FAMILY</key>
				<string>1,2</string>
				<key>VALIDATE_PRODUCT</key>
				<string>YES</string>
			</dict>
			<key>isa</key>
			<string>XCBuildConfiguration</string>
			<key>name</key>
			<string>Release</string>
		</dict>
		<key>8BCD71541D424FF500ECFD88</key>
		<dict>
			<key>buildConfigurations</key>
			<array>
				<string>8BCD71551D424FF500ECFD88</string>
				<string>8BCD71561D424FF500ECFD88</string>
			</array>
			<key>defaultConfigurationIsVisible</key>
			<string>0</string>
			<key>defaultConfigurationName</key>
			<string>Release</string>
			<key>isa</key>
			<string>XCConfigurationList</string>
		</dict>
		<key>8BCD71551D424FF500ECFD88</key>
		<dict>
			<key>baseConfigurationReference</key>
			<string>DB442F969F6FBAED00AC1C78</string>
			<key>buildSettings</key>
			<dict>
				<key>ASSETCATALOG_COMPILER_APPICON_NAME</key>
				<string>AppIcon</string>
				<key>INFOPLIST_FILE</key>
				<string>vstreaming/Info.plist</string>
				<key>IPHONEOS_DEPLOYMENT_TARGET</key>
				<string>9.3</string>
				<key>LD_RUNPATH_SEARCH_PATHS</key>
				<string>$(inherited) @executable_path/Frameworks</string>
				<key>PRODUCT_BUNDLE_IDENTIFIER</key>
				<string>com.itgroup.vstreaming</string>
				<key>PRODUCT_NAME</key>
				<string>$(TARGET_NAME)</string>
			</dict>
			<key>isa</key>
			<string>XCBuildConfiguration</string>
			<key>name</key>
			<string>Debug</string>
		</dict>
		<key>8BCD71561D424FF500ECFD88</key>
		<dict>
			<key>baseConfigurationReference</key>
			<string>202B111E9450A87084EB7138</string>
			<key>buildSettings</key>
			<dict>
				<key>ASSETCATALOG_COMPILER_APPICON_NAME</key>
				<string>AppIcon</string>
				<key>INFOPLIST_FILE</key>
				<string>vstreaming/Info.plist</string>
				<key>IPHONEOS_DEPLOYMENT_TARGET</key>
				<string>9.3</string>
				<key>LD_RUNPATH_SEARCH_PATHS</key>
				<string>$(inherited) @executable_path/Frameworks</string>
				<key>PRODUCT_BUNDLE_IDENTIFIER</key>
				<string>com.itgroup.vstreaming</string>
				<key>PRODUCT_NAME</key>
				<string>$(TARGET_NAME)</string>
			</dict>
			<key>isa</key>
			<string>XCBuildConfiguration</string>
			<key>name</key>
			<string>Release</string>
		</dict>
		<key>8BCD71571D424FF500ECFD88</key>
		<dict>
			<key>buildConfigurations</key>
			<array>
				<string>8BCD71581D424FF500ECFD88</string>
				<string>8BCD71591D424FF500ECFD88</string>
			</array>
			<key>defaultConfigurationIsVisible</key>
			<string>0</string>
			<key>defaultConfigurationName</key>
			<string>Release</string>
			<key>isa</key>
			<string>XCConfigurationList</string>
		</dict>
		<key>8BCD71581D424FF500ECFD88</key>
		<dict>
			<key>buildSettings</key>
			<dict>
				<key>BUNDLE_LOADER</key>
				<string>$(TEST_HOST)</string>
				<key>INFOPLIST_FILE</key>
				<string>vstreamingTests/Info.plist</string>
				<key>LD_RUNPATH_SEARCH_PATHS</key>
				<string>$(inherited) @executable_path/Frameworks @loader_path/Frameworks</string>
				<key>PRODUCT_BUNDLE_IDENTIFIER</key>
				<string>com.itgroup.vstreamingTests</string>
				<key>PRODUCT_NAME</key>
				<string>$(TARGET_NAME)</string>
				<key>TEST_HOST</key>
				<string>$(BUILT_PRODUCTS_DIR)/vstreaming.app/vstreaming</string>
			</dict>
			<key>isa</key>
			<string>XCBuildConfiguration</string>
			<key>name</key>
			<string>Debug</string>
		</dict>
		<key>8BCD71591D424FF500ECFD88</key>
		<dict>
			<key>buildSettings</key>
			<dict>
				<key>BUNDLE_LOADER</key>
				<string>$(TEST_HOST)</string>
				<key>INFOPLIST_FILE</key>
				<string>vstreamingTests/Info.plist</string>
				<key>LD_RUNPATH_SEARCH_PATHS</key>
				<string>$(inherited) @executable_path/Frameworks @loader_path/Frameworks</string>
				<key>PRODUCT_BUNDLE_IDENTIFIER</key>
				<string>com.itgroup.vstreamingTests</string>
				<key>PRODUCT_NAME</key>
				<string>$(TARGET_NAME)</string>
				<key>TEST_HOST</key>
				<string>$(BUILT_PRODUCTS_DIR)/vstreaming.app/vstreaming</string>
			</dict>
			<key>isa</key>
			<string>XCBuildConfiguration</string>
			<key>name</key>
			<string>Release</string>
		</dict>
		<key>8BCD715A1D424FF500ECFD88</key>
		<dict>
			<key>buildConfigurations</key>
			<array>
				<string>8BCD715B1D424FF500ECFD88</string>
				<string>8BCD715C1D424FF500ECFD88</string>
			</array>
			<key>defaultConfigurationIsVisible</key>
			<string>0</string>
			<key>defaultConfigurationName</key>
			<string>Release</string>
			<key>isa</key>
			<string>XCConfigurationList</string>
		</dict>
		<key>8BCD715B1D424FF500ECFD88</key>
		<dict>
			<key>buildSettings</key>
			<dict>
				<key>INFOPLIST_FILE</key>
				<string>vstreamingUITests/Info.plist</string>
				<key>LD_RUNPATH_SEARCH_PATHS</key>
				<string>$(inherited) @executable_path/Frameworks @loader_path/Frameworks</string>
				<key>PRODUCT_BUNDLE_IDENTIFIER</key>
				<string>com.itgroup.vstreamingUITests</string>
				<key>PRODUCT_NAME</key>
				<string>$(TARGET_NAME)</string>
				<key>PROVISIONING_PROFILE</key>
				<string>b14eb740-5575-4018-abf9-9c35eb301448</string>
				<key>TEST_TARGET_NAME</key>
				<string>vstreaming</string>
			</dict>
			<key>isa</key>
			<string>XCBuildConfiguration</string>
			<key>name</key>
			<string>Debug</string>
		</dict>
		<key>8BCD715C1D424FF500ECFD88</key>
		<dict>
			<key>buildSettings</key>
			<dict>
				<key>INFOPLIST_FILE</key>
				<string>vstreamingUITests/Info.plist</string>
				<key>LD_RUNPATH_SEARCH_PATHS</key>
				<string>$(inherited) @executable_path/Frameworks @loader_path/Frameworks</string>
				<key>PRODUCT_BUNDLE_IDENTIFIER</key>
				<string>com.itgroup.vstreamingUITests</string>
				<key>PRODUCT_NAME</key>
				<string>$(TARGET_NAME)</string>
				<key>PROVISIONING_PROFILE</key>
				<string>b14eb740-5575-4018-abf9-9c35eb301448</string>
				<key>TEST_TARGET_NAME</key>
				<string>vstreaming</string>
			</dict>
			<key>isa</key>
			<string>XCBuildConfiguration</string>
			<key>name</key>
			<string>Release</string>
		</dict>
		<key>8BCD715D1D42553200ECFD88</key>
		<dict>
			<key>children</key>
			<array>
				<string>8BCD715E1D42555700ECFD88</string>
				<string>8BCD715F1D42555700ECFD88</string>
			</array>
			<key>isa</key>
			<string>PBXGroup</string>
			<key>path</key>
			<string>AppDelegate</string>
			<key>sourceTree</key>
			<string>&lt;group&gt;</string>
		</dict>
		<key>8BCD715E1D42555700ECFD88</key>
		<dict>
			<key>fileEncoding</key>
			<string>4</string>
			<key>isa</key>
			<string>PBXFileReference</string>
			<key>lastKnownFileType</key>
			<string>sourcecode.c.h</string>
			<key>path</key>
			<string>AppDelegate.h</string>
			<key>sourceTree</key>
			<string>&lt;group&gt;</string>
		</dict>
		<key>8BCD715F1D42555700ECFD88</key>
		<dict>
			<key>fileEncoding</key>
			<string>4</string>
			<key>isa</key>
			<string>PBXFileReference</string>
			<key>lastKnownFileType</key>
			<string>sourcecode.c.objc</string>
			<key>path</key>
			<string>AppDelegate.m</string>
			<key>sourceTree</key>
			<string>&lt;group&gt;</string>
		</dict>
		<key>8BCD71621D42555700ECFD88</key>
		<dict>
			<key>fileRef</key>
			<string>8BCD715F1D42555700ECFD88</string>
			<key>isa</key>
			<string>PBXBuildFile</string>
		</dict>
		<key>8BCD71641D425A9A00ECFD88</key>
		<dict>
			<key>children</key>
			<array>
				<string>8BCD717C1D448F0100ECFD88</string>
				<string>8BCD71651D425A9A00ECFD88</string>
				<string>8BCD71661D425A9A00ECFD88</string>
				<string>8BCD71681D434EE900ECFD88</string>
				<string>8BCD71691D434EE900ECFD88</string>
				<string>8BCD716B1D434FD800ECFD88</string>
				<string>8BCD716C1D434FD800ECFD88</string>
			</array>
			<key>isa</key>
			<string>PBXGroup</string>
			<key>path</key>
			<string>ViewController</string>
			<key>sourceTree</key>
			<string>&lt;group&gt;</string>
		</dict>
		<key>8BCD71651D425A9A00ECFD88</key>
		<dict>
			<key>fileEncoding</key>
			<string>4</string>
			<key>isa</key>
			<string>PBXFileReference</string>
			<key>lastKnownFileType</key>
			<string>sourcecode.c.h</string>
			<key>path</key>
			<string>SignUpViewController.h</string>
			<key>sourceTree</key>
			<string>&lt;group&gt;</string>
		</dict>
		<key>8BCD71661D425A9A00ECFD88</key>
		<dict>
			<key>fileEncoding</key>
			<string>4</string>
			<key>isa</key>
			<string>PBXFileReference</string>
			<key>lastKnownFileType</key>
			<string>sourcecode.c.objc</string>
			<key>path</key>
			<string>SignUpViewController.m</string>
			<key>sourceTree</key>
			<string>&lt;group&gt;</string>
		</dict>
		<key>8BCD71671D425A9A00ECFD88</key>
		<dict>
			<key>fileRef</key>
			<string>8BCD71661D425A9A00ECFD88</string>
			<key>isa</key>
			<string>PBXBuildFile</string>
		</dict>
		<key>8BCD71681D434EE900ECFD88</key>
		<dict>
			<key>fileEncoding</key>
			<string>4</string>
			<key>isa</key>
			<string>PBXFileReference</string>
			<key>lastKnownFileType</key>
			<string>sourcecode.c.h</string>
			<key>path</key>
			<string>LoginViewController.h</string>
			<key>sourceTree</key>
			<string>&lt;group&gt;</string>
		</dict>
		<key>8BCD71691D434EE900ECFD88</key>
		<dict>
			<key>fileEncoding</key>
			<string>4</string>
			<key>isa</key>
			<string>PBXFileReference</string>
			<key>lastKnownFileType</key>
			<string>sourcecode.c.objc</string>
			<key>path</key>
			<string>LoginViewController.m</string>
			<key>sourceTree</key>
			<string>&lt;group&gt;</string>
		</dict>
		<key>8BCD716A1D434EE900ECFD88</key>
		<dict>
			<key>fileRef</key>
			<string>8BCD71691D434EE900ECFD88</string>
			<key>isa</key>
			<string>PBXBuildFile</string>
		</dict>
		<key>8BCD716B1D434FD800ECFD88</key>
		<dict>
			<key>fileEncoding</key>
			<string>4</string>
			<key>isa</key>
			<string>PBXFileReference</string>
			<key>lastKnownFileType</key>
			<string>sourcecode.c.h</string>
			<key>path</key>
			<string>CountrySelectViewController.h</string>
			<key>sourceTree</key>
			<string>&lt;group&gt;</string>
		</dict>
		<key>8BCD716C1D434FD800ECFD88</key>
		<dict>
			<key>fileEncoding</key>
			<string>4</string>
			<key>isa</key>
			<string>PBXFileReference</string>
			<key>lastKnownFileType</key>
			<string>sourcecode.c.objc</string>
			<key>path</key>
			<string>CountrySelectViewController.m</string>
			<key>sourceTree</key>
			<string>&lt;group&gt;</string>
		</dict>
		<key>8BCD716D1D434FD800ECFD88</key>
		<dict>
			<key>fileRef</key>
			<string>8BCD716C1D434FD800ECFD88</string>
			<key>isa</key>
			<string>PBXBuildFile</string>
		</dict>
		<key>8BCD716E1D43932A00ECFD88</key>
		<dict>
			<key>isa</key>
			<string>PBXFileReference</string>
			<key>lastKnownFileType</key>
			<string>wrapper.framework</string>
			<key>name</key>
			<string>UIKit.framework</string>
			<key>path</key>
			<string>System/Library/Frameworks/UIKit.framework</string>
			<key>sourceTree</key>
			<string>SDKROOT</string>
		</dict>
		<key>8BCD716F1D43932A00ECFD88</key>
		<dict>
			<key>fileRef</key>
			<string>8BCD716E1D43932A00ECFD88</string>
			<key>isa</key>
			<string>PBXBuildFile</string>
		</dict>
		<key>8BCD71701D43933D00ECFD88</key>
		<dict>
			<key>isa</key>
			<string>PBXFileReference</string>
			<key>lastKnownFileType</key>
			<string>wrapper.framework</string>
			<key>name</key>
			<string>CoreGraphics.framework</string>
			<key>path</key>
			<string>System/Library/Frameworks/CoreGraphics.framework</string>
			<key>sourceTree</key>
			<string>SDKROOT</string>
		</dict>
		<key>8BCD71711D43933D00ECFD88</key>
		<dict>
			<key>fileRef</key>
			<string>8BCD71701D43933D00ECFD88</string>
			<key>isa</key>
			<string>PBXBuildFile</string>
		</dict>
		<key>8BCD71721D43934300ECFD88</key>
		<dict>
			<key>isa</key>
			<string>PBXFileReference</string>
			<key>lastKnownFileType</key>
			<string>wrapper.framework</string>
			<key>name</key>
			<string>Foundation.framework</string>
			<key>path</key>
			<string>System/Library/Frameworks/Foundation.framework</string>
			<key>sourceTree</key>
			<string>SDKROOT</string>
		</dict>
		<key>8BCD71731D43934300ECFD88</key>
		<dict>
			<key>fileRef</key>
			<string>8BCD71721D43934300ECFD88</string>
			<key>isa</key>
			<string>PBXBuildFile</string>
		</dict>
		<key>8BCD71741D43F24F00ECFD88</key>
		<dict>
			<key>children</key>
			<array>
				<string>8B3793C31D4B8292008883EE</string>
			</array>
			<key>isa</key>
			<string>PBXGroup</string>
			<key>path</key>
			<string>Subclasses</string>
			<key>sourceTree</key>
			<string>&lt;group&gt;</string>
		</dict>
		<key>8BCD717C1D448F0100ECFD88</key>
		<dict>
			<key>children</key>
			<array>
				<string>8BCD71AF1D45CAA000ECFD88</string>
				<string>8BCD71AE1D45CA9A00ECFD88</string>
				<string>8BCD71951D44F32500ECFD88</string>
				<string>8BCD71891D44AC0C00ECFD88</string>
				<string>8BCD717E1D448F0800ECFD88</string>
				<string>8BCD71921D44BD1100ECFD88</string>
				<string>8BCD71931D44BD1100ECFD88</string>
			</array>
			<key>isa</key>
			<string>PBXGroup</string>
			<key>path</key>
			<string>MainScreenViewController</string>
			<key>sourceTree</key>
			<string>&lt;group&gt;</string>
		</dict>
		<key>8BCD717E1D448F0800ECFD88</key>
		<dict>
			<key>children</key>
			<array>
				<string>8B503A8F1D4B4F3E008848CE</string>
				<string>8BC16A581D47B308007052E0</string>
				<string>8BCD719F1D45348700ECFD88</string>
				<string>8BCD717F1D448F3200ECFD88</string>
				<string>8BCD71801D448F3200ECFD88</string>
				<string>8BCD71851D448F9300ECFD88</string>
				<string>8BCD71861D448F9300ECFD88</string>
			</array>
			<key>isa</key>
			<string>PBXGroup</string>
			<key>path</key>
			<string>HomeScreenViewController</string>
			<key>sourceTree</key>
			<string>&lt;group&gt;</string>
		</dict>
		<key>8BCD717F1D448F3200ECFD88</key>
		<dict>
			<key>fileEncoding</key>
			<string>4</string>
			<key>isa</key>
			<string>PBXFileReference</string>
			<key>lastKnownFileType</key>
			<string>sourcecode.c.h</string>
			<key>path</key>
			<string>HomeTableViewCell.h</string>
			<key>sourceTree</key>
			<string>&lt;group&gt;</string>
		</dict>
		<key>8BCD71801D448F3200ECFD88</key>
		<dict>
			<key>fileEncoding</key>
			<string>4</string>
			<key>isa</key>
			<string>PBXFileReference</string>
			<key>lastKnownFileType</key>
			<string>sourcecode.c.objc</string>
			<key>path</key>
			<string>HomeTableViewCell.m</string>
			<key>sourceTree</key>
			<string>&lt;group&gt;</string>
		</dict>
		<key>8BCD71811D448F3200ECFD88</key>
		<dict>
			<key>fileRef</key>
			<string>8BCD71801D448F3200ECFD88</string>
			<key>isa</key>
			<string>PBXBuildFile</string>
		</dict>
		<key>8BCD71851D448F9300ECFD88</key>
		<dict>
			<key>fileEncoding</key>
			<string>4</string>
			<key>isa</key>
			<string>PBXFileReference</string>
			<key>lastKnownFileType</key>
			<string>sourcecode.c.h</string>
			<key>path</key>
			<string>HomeViewController.h</string>
			<key>sourceTree</key>
			<string>&lt;group&gt;</string>
		</dict>
		<key>8BCD71861D448F9300ECFD88</key>
		<dict>
			<key>fileEncoding</key>
			<string>4</string>
			<key>isa</key>
			<string>PBXFileReference</string>
			<key>lastKnownFileType</key>
			<string>sourcecode.c.objc</string>
			<key>path</key>
			<string>HomeViewController.m</string>
			<key>sourceTree</key>
			<string>&lt;group&gt;</string>
		</dict>
		<key>8BCD71871D448F9300ECFD88</key>
		<dict>
			<key>fileRef</key>
			<string>8BCD71861D448F9300ECFD88</string>
			<key>isa</key>
			<string>PBXBuildFile</string>
		</dict>
		<key>8BCD71891D44AC0C00ECFD88</key>
		<dict>
			<key>children</key>
			<array>
				<string>8BCD71BF1D45F97D00ECFD88</string>
				<string>8BCD718A1D44AC2500ECFD88</string>
				<string>8BCD718B1D44AC2500ECFD88</string>
				<string>8BCD718D1D44AE3D00ECFD88</string>
				<string>8BCD718E1D44AE3D00ECFD88</string>
				<string>8BCD71B91D45DF9B00ECFD88</string>
				<string>8BCD71BA1D45DF9B00ECFD88</string>
			</array>
			<key>isa</key>
			<string>PBXGroup</string>
			<key>path</key>
			<string>GridScreenViewController</string>
			<key>sourceTree</key>
			<string>&lt;group&gt;</string>
		</dict>
		<key>8BCD718A1D44AC2500ECFD88</key>
		<dict>
			<key>fileEncoding</key>
			<string>4</string>
			<key>isa</key>
			<string>PBXFileReference</string>
			<key>lastKnownFileType</key>
			<string>sourcecode.c.h</string>
			<key>path</key>
			<string>GridScreenViewController.h</string>
			<key>sourceTree</key>
			<string>&lt;group&gt;</string>
		</dict>
		<key>8BCD718B1D44AC2500ECFD88</key>
		<dict>
			<key>fileEncoding</key>
			<string>4</string>
			<key>isa</key>
			<string>PBXFileReference</string>
			<key>lastKnownFileType</key>
			<string>sourcecode.c.objc</string>
			<key>path</key>
			<string>GridScreenViewController.m</string>
			<key>sourceTree</key>
			<string>&lt;group&gt;</string>
		</dict>
		<key>8BCD718C1D44AC2500ECFD88</key>
		<dict>
			<key>fileRef</key>
			<string>8BCD718B1D44AC2500ECFD88</string>
			<key>isa</key>
			<string>PBXBuildFile</string>
		</dict>
		<key>8BCD718D1D44AE3D00ECFD88</key>
		<dict>
			<key>fileEncoding</key>
			<string>4</string>
			<key>isa</key>
			<string>PBXFileReference</string>
			<key>lastKnownFileType</key>
			<string>sourcecode.c.h</string>
			<key>path</key>
			<string>CollectionViewCell.h</string>
			<key>sourceTree</key>
			<string>&lt;group&gt;</string>
		</dict>
		<key>8BCD718E1D44AE3D00ECFD88</key>
		<dict>
			<key>fileEncoding</key>
			<string>4</string>
			<key>isa</key>
			<string>PBXFileReference</string>
			<key>lastKnownFileType</key>
			<string>sourcecode.c.objc</string>
			<key>path</key>
			<string>CollectionViewCell.m</string>
			<key>sourceTree</key>
			<string>&lt;group&gt;</string>
		</dict>
		<key>8BCD718F1D44AE3D00ECFD88</key>
		<dict>
			<key>fileRef</key>
			<string>8BCD718E1D44AE3D00ECFD88</string>
			<key>isa</key>
			<string>PBXBuildFile</string>
		</dict>
		<key>8BCD71901D44B76700ECFD88</key>
		<dict>
			<key>isa</key>
			<string>PBXFileReference</string>
			<key>lastKnownFileType</key>
			<string>wrapper.framework</string>
			<key>name</key>
			<string>QuartzCore.framework</string>
			<key>path</key>
			<string>System/Library/Frameworks/QuartzCore.framework</string>
			<key>sourceTree</key>
			<string>SDKROOT</string>
		</dict>
		<key>8BCD71911D44B76700ECFD88</key>
		<dict>
			<key>fileRef</key>
			<string>8BCD71901D44B76700ECFD88</string>
			<key>isa</key>
			<string>PBXBuildFile</string>
		</dict>
		<key>8BCD71921D44BD1100ECFD88</key>
		<dict>
			<key>fileEncoding</key>
			<string>4</string>
			<key>isa</key>
			<string>PBXFileReference</string>
			<key>lastKnownFileType</key>
			<string>sourcecode.c.h</string>
			<key>path</key>
			<string>MainTabViewController.h</string>
			<key>sourceTree</key>
			<string>&lt;group&gt;</string>
		</dict>
		<key>8BCD71931D44BD1100ECFD88</key>
		<dict>
			<key>fileEncoding</key>
			<string>4</string>
			<key>isa</key>
			<string>PBXFileReference</string>
			<key>lastKnownFileType</key>
			<string>sourcecode.c.objc</string>
			<key>path</key>
			<string>MainTabViewController.m</string>
			<key>sourceTree</key>
			<string>&lt;group&gt;</string>
		</dict>
		<key>8BCD71941D44BD1100ECFD88</key>
		<dict>
			<key>fileRef</key>
			<string>8BCD71931D44BD1100ECFD88</string>
			<key>isa</key>
			<string>PBXBuildFile</string>
		</dict>
		<key>8BCD71951D44F32500ECFD88</key>
		<dict>
			<key>children</key>
			<array>
				<string>8BCD71991D44F36700ECFD88</string>
				<string>8BCD719A1D44F36700ECFD88</string>
				<string>8BCD719C1D44F48100ECFD88</string>
				<string>8BCD719D1D44F48100ECFD88</string>
				<string>8B503A8C1D4A518E008848CE</string>
				<string>8B503A8D1D4A518E008848CE</string>
			</array>
			<key>isa</key>
			<string>PBXGroup</string>
			<key>path</key>
			<string>MessageViewController</string>
			<key>sourceTree</key>
			<string>&lt;group&gt;</string>
		</dict>
		<key>8BCD71991D44F36700ECFD88</key>
		<dict>
			<key>fileEncoding</key>
			<string>4</string>
			<key>isa</key>
			<string>PBXFileReference</string>
			<key>lastKnownFileType</key>
			<string>sourcecode.c.h</string>
			<key>path</key>
			<string>MessagesViewController.h</string>
			<key>sourceTree</key>
			<string>&lt;group&gt;</string>
		</dict>
		<key>8BCD719A1D44F36700ECFD88</key>
		<dict>
			<key>fileEncoding</key>
			<string>4</string>
			<key>isa</key>
			<string>PBXFileReference</string>
			<key>lastKnownFileType</key>
			<string>sourcecode.c.objc</string>
			<key>path</key>
			<string>MessagesViewController.m</string>
			<key>sourceTree</key>
			<string>&lt;group&gt;</string>
		</dict>
		<key>8BCD719B1D44F36800ECFD88</key>
		<dict>
			<key>fileRef</key>
			<string>8BCD719A1D44F36700ECFD88</string>
			<key>isa</key>
			<string>PBXBuildFile</string>
		</dict>
		<key>8BCD719C1D44F48100ECFD88</key>
		<dict>
			<key>fileEncoding</key>
			<string>4</string>
			<key>isa</key>
			<string>PBXFileReference</string>
			<key>lastKnownFileType</key>
			<string>sourcecode.c.h</string>
			<key>path</key>
			<string>MessageTableViewCell.h</string>
			<key>sourceTree</key>
			<string>&lt;group&gt;</string>
		</dict>
		<key>8BCD719D1D44F48100ECFD88</key>
		<dict>
			<key>fileEncoding</key>
			<string>4</string>
			<key>isa</key>
			<string>PBXFileReference</string>
			<key>lastKnownFileType</key>
			<string>sourcecode.c.objc</string>
			<key>path</key>
			<string>MessageTableViewCell.m</string>
			<key>sourceTree</key>
			<string>&lt;group&gt;</string>
		</dict>
		<key>8BCD719E1D44F48100ECFD88</key>
		<dict>
			<key>fileRef</key>
			<string>8BCD719D1D44F48100ECFD88</string>
			<key>isa</key>
			<string>PBXBuildFile</string>
		</dict>
		<key>8BCD719F1D45348700ECFD88</key>
		<dict>
			<key>children</key>
			<array>
				<string>8BCD71A01D4534EA00ECFD88</string>
				<string>8BCD71A11D4534EA00ECFD88</string>
				<string>8BCD71A31D4550EC00ECFD88</string>
				<string>8BCD71A41D4550EC00ECFD88</string>
				<string>8BCD71A61D45510000ECFD88</string>
				<string>8BCD71A71D45510100ECFD88</string>
				<string>8BCD71A91D45510E00ECFD88</string>
				<string>8BCD71AA1D45510E00ECFD88</string>
			</array>
			<key>isa</key>
			<string>PBXGroup</string>
			<key>path</key>
			<string>DetailViewController</string>
			<key>sourceTree</key>
			<string>&lt;group&gt;</string>
		</dict>
		<key>8BCD71A01D4534EA00ECFD88</key>
		<dict>
			<key>fileEncoding</key>
			<string>4</string>
			<key>isa</key>
			<string>PBXFileReference</string>
			<key>lastKnownFileType</key>
			<string>sourcecode.c.h</string>
			<key>path</key>
			<string>DetailViewController.h</string>
			<key>sourceTree</key>
			<string>&lt;group&gt;</string>
		</dict>
		<key>8BCD71A11D4534EA00ECFD88</key>
		<dict>
			<key>fileEncoding</key>
			<string>4</string>
			<key>isa</key>
			<string>PBXFileReference</string>
			<key>lastKnownFileType</key>
			<string>sourcecode.c.objc</string>
			<key>path</key>
			<string>DetailViewController.m</string>
			<key>sourceTree</key>
			<string>&lt;group&gt;</string>
		</dict>
		<key>8BCD71A21D4534EA00ECFD88</key>
		<dict>
			<key>fileRef</key>
			<string>8BCD71A11D4534EA00ECFD88</string>
			<key>isa</key>
			<string>PBXBuildFile</string>
		</dict>
		<key>8BCD71A31D4550EC00ECFD88</key>
		<dict>
			<key>fileEncoding</key>
			<string>4</string>
			<key>isa</key>
			<string>PBXFileReference</string>
			<key>lastKnownFileType</key>
			<string>sourcecode.c.h</string>
			<key>path</key>
			<string>QuestionTableCell.h</string>
			<key>sourceTree</key>
			<string>&lt;group&gt;</string>
		</dict>
		<key>8BCD71A41D4550EC00ECFD88</key>
		<dict>
			<key>fileEncoding</key>
			<string>4</string>
			<key>isa</key>
			<string>PBXFileReference</string>
			<key>lastKnownFileType</key>
			<string>sourcecode.c.objc</string>
			<key>path</key>
			<string>QuestionTableCell.m</string>
			<key>sourceTree</key>
			<string>&lt;group&gt;</string>
		</dict>
		<key>8BCD71A51D4550EC00ECFD88</key>
		<dict>
			<key>fileRef</key>
			<string>8BCD71A41D4550EC00ECFD88</string>
			<key>isa</key>
			<string>PBXBuildFile</string>
		</dict>
		<key>8BCD71A61D45510000ECFD88</key>
		<dict>
			<key>fileEncoding</key>
			<string>4</string>
			<key>isa</key>
			<string>PBXFileReference</string>
			<key>lastKnownFileType</key>
			<string>sourcecode.c.h</string>
			<key>path</key>
			<string>ExpertTableCell.h</string>
			<key>sourceTree</key>
			<string>&lt;group&gt;</string>
		</dict>
		<key>8BCD71A71D45510100ECFD88</key>
		<dict>
			<key>fileEncoding</key>
			<string>4</string>
			<key>isa</key>
			<string>PBXFileReference</string>
			<key>lastKnownFileType</key>
			<string>sourcecode.c.objc</string>
			<key>path</key>
			<string>ExpertTableCell.m</string>
			<key>sourceTree</key>
			<string>&lt;group&gt;</string>
		</dict>
		<key>8BCD71A81D45510100ECFD88</key>
		<dict>
			<key>fileRef</key>
			<string>8BCD71A71D45510100ECFD88</string>
			<key>isa</key>
			<string>PBXBuildFile</string>
		</dict>
		<key>8BCD71A91D45510E00ECFD88</key>
		<dict>
			<key>fileEncoding</key>
			<string>4</string>
			<key>isa</key>
			<string>PBXFileReference</string>
			<key>lastKnownFileType</key>
			<string>sourcecode.c.h</string>
			<key>path</key>
			<string>SuggestTableCell.h</string>
			<key>sourceTree</key>
			<string>&lt;group&gt;</string>
		</dict>
		<key>8BCD71AA1D45510E00ECFD88</key>
		<dict>
			<key>fileEncoding</key>
			<string>4</string>
			<key>isa</key>
			<string>PBXFileReference</string>
			<key>lastKnownFileType</key>
			<string>sourcecode.c.objc</string>
			<key>path</key>
			<string>SuggestTableCell.m</string>
			<key>sourceTree</key>
			<string>&lt;group&gt;</string>
		</dict>
		<key>8BCD71AB1D45510E00ECFD88</key>
		<dict>
			<key>fileRef</key>
			<string>8BCD71AA1D45510E00ECFD88</string>
			<key>isa</key>
			<string>PBXBuildFile</string>
		</dict>
		<key>8BCD71AC1D4554A700ECFD88</key>
		<dict>
			<key>children</key>
			<array>
				<string>8BCD71AD1D45550A00ECFD88</string>
			</array>
			<key>isa</key>
			<string>PBXGroup</string>
			<key>path</key>
			<string>Constant</string>
			<key>sourceTree</key>
			<string>&lt;group&gt;</string>
		</dict>
		<key>8BCD71AD1D45550A00ECFD88</key>
		<dict>
			<key>isa</key>
			<string>PBXFileReference</string>
			<key>lastKnownFileType</key>
			<string>sourcecode.c.h</string>
			<key>path</key>
			<string>GeneralConstant.h</string>
			<key>sourceTree</key>
			<string>&lt;group&gt;</string>
		</dict>
		<key>8BCD71AE1D45CA9A00ECFD88</key>
		<dict>
			<key>children</key>
			<array>
				<string>8BCD71C91D46127A00ECFD88</string>
				<string>8BCD71B01D45CAB600ECFD88</string>
				<string>8BCD71B11D45CAB600ECFD88</string>
				<string>8BCD71B31D45CAEE00ECFD88</string>
				<string>8BCD71B41D45CAEE00ECFD88</string>
				<string>8BCD71B61D45CDAA00ECFD88</string>
				<string>8BCD71B71D45CDAA00ECFD88</string>
			</array>
			<key>isa</key>
			<string>PBXGroup</string>
			<key>path</key>
			<string>BroadcastViewController</string>
			<key>sourceTree</key>
			<string>&lt;group&gt;</string>
		</dict>
		<key>8BCD71AF1D45CAA000ECFD88</key>
		<dict>
			<key>children</key>
			<array>
				<string>8B503A881D4A3AEB008848CE</string>
				<string>8B82D01A1D496BE500FE6B34</string>
				<string>8BCD71D91D479D7500ECFD88</string>
				<string>8BCD71D41D479D2D00ECFD88</string>
				<string>8BCD71D01D466ED000ECFD88</string>
				<string>8B503A841D4A3985008848CE</string>
				<string>8BCD71CD1D466E7B00ECFD88</string>
				<string>8BCD71CE1D466E7B00ECFD88</string>
				<string>8B503A811D4A2F01008848CE</string>
				<string>8B503A821D4A2F01008848CE</string>
			</array>
			<key>isa</key>
			<string>PBXGroup</string>
			<key>path</key>
			<string>ProfileViewController</string>
			<key>sourceTree</key>
			<string>&lt;group&gt;</string>
		</dict>
		<key>8BCD71B01D45CAB600ECFD88</key>
		<dict>
			<key>fileEncoding</key>
			<string>4</string>
			<key>isa</key>
			<string>PBXFileReference</string>
			<key>lastKnownFileType</key>
			<string>sourcecode.c.h</string>
			<key>path</key>
			<string>BroadCastViewController.h</string>
			<key>sourceTree</key>
			<string>&lt;group&gt;</string>
		</dict>
		<key>8BCD71B11D45CAB600ECFD88</key>
		<dict>
			<key>fileEncoding</key>
			<string>4</string>
			<key>isa</key>
			<string>PBXFileReference</string>
			<key>lastKnownFileType</key>
			<string>sourcecode.c.objc</string>
			<key>path</key>
			<string>BroadCastViewController.m</string>
			<key>sourceTree</key>
			<string>&lt;group&gt;</string>
		</dict>
		<key>8BCD71B21D45CAB600ECFD88</key>
		<dict>
			<key>fileRef</key>
			<string>8BCD71B11D45CAB600ECFD88</string>
			<key>isa</key>
			<string>PBXBuildFile</string>
		</dict>
		<key>8BCD71B31D45CAEE00ECFD88</key>
		<dict>
			<key>fileEncoding</key>
			<string>4</string>
			<key>isa</key>
			<string>PBXFileReference</string>
			<key>lastKnownFileType</key>
			<string>sourcecode.c.h</string>
			<key>path</key>
			<string>IndustrySelectViewController.h</string>
			<key>sourceTree</key>
			<string>&lt;group&gt;</string>
		</dict>
		<key>8BCD71B41D45CAEE00ECFD88</key>
		<dict>
			<key>fileEncoding</key>
			<string>4</string>
			<key>isa</key>
			<string>PBXFileReference</string>
			<key>lastKnownFileType</key>
			<string>sourcecode.c.objc</string>
			<key>path</key>
			<string>IndustrySelectViewController.m</string>
			<key>sourceTree</key>
			<string>&lt;group&gt;</string>
		</dict>
		<key>8BCD71B51D45CAEE00ECFD88</key>
		<dict>
			<key>fileRef</key>
			<string>8BCD71B41D45CAEE00ECFD88</string>
			<key>isa</key>
			<string>PBXBuildFile</string>
		</dict>
		<key>8BCD71B61D45CDAA00ECFD88</key>
		<dict>
			<key>fileEncoding</key>
			<string>4</string>
			<key>isa</key>
			<string>PBXFileReference</string>
			<key>lastKnownFileType</key>
			<string>sourcecode.c.h</string>
			<key>path</key>
			<string>IndustryTableCell.h</string>
			<key>sourceTree</key>
			<string>&lt;group&gt;</string>
		</dict>
		<key>8BCD71B71D45CDAA00ECFD88</key>
		<dict>
			<key>fileEncoding</key>
			<string>4</string>
			<key>isa</key>
			<string>PBXFileReference</string>
			<key>lastKnownFileType</key>
			<string>sourcecode.c.objc</string>
			<key>path</key>
			<string>IndustryTableCell.m</string>
			<key>sourceTree</key>
			<string>&lt;group&gt;</string>
		</dict>
		<key>8BCD71B81D45CDAA00ECFD88</key>
		<dict>
			<key>fileRef</key>
			<string>8BCD71B71D45CDAA00ECFD88</string>
			<key>isa</key>
			<string>PBXBuildFile</string>
		</dict>
		<key>8BCD71B91D45DF9B00ECFD88</key>
		<dict>
			<key>fileEncoding</key>
			<string>4</string>
			<key>isa</key>
			<string>PBXFileReference</string>
			<key>lastKnownFileType</key>
			<string>sourcecode.c.h</string>
			<key>path</key>
			<string>CustomGridFlowLayout.h</string>
			<key>sourceTree</key>
			<string>&lt;group&gt;</string>
		</dict>
		<key>8BCD71BA1D45DF9B00ECFD88</key>
		<dict>
			<key>fileEncoding</key>
			<string>4</string>
			<key>isa</key>
			<string>PBXFileReference</string>
			<key>lastKnownFileType</key>
			<string>sourcecode.c.objc</string>
			<key>path</key>
			<string>CustomGridFlowLayout.m</string>
			<key>sourceTree</key>
			<string>&lt;group&gt;</string>
		</dict>
		<key>8BCD71BB1D45DF9B00ECFD88</key>
		<dict>
			<key>fileRef</key>
			<string>8BCD71BA1D45DF9B00ECFD88</string>
			<key>isa</key>
			<string>PBXBuildFile</string>
		</dict>
		<key>8BCD71BF1D45F97D00ECFD88</key>
		<dict>
			<key>children</key>
			<array>
				<string>8BCD71C01D45F97D00ECFD88</string>
				<string>8BCD71C11D45F97D00ECFD88</string>
				<string>8BCD71C61D45FCDB00ECFD88</string>
				<string>8BCD71C71D45FCDB00ECFD88</string>
			</array>
			<key>isa</key>
			<string>PBXGroup</string>
			<key>path</key>
			<string>Broadcaster</string>
			<key>sourceTree</key>
			<string>&lt;group&gt;</string>
		</dict>
		<key>8BCD71C01D45F97D00ECFD88</key>
		<dict>
			<key>fileEncoding</key>
			<string>4</string>
			<key>isa</key>
			<string>PBXFileReference</string>
			<key>lastKnownFileType</key>
			<string>sourcecode.c.h</string>
			<key>path</key>
			<string>BroadcasterSelectController.h</string>
			<key>sourceTree</key>
			<string>&lt;group&gt;</string>
		</dict>
		<key>8BCD71C11D45F97D00ECFD88</key>
		<dict>
			<key>fileEncoding</key>
			<string>4</string>
			<key>isa</key>
			<string>PBXFileReference</string>
			<key>lastKnownFileType</key>
			<string>sourcecode.c.objc</string>
			<key>path</key>
			<string>BroadcasterSelectController.m</string>
			<key>sourceTree</key>
			<string>&lt;group&gt;</string>
		</dict>
		<key>8BCD71C21D45F97D00ECFD88</key>
		<dict>
			<key>fileRef</key>
			<string>8BCD71C11D45F97D00ECFD88</string>
			<key>isa</key>
			<string>PBXBuildFile</string>
		</dict>
		<key>8BCD71C61D45FCDB00ECFD88</key>
		<dict>
			<key>fileEncoding</key>
			<string>4</string>
			<key>isa</key>
			<string>PBXFileReference</string>
			<key>lastKnownFileType</key>
			<string>sourcecode.c.h</string>
			<key>path</key>
			<string>BroadcasterTableCell.h</string>
			<key>sourceTree</key>
			<string>&lt;group&gt;</string>
		</dict>
		<key>8BCD71C71D45FCDB00ECFD88</key>
		<dict>
			<key>fileEncoding</key>
			<string>4</string>
			<key>isa</key>
			<string>PBXFileReference</string>
			<key>lastKnownFileType</key>
			<string>sourcecode.c.objc</string>
			<key>path</key>
			<string>BroadcasterTableCell.m</string>
			<key>sourceTree</key>
			<string>&lt;group&gt;</string>
		</dict>
		<key>8BCD71C81D45FCDB00ECFD88</key>
		<dict>
			<key>fileRef</key>
			<string>8BCD71C71D45FCDB00ECFD88</string>
			<key>isa</key>
			<string>PBXBuildFile</string>
		</dict>
		<key>8BCD71C91D46127A00ECFD88</key>
		<dict>
			<key>children</key>
			<array>
				<string>8BCD71CA1D4612AD00ECFD88</string>
				<string>8BCD71CB1D4612AD00ECFD88</string>
			</array>
			<key>isa</key>
			<string>PBXGroup</string>
			<key>path</key>
			<string>ExpertSubmit</string>
			<key>sourceTree</key>
			<string>&lt;group&gt;</string>
		</dict>
		<key>8BCD71CA1D4612AD00ECFD88</key>
		<dict>
			<key>fileEncoding</key>
			<string>4</string>
			<key>isa</key>
			<string>PBXFileReference</string>
			<key>lastKnownFileType</key>
			<string>sourcecode.c.h</string>
			<key>path</key>
			<string>ExpertSubmitViewController.h</string>
			<key>sourceTree</key>
			<string>&lt;group&gt;</string>
		</dict>
		<key>8BCD71CB1D4612AD00ECFD88</key>
		<dict>
			<key>fileEncoding</key>
			<string>4</string>
			<key>isa</key>
			<string>PBXFileReference</string>
			<key>lastKnownFileType</key>
			<string>sourcecode.c.objc</string>
			<key>path</key>
			<string>ExpertSubmitViewController.m</string>
			<key>sourceTree</key>
			<string>&lt;group&gt;</string>
		</dict>
		<key>8BCD71CC1D4612AD00ECFD88</key>
		<dict>
			<key>fileRef</key>
			<string>8BCD71CB1D4612AD00ECFD88</string>
			<key>isa</key>
			<string>PBXBuildFile</string>
		</dict>
		<key>8BCD71CD1D466E7B00ECFD88</key>
		<dict>
			<key>fileEncoding</key>
			<string>4</string>
			<key>isa</key>
			<string>PBXFileReference</string>
			<key>lastKnownFileType</key>
			<string>sourcecode.c.h</string>
			<key>path</key>
			<string>MainProfileViewController.h</string>
			<key>sourceTree</key>
			<string>&lt;group&gt;</string>
		</dict>
		<key>8BCD71CE1D466E7B00ECFD88</key>
		<dict>
			<key>fileEncoding</key>
			<string>4</string>
			<key>isa</key>
			<string>PBXFileReference</string>
			<key>lastKnownFileType</key>
			<string>sourcecode.c.objc</string>
			<key>path</key>
			<string>MainProfileViewController.m</string>
			<key>sourceTree</key>
			<string>&lt;group&gt;</string>
		</dict>
		<key>8BCD71CF1D466E7B00ECFD88</key>
		<dict>
			<key>fileRef</key>
			<string>8BCD71CE1D466E7B00ECFD88</string>
			<key>isa</key>
			<string>PBXBuildFile</string>
		</dict>
		<key>8BCD71D01D466ED000ECFD88</key>
		<dict>
			<key>children</key>
			<array>
				<string>8BCD71D11D466EE200ECFD88</string>
				<string>8BCD71D21D466EE200ECFD88</string>
			</array>
			<key>isa</key>
			<string>PBXGroup</string>
			<key>path</key>
			<string>MyShow</string>
			<key>sourceTree</key>
			<string>&lt;group&gt;</string>
		</dict>
		<key>8BCD71D11D466EE200ECFD88</key>
		<dict>
			<key>fileEncoding</key>
			<string>4</string>
			<key>isa</key>
			<string>PBXFileReference</string>
			<key>lastKnownFileType</key>
			<string>sourcecode.c.h</string>
			<key>path</key>
			<string>MyShowViewController.h</string>
			<key>sourceTree</key>
			<string>&lt;group&gt;</string>
		</dict>
		<key>8BCD71D21D466EE200ECFD88</key>
		<dict>
			<key>fileEncoding</key>
			<string>4</string>
			<key>isa</key>
			<string>PBXFileReference</string>
			<key>lastKnownFileType</key>
			<string>sourcecode.c.objc</string>
			<key>path</key>
			<string>MyShowViewController.m</string>
			<key>sourceTree</key>
			<string>&lt;group&gt;</string>
		</dict>
		<key>8BCD71D31D466EE200ECFD88</key>
		<dict>
			<key>fileRef</key>
			<string>8BCD71D21D466EE200ECFD88</string>
			<key>isa</key>
			<string>PBXBuildFile</string>
		</dict>
		<key>8BCD71D41D479D2D00ECFD88</key>
		<dict>
			<key>children</key>
			<array>
				<string>8BCD71DD1D479D9200ECFD88</string>
				<string>8BCD71DE1D479D9200ECFD88</string>
			</array>
			<key>isa</key>
			<string>PBXGroup</string>
			<key>path</key>
			<string>Income</string>
			<key>sourceTree</key>
			<string>&lt;group&gt;</string>
		</dict>
		<key>8BCD71D91D479D7500ECFD88</key>
		<dict>
			<key>children</key>
			<array>
				<string>8BCD71DA1D479D8300ECFD88</string>
				<string>8BCD71DB1D479D8300ECFD88</string>
			</array>
			<key>isa</key>
			<string>PBXGroup</string>
			<key>path</key>
			<string>MyBalance</string>
			<key>sourceTree</key>
			<string>&lt;group&gt;</string>
		</dict>
		<key>8BCD71DA1D479D8300ECFD88</key>
		<dict>
			<key>fileEncoding</key>
			<string>4</string>
			<key>isa</key>
			<string>PBXFileReference</string>
			<key>lastKnownFileType</key>
			<string>sourcecode.c.h</string>
			<key>path</key>
			<string>MyBalanceViewController.h</string>
			<key>sourceTree</key>
			<string>&lt;group&gt;</string>
		</dict>
		<key>8BCD71DB1D479D8300ECFD88</key>
		<dict>
			<key>fileEncoding</key>
			<string>4</string>
			<key>isa</key>
			<string>PBXFileReference</string>
			<key>lastKnownFileType</key>
			<string>sourcecode.c.objc</string>
			<key>path</key>
			<string>MyBalanceViewController.m</string>
			<key>sourceTree</key>
			<string>&lt;group&gt;</string>
		</dict>
		<key>8BCD71DC1D479D8300ECFD88</key>
		<dict>
			<key>fileRef</key>
			<string>8BCD71DB1D479D8300ECFD88</string>
			<key>isa</key>
			<string>PBXBuildFile</string>
		</dict>
		<key>8BCD71DD1D479D9200ECFD88</key>
		<dict>
			<key>fileEncoding</key>
			<string>4</string>
			<key>isa</key>
			<string>PBXFileReference</string>
			<key>lastKnownFileType</key>
			<string>sourcecode.c.h</string>
			<key>path</key>
			<string>InComeViewController.h</string>
			<key>sourceTree</key>
			<string>&lt;group&gt;</string>
		</dict>
		<key>8BCD71DE1D479D9200ECFD88</key>
		<dict>
			<key>fileEncoding</key>
			<string>4</string>
			<key>isa</key>
			<string>PBXFileReference</string>
			<key>lastKnownFileType</key>
			<string>sourcecode.c.objc</string>
			<key>path</key>
			<string>InComeViewController.m</string>
			<key>sourceTree</key>
			<string>&lt;group&gt;</string>
		</dict>
		<key>8BCD71DF1D479D9200ECFD88</key>
		<dict>
			<key>fileRef</key>
			<string>8BCD71DE1D479D9200ECFD88</string>
			<key>isa</key>
			<string>PBXBuildFile</string>
		</dict>
		<key>99E644B7213F27A162DE0583</key>
		<dict>
			<key>buildActionMask</key>
			<string>2147483647</string>
			<key>files</key>
			<array/>
			<key>inputPaths</key>
			<array/>
			<key>isa</key>
			<string>PBXShellScriptBuildPhase</string>
			<key>name</key>
			<string>Embed Pods Frameworks</string>
			<key>outputPaths</key>
			<array/>
			<key>runOnlyForDeploymentPostprocessing</key>
			<string>0</string>
			<key>shellPath</key>
			<string>/bin/sh</string>
			<key>shellScript</key>
			<string>"${SRCROOT}/Pods/Target Support Files/Pods-vstreaming/Pods-vstreaming-frameworks.sh"
</string>
			<key>showEnvVarsInLog</key>
			<string>0</string>
		</dict>
		<key>B38C0B5CD7CF41CDE474F878</key>
		<dict>
			<key>explicitFileType</key>
			<string>archive.ar</string>
			<key>includeInIndex</key>
			<string>0</string>
			<key>isa</key>
			<string>PBXFileReference</string>
			<key>path</key>
			<string>libPods-vstreaming.a</string>
			<key>sourceTree</key>
			<string>BUILT_PRODUCTS_DIR</string>
		</dict>
		<key>B4593E7A20B8B8C4C18FD398</key>
		<dict>
			<key>buildActionMask</key>
			<string>2147483647</string>
			<key>files</key>
			<array/>
			<key>inputPaths</key>
			<array/>
			<key>isa</key>
			<string>PBXShellScriptBuildPhase</string>
			<key>name</key>
			<string>[CP] Copy Pods Resources</string>
			<key>outputPaths</key>
			<array/>
			<key>runOnlyForDeploymentPostprocessing</key>
			<string>0</string>
			<key>shellPath</key>
			<string>/bin/sh</string>
			<key>shellScript</key>
			<string>"${SRCROOT}/Pods/Target Support Files/Pods-vstreaming/Pods-vstreaming-resources.sh"
</string>
			<key>showEnvVarsInLog</key>
			<string>0</string>
		</dict>
		<key>D90EBEEEB6F112E7AA3AE399</key>
		<dict>
			<key>buildActionMask</key>
			<string>2147483647</string>
			<key>files</key>
			<array/>
			<key>inputPaths</key>
			<array/>
			<key>isa</key>
			<string>PBXShellScriptBuildPhase</string>
			<key>name</key>
			<string>[CP] Embed Pods Frameworks</string>
			<key>outputPaths</key>
			<array/>
			<key>runOnlyForDeploymentPostprocessing</key>
			<string>0</string>
			<key>shellPath</key>
			<string>/bin/sh</string>
			<key>shellScript</key>
			<string>"${SRCROOT}/Pods/Target Support Files/Pods-vstreaming/Pods-vstreaming-frameworks.sh"
</string>
			<key>showEnvVarsInLog</key>
			<string>0</string>
		</dict>
		<key>DB442F969F6FBAED00AC1C78</key>
		<dict>
			<key>includeInIndex</key>
			<string>1</string>
			<key>isa</key>
			<string>PBXFileReference</string>
			<key>lastKnownFileType</key>
			<string>text.xcconfig</string>
			<key>name</key>
			<string>Pods-vstreaming.debug.xcconfig</string>
			<key>path</key>
			<string>Pods/Target Support Files/Pods-vstreaming/Pods-vstreaming.debug.xcconfig</string>
			<key>sourceTree</key>
			<string>&lt;group&gt;</string>
		</dict>
		<key>F5F47BE7E538009EA20A57A4</key>
		<dict>
			<key>children</key>
			<array>
				<string>8BCD71901D44B76700ECFD88</string>
				<string>8BCD71721D43934300ECFD88</string>
				<string>8BCD71701D43933D00ECFD88</string>
				<string>8BCD716E1D43932A00ECFD88</string>
				<string>B38C0B5CD7CF41CDE474F878</string>
			</array>
			<key>isa</key>
			<string>PBXGroup</string>
			<key>name</key>
			<string>Frameworks</string>
			<key>sourceTree</key>
			<string>&lt;group&gt;</string>
		</dict>
	</dict>
	<key>rootObject</key>
	<string>8BCD711C1D424FF500ECFD88</string>
</dict>
</plist>
