// !$*UTF8*$!
{
	archiveVersion = 1;
	classes = {
	};
	objectVersion = 46;
	objects = {

/* Begin PBXBuildFile section */
		7BB12E8FED0D7E73A79E2C3F /* libPods-vstreaming.a in Frameworks */ = {isa = PBXBuildFile; fileRef = B30086A11FC450DA9CDD7C1B /* libPods-vstreaming.a */; };
		8B0C68C91D7324A700C68C59 /* WowzaGoCoderSDK.framework in Frameworks */ = {isa = PBXBuildFile; fileRef = 8B0C68C81D7324A700C68C59 /* WowzaGoCoderSDK.framework */; };
		8B0C68CA1D7324A700C68C59 /* WowzaGoCoderSDK.framework in Embed Frameworks */ = {isa = PBXBuildFile; fileRef = 8B0C68C81D7324A700C68C59 /* WowzaGoCoderSDK.framework */; settings = {ATTRIBUTES = (CodeSignOnCopy, RemoveHeadersOnCopy, ); }; };
		8B1B0E071D5A818200B59DD9 /* SystemConfiguration.framework in Frameworks */ = {isa = PBXBuildFile; fileRef = 8B1B0E061D5A818200B59DD9 /* SystemConfiguration.framework */; };
		8B1B0E391D5AB91500B59DD9 /* WechatAccess.m in Sources */ = {isa = PBXBuildFile; fileRef = 8B1B0E321D5AB91500B59DD9 /* WechatAccess.m */; };
		8B1B0E3A1D5AB91500B59DD9 /* libWeChatSDK.a in Frameworks */ = {isa = PBXBuildFile; fileRef = 8B1B0E341D5AB91500B59DD9 /* libWeChatSDK.a */; };
		8B1B0E3B1D5AB91500B59DD9 /* README.txt in Resources */ = {isa = PBXBuildFile; fileRef = 8B1B0E351D5AB91500B59DD9 /* README.txt */; };
		8B1B0E431D5BD25A00B59DD9 /* TencentOpenAPI.framework in Frameworks */ = {isa = PBXBuildFile; fileRef = 8B1B0E3F1D5BD25A00B59DD9 /* TencentOpenAPI.framework */; };
		8B1B0E441D5BD25A00B59DD9 /* TencentOpenApi_IOS_Bundle.bundle in Resources */ = {isa = PBXBuildFile; fileRef = 8B1B0E401D5BD25A00B59DD9 /* TencentOpenApi_IOS_Bundle.bundle */; };
		8B1B0E451D5BD25A00B59DD9 /* TencentAccess.m in Sources */ = {isa = PBXBuildFile; fileRef = 8B1B0E421D5BD25A00B59DD9 /* TencentAccess.m */; };
		8B4BB31A1D739C1500ABF1C3 /* CoreGraphics.framework in Frameworks */ = {isa = PBXBuildFile; fileRef = 8BCD71701D43933D00ECFD88 /* CoreGraphics.framework */; };
		8B4BB31E1D739C3A00ABF1C3 /* VideoToolbox.framework in Frameworks */ = {isa = PBXBuildFile; fileRef = 8B4BB31D1D739C3A00ABF1C3 /* VideoToolbox.framework */; };
		8B4BB31F1D739CF900ABF1C3 /* MediaPlayer.framework in Frameworks */ = {isa = PBXBuildFile; fileRef = 8BDCE8451D5E18A700029F8F /* MediaPlayer.framework */; };
		8B503A831D4A2F01008848CE /* SettingViewController.m in Sources */ = {isa = PBXBuildFile; fileRef = 8B503A821D4A2F01008848CE /* SettingViewController.m */; };
		8B503A871D4A39A5008848CE /* LanguageSettingViewController.m in Sources */ = {isa = PBXBuildFile; fileRef = 8B503A861D4A39A5008848CE /* LanguageSettingViewController.m */; };
		8B503A8B1D4A3AFA008848CE /* OtherSettingViewController.m in Sources */ = {isa = PBXBuildFile; fileRef = 8B503A8A1D4A3AFA008848CE /* OtherSettingViewController.m */; };
		8B503A8E1D4A518E008848CE /* ChatViewController.m in Sources */ = {isa = PBXBuildFile; fileRef = 8B503A8D1D4A518E008848CE /* ChatViewController.m */; };
		8B503A921D4B4F4E008848CE /* ExpertSearchViewController.m in Sources */ = {isa = PBXBuildFile; fileRef = 8B503A911D4B4F4E008848CE /* ExpertSearchViewController.m */; };
		8B503A951D4B4F6C008848CE /* ExpertSearchTableCell.m in Sources */ = {isa = PBXBuildFile; fileRef = 8B503A941D4B4F6C008848CE /* ExpertSearchTableCell.m */; };
		8B50BF761D5CDC950059456C /* libWeiboSDK.a in Frameworks */ = {isa = PBXBuildFile; fileRef = 8B50BF671D5CDC950059456C /* libWeiboSDK.a */; };
		8B50BF771D5CDC950059456C /* WeiboSDK.bundle in Resources */ = {isa = PBXBuildFile; fileRef = 8B50BF711D5CDC950059456C /* WeiboSDK.bundle */; };
		8B50BF781D5CDC950059456C /* WeiboAccess.m in Sources */ = {isa = PBXBuildFile; fileRef = 8B50BF751D5CDC950059456C /* WeiboAccess.m */; };
		8B73E9C61DA0FFE00009968D /* check_mark@2x.png in Resources */ = {isa = PBXBuildFile; fileRef = 8B73E9BF1DA0FFE00009968D /* check_mark@2x.png */; };
		8B73E9C71DA0FFE00009968D /* done@2x.png in Resources */ = {isa = PBXBuildFile; fileRef = 8B73E9C01DA0FFE00009968D /* done@2x.png */; };
		8B73E9C81DA0FFE00009968D /* drop_down@2x.png in Resources */ = {isa = PBXBuildFile; fileRef = 8B73E9C11DA0FFE00009968D /* drop_down@2x.png */; };
		8B73E9C91DA0FFE00009968D /* DropDownListView.m in Sources */ = {isa = PBXBuildFile; fileRef = 8B73E9C31DA0FFE00009968D /* DropDownListView.m */; };
		8B73E9CA1DA0FFE00009968D /* DropDownViewCell.m in Sources */ = {isa = PBXBuildFile; fileRef = 8B73E9C51DA0FFE00009968D /* DropDownViewCell.m */; };
		8B7CBF031D9F6005009495D1 /* DataManager.m in Sources */ = {isa = PBXBuildFile; fileRef = 8B7CBF021D9F6005009495D1 /* DataManager.m */; };
		8B7CFFAD1DA47270007EB36A /* HomeTableItemModel.m in Sources */ = {isa = PBXBuildFile; fileRef = 8B7CFFAC1DA47270007EB36A /* HomeTableItemModel.m */; };
		8B7F74ED1DA38DF70057CB67 /* MP4Writer.m in Sources */ = {isa = PBXBuildFile; fileRef = 8B7F74EC1DA38DF70057CB67 /* MP4Writer.m */; };
		8B82D01D1D496BFA00FE6B34 /* FollowInformationViewController.m in Sources */ = {isa = PBXBuildFile; fileRef = 8B82D01C1D496BFA00FE6B34 /* FollowInformationViewController.m */; };
		8B82D0231D496C3100FE6B34 /* FollowerProfileViewController.m in Sources */ = {isa = PBXBuildFile; fileRef = 8B82D0221D496C3100FE6B34 /* FollowerProfileViewController.m */; };
		8B82D0261D496D7600FE6B34 /* FollowTableCell.m in Sources */ = {isa = PBXBuildFile; fileRef = 8B82D0251D496D7600FE6B34 /* FollowTableCell.m */; };
		8B82D0291D4972C300FE6B34 /* ProfileExpertTableCell.m in Sources */ = {isa = PBXBuildFile; fileRef = 8B82D0281D4972C300FE6B34 /* ProfileExpertTableCell.m */; };
		8B82D02C1D4972E400FE6B34 /* ShowTableCell.m in Sources */ = {isa = PBXBuildFile; fileRef = 8B82D02B1D4972E400FE6B34 /* ShowTableCell.m */; };
		8B83334F1D9E4A1500EB3243 /* TagModel.m in Sources */ = {isa = PBXBuildFile; fileRef = 8B83334E1D9E4A1500EB3243 /* TagModel.m */; };
		8B8B1D801D4F675C00B2A735 /* CommonFunction.m in Sources */ = {isa = PBXBuildFile; fileRef = 8B8B1D7F1D4F675C00B2A735 /* CommonFunction.m */; };
		8B8C7CF31D58B9F5002A056E /* Utility.m in Sources */ = {isa = PBXBuildFile; fileRef = 8B8C7CF21D58B9F5002A056E /* Utility.m */; };
		8B8F36B31D830B4400A03018 /* LECPlayerResource.bundle in Resources */ = {isa = PBXBuildFile; fileRef = 8B8F36AE1D830B4400A03018 /* LECPlayerResource.bundle */; };
		8B8F36B41D830B4400A03018 /* libLECPlayerFoundation.a in Frameworks */ = {isa = PBXBuildFile; fileRef = 8B8F36B01D830B4400A03018 /* libLECPlayerFoundation.a */; };
		8B8F36B51D830B4400A03018 /* libReachbility.a in Frameworks */ = {isa = PBXBuildFile; fileRef = 8B8F36B11D830B4400A03018 /* libReachbility.a */; };
		8B8F36B61D830B4400A03018 /* libZipArchive.a in Frameworks */ = {isa = PBXBuildFile; fileRef = 8B8F36B21D830B4400A03018 /* libZipArchive.a */; };
		8B8F36B71D830B6800A03018 /* LECPlayerResource.bundle in Frameworks */ = {isa = PBXBuildFile; fileRef = 8B8F36AE1D830B4400A03018 /* LECPlayerResource.bundle */; };
		8BA702161DA5899F00A828FE /* Follower.m in Sources */ = {isa = PBXBuildFile; fileRef = 8BA702151DA5899F00A828FE /* Follower.m */; };
		8BA702191DA58ACB00A828FE /* VideoModel.m in Sources */ = {isa = PBXBuildFile; fileRef = 8BA702181DA58ACB00A828FE /* VideoModel.m */; };
		8BC098C01D869F0B00FD46AD /* User.m in Sources */ = {isa = PBXBuildFile; fileRef = 8BC098BF1D869F0B00FD46AD /* User.m */; };
		8BC0BBBF1D586F3900CEAEFC /* AVFoundation.framework in Frameworks */ = {isa = PBXBuildFile; fileRef = 8BC0BBBE1D586F3900CEAEFC /* AVFoundation.framework */; };
		8BC0BBC31D586F6D00CEAEFC /* CoreTelephony.framework in Frameworks */ = {isa = PBXBuildFile; fileRef = 8BC0BBC21D586F6D00CEAEFC /* CoreTelephony.framework */; };
		8BC0BBC71D586F9600CEAEFC /* libc++.tbd in Frameworks */ = {isa = PBXBuildFile; fileRef = 8BC0BBC61D586F9600CEAEFC /* libc++.tbd */; };
		8BC0BBC91D586FA400CEAEFC /* libiconv.tbd in Frameworks */ = {isa = PBXBuildFile; fileRef = 8BC0BBC81D586FA400CEAEFC /* libiconv.tbd */; };
		8BC0BBCB1D586FAE00CEAEFC /* libz.tbd in Frameworks */ = {isa = PBXBuildFile; fileRef = 8BC0BBCA1D586FAE00CEAEFC /* libz.tbd */; };
		8BC0BBCD1D586FBA00CEAEFC /* libsqlite3.tbd in Frameworks */ = {isa = PBXBuildFile; fileRef = 8BC0BBCC1D586FBA00CEAEFC /* libsqlite3.tbd */; };
		8BC16A5B1D47B319007052E0 /* QuestionViewController.m in Sources */ = {isa = PBXBuildFile; fileRef = 8BC16A5A1D47B319007052E0 /* QuestionViewController.m */; };
		8BCD71291D424FF500ECFD88 /* main.m in Sources */ = {isa = PBXBuildFile; fileRef = 8BCD71281D424FF500ECFD88 /* main.m */; };
		8BCD71321D424FF500ECFD88 /* Main.storyboard in Resources */ = {isa = PBXBuildFile; fileRef = 8BCD71301D424FF500ECFD88 /* Main.storyboard */; };
		8BCD71351D424FF500ECFD88 /* vstreaming.xcdatamodeld in Sources */ = {isa = PBXBuildFile; fileRef = 8BCD71331D424FF500ECFD88 /* vstreaming.xcdatamodeld */; };
		8BCD71371D424FF500ECFD88 /* Assets.xcassets in Resources */ = {isa = PBXBuildFile; fileRef = 8BCD71361D424FF500ECFD88 /* Assets.xcassets */; };
		8BCD713A1D424FF500ECFD88 /* LaunchScreen.storyboard in Resources */ = {isa = PBXBuildFile; fileRef = 8BCD71381D424FF500ECFD88 /* LaunchScreen.storyboard */; };
		8BCD71451D424FF500ECFD88 /* vstreamingTests.m in Sources */ = {isa = PBXBuildFile; fileRef = 8BCD71441D424FF500ECFD88 /* vstreamingTests.m */; };
		8BCD71501D424FF500ECFD88 /* vstreamingUITests.m in Sources */ = {isa = PBXBuildFile; fileRef = 8BCD714F1D424FF500ECFD88 /* vstreamingUITests.m */; };
		8BCD71621D42555700ECFD88 /* AppDelegate.m in Sources */ = {isa = PBXBuildFile; fileRef = 8BCD715F1D42555700ECFD88 /* AppDelegate.m */; };
		8BCD71671D425A9A00ECFD88 /* SignUpViewController.m in Sources */ = {isa = PBXBuildFile; fileRef = 8BCD71661D425A9A00ECFD88 /* SignUpViewController.m */; };
		8BCD716A1D434EE900ECFD88 /* LoginViewController.m in Sources */ = {isa = PBXBuildFile; fileRef = 8BCD71691D434EE900ECFD88 /* LoginViewController.m */; };
		8BCD716D1D434FD800ECFD88 /* CountrySelectViewController.m in Sources */ = {isa = PBXBuildFile; fileRef = 8BCD716C1D434FD800ECFD88 /* CountrySelectViewController.m */; };
		8BCD716F1D43932A00ECFD88 /* UIKit.framework in Frameworks */ = {isa = PBXBuildFile; fileRef = 8BCD716E1D43932A00ECFD88 /* UIKit.framework */; };
		8BCD71731D43934300ECFD88 /* Foundation.framework in Frameworks */ = {isa = PBXBuildFile; fileRef = 8BCD71721D43934300ECFD88 /* Foundation.framework */; };
		8BCD71811D448F3200ECFD88 /* HomeTableViewCell.m in Sources */ = {isa = PBXBuildFile; fileRef = 8BCD71801D448F3200ECFD88 /* HomeTableViewCell.m */; };
		8BCD71871D448F9300ECFD88 /* HomeViewController.m in Sources */ = {isa = PBXBuildFile; fileRef = 8BCD71861D448F9300ECFD88 /* HomeViewController.m */; };
		8BCD718C1D44AC2500ECFD88 /* GridScreenViewController.m in Sources */ = {isa = PBXBuildFile; fileRef = 8BCD718B1D44AC2500ECFD88 /* GridScreenViewController.m */; };
		8BCD718F1D44AE3D00ECFD88 /* CollectionViewCell.m in Sources */ = {isa = PBXBuildFile; fileRef = 8BCD718E1D44AE3D00ECFD88 /* CollectionViewCell.m */; };
		8BCD71911D44B76700ECFD88 /* QuartzCore.framework in Frameworks */ = {isa = PBXBuildFile; fileRef = 8BCD71901D44B76700ECFD88 /* QuartzCore.framework */; };
		8BCD71941D44BD1100ECFD88 /* MainTabViewController.m in Sources */ = {isa = PBXBuildFile; fileRef = 8BCD71931D44BD1100ECFD88 /* MainTabViewController.m */; };
		8BCD719B1D44F36800ECFD88 /* MessagesViewController.m in Sources */ = {isa = PBXBuildFile; fileRef = 8BCD719A1D44F36700ECFD88 /* MessagesViewController.m */; };
		8BCD719E1D44F48100ECFD88 /* MessageTableViewCell.m in Sources */ = {isa = PBXBuildFile; fileRef = 8BCD719D1D44F48100ECFD88 /* MessageTableViewCell.m */; };
		8BCD71A21D4534EA00ECFD88 /* DetailViewController.m in Sources */ = {isa = PBXBuildFile; fileRef = 8BCD71A11D4534EA00ECFD88 /* DetailViewController.m */; };
		8BCD71A51D4550EC00ECFD88 /* QuestionTableCell.m in Sources */ = {isa = PBXBuildFile; fileRef = 8BCD71A41D4550EC00ECFD88 /* QuestionTableCell.m */; };
		8BCD71A81D45510100ECFD88 /* ExpertTableCell.m in Sources */ = {isa = PBXBuildFile; fileRef = 8BCD71A71D45510100ECFD88 /* ExpertTableCell.m */; };
		8BCD71AB1D45510E00ECFD88 /* SuggestTableCell.m in Sources */ = {isa = PBXBuildFile; fileRef = 8BCD71AA1D45510E00ECFD88 /* SuggestTableCell.m */; };
		8BCD71B21D45CAB600ECFD88 /* BroadCastViewController.m in Sources */ = {isa = PBXBuildFile; fileRef = 8BCD71B11D45CAB600ECFD88 /* BroadCastViewController.m */; };
		8BCD71B51D45CAEE00ECFD88 /* IndustrySelectViewController.m in Sources */ = {isa = PBXBuildFile; fileRef = 8BCD71B41D45CAEE00ECFD88 /* IndustrySelectViewController.m */; };
		8BCD71B81D45CDAA00ECFD88 /* IndustryTableCell.m in Sources */ = {isa = PBXBuildFile; fileRef = 8BCD71B71D45CDAA00ECFD88 /* IndustryTableCell.m */; };
		8BCD71BB1D45DF9B00ECFD88 /* CustomGridFlowLayout.m in Sources */ = {isa = PBXBuildFile; fileRef = 8BCD71BA1D45DF9B00ECFD88 /* CustomGridFlowLayout.m */; };
		8BCD71C21D45F97D00ECFD88 /* BroadcasterSelectController.m in Sources */ = {isa = PBXBuildFile; fileRef = 8BCD71C11D45F97D00ECFD88 /* BroadcasterSelectController.m */; };
		8BCD71C81D45FCDB00ECFD88 /* BroadcasterTableCell.m in Sources */ = {isa = PBXBuildFile; fileRef = 8BCD71C71D45FCDB00ECFD88 /* BroadcasterTableCell.m */; };
		8BCD71CC1D4612AD00ECFD88 /* ExpertSubmitViewController.m in Sources */ = {isa = PBXBuildFile; fileRef = 8BCD71CB1D4612AD00ECFD88 /* ExpertSubmitViewController.m */; };
		8BCD71CF1D466E7B00ECFD88 /* MainProfileViewController.m in Sources */ = {isa = PBXBuildFile; fileRef = 8BCD71CE1D466E7B00ECFD88 /* MainProfileViewController.m */; };
		8BCD71D31D466EE200ECFD88 /* MyShowViewController.m in Sources */ = {isa = PBXBuildFile; fileRef = 8BCD71D21D466EE200ECFD88 /* MyShowViewController.m */; };
		8BCD71DC1D479D8300ECFD88 /* MyBalanceViewController.m in Sources */ = {isa = PBXBuildFile; fileRef = 8BCD71DB1D479D8300ECFD88 /* MyBalanceViewController.m */; };
		8BCD71DF1D479D9200ECFD88 /* InComeViewController.m in Sources */ = {isa = PBXBuildFile; fileRef = 8BCD71DE1D479D9200ECFD88 /* InComeViewController.m */; };
		8BD7A6901D4DEEC90001B822 /* APIConstant.m in Sources */ = {isa = PBXBuildFile; fileRef = 8BD7A68F1D4DEEC90001B822 /* APIConstant.m */; };
		8BD7A6941D4DF4D70001B822 /* InTalkAPI.m in Sources */ = {isa = PBXBuildFile; fileRef = 8BD7A6931D4DF4D70001B822 /* InTalkAPI.m */; };
		8BD7A6971D4E3F8F0001B822 /* WebManager.m in Sources */ = {isa = PBXBuildFile; fileRef = 8BD7A6961D4E3F8F0001B822 /* WebManager.m */; };
		8BDCE8251D5DBBBD00029F8F /* AudioToolbox.framework in Frameworks */ = {isa = PBXBuildFile; fileRef = 8BDCE8241D5DBBBD00029F8F /* AudioToolbox.framework */; };
		8BDCE8261D5DBBC600029F8F /* CoreMedia.framework in Frameworks */ = {isa = PBXBuildFile; fileRef = 8BC0BBC01D586F5C00CEAEFC /* CoreMedia.framework */; };
		8BDCE8281D5DBBD200029F8F /* CoreAudio.framework in Frameworks */ = {isa = PBXBuildFile; fileRef = 8BDCE8271D5DBBD100029F8F /* CoreAudio.framework */; };
		8BDCE83B1D5DBEAF00029F8F /* UIView+Screenshot.m in Sources */ = {isa = PBXBuildFile; fileRef = 8BDCE8361D5DBEAF00029F8F /* UIView+Screenshot.m */; };
		8BDCE8481D5E19F700029F8F /* AVKit.framework in Frameworks */ = {isa = PBXBuildFile; fileRef = 8BDCE8471D5E19F700029F8F /* AVKit.framework */; };
/* End PBXBuildFile section */

/* Begin PBXContainerItemProxy section */
		8BCD71411D424FF500ECFD88 /* PBXContainerItemProxy */ = {
			isa = PBXContainerItemProxy;
			containerPortal = 8BCD711C1D424FF500ECFD88 /* Project object */;
			proxyType = 1;
			remoteGlobalIDString = 8BCD71231D424FF500ECFD88;
			remoteInfo = vstreaming;
		};
		8BCD714C1D424FF500ECFD88 /* PBXContainerItemProxy */ = {
			isa = PBXContainerItemProxy;
			containerPortal = 8BCD711C1D424FF500ECFD88 /* Project object */;
			proxyType = 1;
			remoteGlobalIDString = 8BCD71231D424FF500ECFD88;
			remoteInfo = vstreaming;
		};
/* End PBXContainerItemProxy section */

/* Begin PBXCopyFilesBuildPhase section */
		8B0C68CB1D7324A700C68C59 /* Embed Frameworks */ = {
			isa = PBXCopyFilesBuildPhase;
			buildActionMask = 2147483647;
			dstPath = "";
			dstSubfolderSpec = 10;
			files = (
				8B0C68CA1D7324A700C68C59 /* WowzaGoCoderSDK.framework in Embed Frameworks */,
			);
			name = "Embed Frameworks";
			runOnlyForDeploymentPostprocessing = 0;
		};
/* End PBXCopyFilesBuildPhase section */

/* Begin PBXFileReference section */
		05ABF2F7C957D3A4D55B0F99 /* Pods-vstreaming.debug.xcconfig */ = {isa = PBXFileReference; includeInIndex = 1; lastKnownFileType = text.xcconfig; name = "Pods-vstreaming.debug.xcconfig"; path = "Pods/Target Support Files/Pods-vstreaming/Pods-vstreaming.debug.xcconfig"; sourceTree = "<group>"; };
		8B0C68C81D7324A700C68C59 /* WowzaGoCoderSDK.framework */ = {isa = PBXFileReference; lastKnownFileType = wrapper.framework; name = WowzaGoCoderSDK.framework; path = vstreaming/WowzaGoCoderSDK.framework; sourceTree = "<group>"; };
		8B0C69341D739B0E00C68C59 /* AVPlayerTouch.framework */ = {isa = PBXFileReference; lastKnownFileType = wrapper.framework; name = AVPlayerTouch.framework; path = vstreaming/Library/libs/AVPlayerTouch.framework; sourceTree = "<group>"; };
		8B0C69351D739B0E00C68C59 /* libcrypto.a */ = {isa = PBXFileReference; lastKnownFileType = archive.ar; name = libcrypto.a; path = vstreaming/Library/libs/libcrypto.a; sourceTree = "<group>"; };
		8B0C69361D739B0E00C68C59 /* libssl.a */ = {isa = PBXFileReference; lastKnownFileType = archive.ar; name = libssl.a; path = vstreaming/Library/libs/libssl.a; sourceTree = "<group>"; };
		8B0C693A1D739B1D00C68C59 /* libs.gz */ = {isa = PBXFileReference; lastKnownFileType = archive.gzip; name = libs.gz; path = vstreaming/Library/libs.gz; sourceTree = "<group>"; };
		8B1B0E061D5A818200B59DD9 /* SystemConfiguration.framework */ = {isa = PBXFileReference; lastKnownFileType = wrapper.framework; name = SystemConfiguration.framework; path = System/Library/Frameworks/SystemConfiguration.framework; sourceTree = SDKROOT; };
		8B1B0E311D5AB91500B59DD9 /* WechatAccess.h */ = {isa = PBXFileReference; fileEncoding = 4; lastKnownFileType = sourcecode.c.h; path = WechatAccess.h; sourceTree = "<group>"; };
		8B1B0E321D5AB91500B59DD9 /* WechatAccess.m */ = {isa = PBXFileReference; fileEncoding = 4; lastKnownFileType = sourcecode.c.objc; path = WechatAccess.m; sourceTree = "<group>"; };
		8B1B0E341D5AB91500B59DD9 /* libWeChatSDK.a */ = {isa = PBXFileReference; lastKnownFileType = archive.ar; path = libWeChatSDK.a; sourceTree = "<group>"; };
		8B1B0E351D5AB91500B59DD9 /* README.txt */ = {isa = PBXFileReference; fileEncoding = 4; lastKnownFileType = text; path = README.txt; sourceTree = "<group>"; };
		8B1B0E361D5AB91500B59DD9 /* WechatAuthSDK.h */ = {isa = PBXFileReference; fileEncoding = 4; lastKnownFileType = sourcecode.c.h; path = WechatAuthSDK.h; sourceTree = "<group>"; };
		8B1B0E371D5AB91500B59DD9 /* WXApi.h */ = {isa = PBXFileReference; fileEncoding = 4; lastKnownFileType = sourcecode.c.h; path = WXApi.h; sourceTree = "<group>"; };
		8B1B0E381D5AB91500B59DD9 /* WXApiObject.h */ = {isa = PBXFileReference; fileEncoding = 4; lastKnownFileType = sourcecode.c.h; path = WXApiObject.h; sourceTree = "<group>"; };
		8B1B0E3C1D5AC16B00B59DD9 /* vstreaming-Prefix.pch */ = {isa = PBXFileReference; lastKnownFileType = sourcecode.c.h; path = "vstreaming-Prefix.pch"; sourceTree = "<group>"; };
		8B1B0E3F1D5BD25A00B59DD9 /* TencentOpenAPI.framework */ = {isa = PBXFileReference; lastKnownFileType = wrapper.framework; path = TencentOpenAPI.framework; sourceTree = "<group>"; };
		8B1B0E401D5BD25A00B59DD9 /* TencentOpenApi_IOS_Bundle.bundle */ = {isa = PBXFileReference; lastKnownFileType = "wrapper.plug-in"; path = TencentOpenApi_IOS_Bundle.bundle; sourceTree = "<group>"; };
		8B1B0E411D5BD25A00B59DD9 /* TencentAccess.h */ = {isa = PBXFileReference; fileEncoding = 4; lastKnownFileType = sourcecode.c.h; path = TencentAccess.h; sourceTree = "<group>"; };
		8B1B0E421D5BD25A00B59DD9 /* TencentAccess.m */ = {isa = PBXFileReference; fileEncoding = 4; lastKnownFileType = sourcecode.c.objc; path = TencentAccess.m; sourceTree = "<group>"; };
		8B4BB3161D739BDC00ABF1C3 /* libstdc++.tbd */ = {isa = PBXFileReference; lastKnownFileType = "sourcecode.text-based-dylib-definition"; name = "libstdc++.tbd"; path = "usr/lib/libstdc++.tbd"; sourceTree = SDKROOT; };
		8B4BB3181D739BEA00ABF1C3 /* libbz2.tbd */ = {isa = PBXFileReference; lastKnownFileType = "sourcecode.text-based-dylib-definition"; name = libbz2.tbd; path = usr/lib/libbz2.tbd; sourceTree = SDKROOT; };
		8B4BB31B1D739C2F00ABF1C3 /* OpenGLES.framework */ = {isa = PBXFileReference; lastKnownFileType = wrapper.framework; name = OpenGLES.framework; path = System/Library/Frameworks/OpenGLES.framework; sourceTree = SDKROOT; };
		8B4BB31D1D739C3A00ABF1C3 /* VideoToolbox.framework */ = {isa = PBXFileReference; lastKnownFileType = wrapper.framework; name = VideoToolbox.framework; path = System/Library/Frameworks/VideoToolbox.framework; sourceTree = SDKROOT; };
		8B503A811D4A2F01008848CE /* SettingViewController.h */ = {isa = PBXFileReference; fileEncoding = 4; lastKnownFileType = sourcecode.c.h; path = SettingViewController.h; sourceTree = "<group>"; };
		8B503A821D4A2F01008848CE /* SettingViewController.m */ = {isa = PBXFileReference; fileEncoding = 4; lastKnownFileType = sourcecode.c.objc; path = SettingViewController.m; sourceTree = "<group>"; };
		8B503A851D4A39A5008848CE /* LanguageSettingViewController.h */ = {isa = PBXFileReference; fileEncoding = 4; lastKnownFileType = sourcecode.c.h; path = LanguageSettingViewController.h; sourceTree = "<group>"; };
		8B503A861D4A39A5008848CE /* LanguageSettingViewController.m */ = {isa = PBXFileReference; fileEncoding = 4; lastKnownFileType = sourcecode.c.objc; path = LanguageSettingViewController.m; sourceTree = "<group>"; };
		8B503A891D4A3AFA008848CE /* OtherSettingViewController.h */ = {isa = PBXFileReference; fileEncoding = 4; lastKnownFileType = sourcecode.c.h; path = OtherSettingViewController.h; sourceTree = "<group>"; };
		8B503A8A1D4A3AFA008848CE /* OtherSettingViewController.m */ = {isa = PBXFileReference; fileEncoding = 4; lastKnownFileType = sourcecode.c.objc; path = OtherSettingViewController.m; sourceTree = "<group>"; };
		8B503A8C1D4A518E008848CE /* ChatViewController.h */ = {isa = PBXFileReference; fileEncoding = 4; lastKnownFileType = sourcecode.c.h; path = ChatViewController.h; sourceTree = "<group>"; };
		8B503A8D1D4A518E008848CE /* ChatViewController.m */ = {isa = PBXFileReference; fileEncoding = 4; lastKnownFileType = sourcecode.c.objc; path = ChatViewController.m; sourceTree = "<group>"; };
		8B503A901D4B4F4E008848CE /* ExpertSearchViewController.h */ = {isa = PBXFileReference; fileEncoding = 4; lastKnownFileType = sourcecode.c.h; path = ExpertSearchViewController.h; sourceTree = "<group>"; };
		8B503A911D4B4F4E008848CE /* ExpertSearchViewController.m */ = {isa = PBXFileReference; fileEncoding = 4; lastKnownFileType = sourcecode.c.objc; path = ExpertSearchViewController.m; sourceTree = "<group>"; };
		8B503A931D4B4F6C008848CE /* ExpertSearchTableCell.h */ = {isa = PBXFileReference; fileEncoding = 4; lastKnownFileType = sourcecode.c.h; path = ExpertSearchTableCell.h; sourceTree = "<group>"; };
		8B503A941D4B4F6C008848CE /* ExpertSearchTableCell.m */ = {isa = PBXFileReference; fileEncoding = 4; lastKnownFileType = sourcecode.c.objc; path = ExpertSearchTableCell.m; sourceTree = "<group>"; };
		8B50BF671D5CDC950059456C /* libWeiboSDK.a */ = {isa = PBXFileReference; lastKnownFileType = archive.ar; path = libWeiboSDK.a; sourceTree = "<group>"; };
		8B50BF681D5CDC950059456C /* WBHttpRequest+WeiboGame.h */ = {isa = PBXFileReference; fileEncoding = 4; lastKnownFileType = sourcecode.c.h; path = "WBHttpRequest+WeiboGame.h"; sourceTree = "<group>"; };
		8B50BF691D5CDC950059456C /* WBHttpRequest+WeiboShare.h */ = {isa = PBXFileReference; fileEncoding = 4; lastKnownFileType = sourcecode.c.h; path = "WBHttpRequest+WeiboShare.h"; sourceTree = "<group>"; };
		8B50BF6A1D5CDC950059456C /* WBHttpRequest+WeiboToken.h */ = {isa = PBXFileReference; fileEncoding = 4; lastKnownFileType = sourcecode.c.h; path = "WBHttpRequest+WeiboToken.h"; sourceTree = "<group>"; };
		8B50BF6B1D5CDC950059456C /* WBHttpRequest+WeiboUser.h */ = {isa = PBXFileReference; fileEncoding = 4; lastKnownFileType = sourcecode.c.h; path = "WBHttpRequest+WeiboUser.h"; sourceTree = "<group>"; };
		8B50BF6C1D5CDC950059456C /* WBHttpRequest.h */ = {isa = PBXFileReference; fileEncoding = 4; lastKnownFileType = sourcecode.c.h; path = WBHttpRequest.h; sourceTree = "<group>"; };
		8B50BF6D1D5CDC950059456C /* WBSDKBasicButton.h */ = {isa = PBXFileReference; fileEncoding = 4; lastKnownFileType = sourcecode.c.h; path = WBSDKBasicButton.h; sourceTree = "<group>"; };
		8B50BF6E1D5CDC950059456C /* WBSDKCommentButton.h */ = {isa = PBXFileReference; fileEncoding = 4; lastKnownFileType = sourcecode.c.h; path = WBSDKCommentButton.h; sourceTree = "<group>"; };
		8B50BF6F1D5CDC950059456C /* WBSDKRelationshipButton.h */ = {isa = PBXFileReference; fileEncoding = 4; lastKnownFileType = sourcecode.c.h; path = WBSDKRelationshipButton.h; sourceTree = "<group>"; };
		8B50BF701D5CDC950059456C /* WeiboSDK+Statistics.h */ = {isa = PBXFileReference; fileEncoding = 4; lastKnownFileType = sourcecode.c.h; path = "WeiboSDK+Statistics.h"; sourceTree = "<group>"; };
		8B50BF711D5CDC950059456C /* WeiboSDK.bundle */ = {isa = PBXFileReference; lastKnownFileType = "wrapper.plug-in"; path = WeiboSDK.bundle; sourceTree = "<group>"; };
		8B50BF721D5CDC950059456C /* WeiboSDK.h */ = {isa = PBXFileReference; fileEncoding = 4; lastKnownFileType = sourcecode.c.h; path = WeiboSDK.h; sourceTree = "<group>"; };
		8B50BF731D5CDC950059456C /* WeiboUser.h */ = {isa = PBXFileReference; fileEncoding = 4; lastKnownFileType = sourcecode.c.h; path = WeiboUser.h; sourceTree = "<group>"; };
		8B50BF741D5CDC950059456C /* WeiboAccess.h */ = {isa = PBXFileReference; fileEncoding = 4; lastKnownFileType = sourcecode.c.h; path = WeiboAccess.h; sourceTree = "<group>"; };
		8B50BF751D5CDC950059456C /* WeiboAccess.m */ = {isa = PBXFileReference; fileEncoding = 4; lastKnownFileType = sourcecode.c.objc; path = WeiboAccess.m; sourceTree = "<group>"; };
		8B73E9BF1DA0FFE00009968D /* check_mark@2x.png */ = {isa = PBXFileReference; lastKnownFileType = image.png; path = "check_mark@2x.png"; sourceTree = "<group>"; };
		8B73E9C01DA0FFE00009968D /* done@2x.png */ = {isa = PBXFileReference; lastKnownFileType = image.png; path = "done@2x.png"; sourceTree = "<group>"; };
		8B73E9C11DA0FFE00009968D /* drop_down@2x.png */ = {isa = PBXFileReference; lastKnownFileType = image.png; path = "drop_down@2x.png"; sourceTree = "<group>"; };
		8B73E9C21DA0FFE00009968D /* DropDownListView.h */ = {isa = PBXFileReference; fileEncoding = 4; lastKnownFileType = sourcecode.c.h; path = DropDownListView.h; sourceTree = "<group>"; };
		8B73E9C31DA0FFE00009968D /* DropDownListView.m */ = {isa = PBXFileReference; fileEncoding = 4; lastKnownFileType = sourcecode.c.objc; path = DropDownListView.m; sourceTree = "<group>"; };
		8B73E9C41DA0FFE00009968D /* DropDownViewCell.h */ = {isa = PBXFileReference; fileEncoding = 4; lastKnownFileType = sourcecode.c.h; path = DropDownViewCell.h; sourceTree = "<group>"; };
		8B73E9C51DA0FFE00009968D /* DropDownViewCell.m */ = {isa = PBXFileReference; fileEncoding = 4; lastKnownFileType = sourcecode.c.objc; path = DropDownViewCell.m; sourceTree = "<group>"; };
		8B7CBF011D9F6005009495D1 /* DataManager.h */ = {isa = PBXFileReference; fileEncoding = 4; lastKnownFileType = sourcecode.c.h; path = DataManager.h; sourceTree = "<group>"; };
		8B7CBF021D9F6005009495D1 /* DataManager.m */ = {isa = PBXFileReference; fileEncoding = 4; lastKnownFileType = sourcecode.c.objc; path = DataManager.m; sourceTree = "<group>"; };
		8B7CFFAB1DA47270007EB36A /* HomeTableItemModel.h */ = {isa = PBXFileReference; fileEncoding = 4; lastKnownFileType = sourcecode.c.h; path = HomeTableItemModel.h; sourceTree = "<group>"; };
		8B7CFFAC1DA47270007EB36A /* HomeTableItemModel.m */ = {isa = PBXFileReference; fileEncoding = 4; lastKnownFileType = sourcecode.c.objc; path = HomeTableItemModel.m; sourceTree = "<group>"; };
		8B7F74EB1DA38DF70057CB67 /* MP4Writer.h */ = {isa = PBXFileReference; fileEncoding = 4; lastKnownFileType = sourcecode.c.h; path = MP4Writer.h; sourceTree = "<group>"; };
		8B7F74EC1DA38DF70057CB67 /* MP4Writer.m */ = {isa = PBXFileReference; fileEncoding = 4; lastKnownFileType = sourcecode.c.objc; path = MP4Writer.m; sourceTree = "<group>"; };
		8B82D01B1D496BFA00FE6B34 /* FollowInformationViewController.h */ = {isa = PBXFileReference; fileEncoding = 4; lastKnownFileType = sourcecode.c.h; path = FollowInformationViewController.h; sourceTree = "<group>"; };
		8B82D01C1D496BFA00FE6B34 /* FollowInformationViewController.m */ = {isa = PBXFileReference; fileEncoding = 4; lastKnownFileType = sourcecode.c.objc; path = FollowInformationViewController.m; sourceTree = "<group>"; };
		8B82D0211D496C3100FE6B34 /* FollowerProfileViewController.h */ = {isa = PBXFileReference; fileEncoding = 4; lastKnownFileType = sourcecode.c.h; path = FollowerProfileViewController.h; sourceTree = "<group>"; };
		8B82D0221D496C3100FE6B34 /* FollowerProfileViewController.m */ = {isa = PBXFileReference; fileEncoding = 4; lastKnownFileType = sourcecode.c.objc; path = FollowerProfileViewController.m; sourceTree = "<group>"; };
		8B82D0241D496D7600FE6B34 /* FollowTableCell.h */ = {isa = PBXFileReference; fileEncoding = 4; lastKnownFileType = sourcecode.c.h; path = FollowTableCell.h; sourceTree = "<group>"; };
		8B82D0251D496D7600FE6B34 /* FollowTableCell.m */ = {isa = PBXFileReference; fileEncoding = 4; lastKnownFileType = sourcecode.c.objc; path = FollowTableCell.m; sourceTree = "<group>"; };
		8B82D0271D4972C300FE6B34 /* ProfileExpertTableCell.h */ = {isa = PBXFileReference; fileEncoding = 4; lastKnownFileType = sourcecode.c.h; path = ProfileExpertTableCell.h; sourceTree = "<group>"; };
		8B82D0281D4972C300FE6B34 /* ProfileExpertTableCell.m */ = {isa = PBXFileReference; fileEncoding = 4; lastKnownFileType = sourcecode.c.objc; path = ProfileExpertTableCell.m; sourceTree = "<group>"; };
		8B82D02A1D4972E400FE6B34 /* ShowTableCell.h */ = {isa = PBXFileReference; fileEncoding = 4; lastKnownFileType = sourcecode.c.h; path = ShowTableCell.h; sourceTree = "<group>"; };
		8B82D02B1D4972E400FE6B34 /* ShowTableCell.m */ = {isa = PBXFileReference; fileEncoding = 4; lastKnownFileType = sourcecode.c.objc; path = ShowTableCell.m; sourceTree = "<group>"; };
		8B83334D1D9E4A1500EB3243 /* TagModel.h */ = {isa = PBXFileReference; fileEncoding = 4; lastKnownFileType = sourcecode.c.h; path = TagModel.h; sourceTree = "<group>"; };
		8B83334E1D9E4A1500EB3243 /* TagModel.m */ = {isa = PBXFileReference; fileEncoding = 4; lastKnownFileType = sourcecode.c.objc; path = TagModel.m; sourceTree = "<group>"; };
		8B8B1D7E1D4F674C00B2A735 /* CommonFunction.h */ = {isa = PBXFileReference; lastKnownFileType = sourcecode.c.h; path = CommonFunction.h; sourceTree = "<group>"; };
		8B8B1D7F1D4F675C00B2A735 /* CommonFunction.m */ = {isa = PBXFileReference; fileEncoding = 4; lastKnownFileType = sourcecode.c.objc; path = CommonFunction.m; sourceTree = "<group>"; };
		8B8C7CF11D58B9F5002A056E /* Utility.h */ = {isa = PBXFileReference; fileEncoding = 4; lastKnownFileType = sourcecode.c.h; path = Utility.h; sourceTree = "<group>"; };
		8B8C7CF21D58B9F5002A056E /* Utility.m */ = {isa = PBXFileReference; fileEncoding = 4; lastKnownFileType = sourcecode.c.objc; path = Utility.m; sourceTree = "<group>"; };
		8B8F36A91D830B4400A03018 /* LECGlobalDefine.h */ = {isa = PBXFileReference; fileEncoding = 4; lastKnownFileType = sourcecode.c.h; path = LECGlobalDefine.h; sourceTree = "<group>"; };
		8B8F36AA1D830B4400A03018 /* LECPlayer.h */ = {isa = PBXFileReference; fileEncoding = 4; lastKnownFileType = sourcecode.c.h; path = LECPlayer.h; sourceTree = "<group>"; };
		8B8F36AB1D830B4400A03018 /* LECPlayerFoundation.h */ = {isa = PBXFileReference; fileEncoding = 4; lastKnownFileType = sourcecode.c.h; path = LECPlayerFoundation.h; sourceTree = "<group>"; };
		8B8F36AC1D830B4400A03018 /* LECPlayerOption.h */ = {isa = PBXFileReference; fileEncoding = 4; lastKnownFileType = sourcecode.c.h; path = LECPlayerOption.h; sourceTree = "<group>"; };
		8B8F36AD1D830B4400A03018 /* LECStreamRateItem.h */ = {isa = PBXFileReference; fileEncoding = 4; lastKnownFileType = sourcecode.c.h; path = LECStreamRateItem.h; sourceTree = "<group>"; };
		8B8F36AE1D830B4400A03018 /* LECPlayerResource.bundle */ = {isa = PBXFileReference; lastKnownFileType = "wrapper.plug-in"; path = LECPlayerResource.bundle; sourceTree = "<group>"; };
		8B8F36B01D830B4400A03018 /* libLECPlayerFoundation.a */ = {isa = PBXFileReference; lastKnownFileType = archive.ar; path = libLECPlayerFoundation.a; sourceTree = "<group>"; };
		8B8F36B11D830B4400A03018 /* libReachbility.a */ = {isa = PBXFileReference; lastKnownFileType = archive.ar; path = libReachbility.a; sourceTree = "<group>"; };
		8B8F36B21D830B4400A03018 /* libZipArchive.a */ = {isa = PBXFileReference; lastKnownFileType = archive.ar; path = libZipArchive.a; sourceTree = "<group>"; };
		8BA702141DA5899F00A828FE /* Follower.h */ = {isa = PBXFileReference; fileEncoding = 4; lastKnownFileType = sourcecode.c.h; path = Follower.h; sourceTree = "<group>"; };
		8BA702151DA5899F00A828FE /* Follower.m */ = {isa = PBXFileReference; fileEncoding = 4; lastKnownFileType = sourcecode.c.objc; path = Follower.m; sourceTree = "<group>"; };
		8BA702171DA58ACB00A828FE /* VideoModel.h */ = {isa = PBXFileReference; fileEncoding = 4; lastKnownFileType = sourcecode.c.h; path = VideoModel.h; sourceTree = "<group>"; };
		8BA702181DA58ACB00A828FE /* VideoModel.m */ = {isa = PBXFileReference; fileEncoding = 4; lastKnownFileType = sourcecode.c.objc; path = VideoModel.m; sourceTree = "<group>"; };
		8BC098BE1D869F0B00FD46AD /* User.h */ = {isa = PBXFileReference; fileEncoding = 4; lastKnownFileType = sourcecode.c.h; path = User.h; sourceTree = "<group>"; };
		8BC098BF1D869F0B00FD46AD /* User.m */ = {isa = PBXFileReference; fileEncoding = 4; lastKnownFileType = sourcecode.c.objc; path = User.m; sourceTree = "<group>"; };
		8BC0BBBE1D586F3900CEAEFC /* AVFoundation.framework */ = {isa = PBXFileReference; lastKnownFileType = wrapper.framework; name = AVFoundation.framework; path = System/Library/Frameworks/AVFoundation.framework; sourceTree = SDKROOT; };
		8BC0BBC01D586F5C00CEAEFC /* CoreMedia.framework */ = {isa = PBXFileReference; lastKnownFileType = wrapper.framework; name = CoreMedia.framework; path = System/Library/Frameworks/CoreMedia.framework; sourceTree = SDKROOT; };
		8BC0BBC21D586F6D00CEAEFC /* CoreTelephony.framework */ = {isa = PBXFileReference; lastKnownFileType = wrapper.framework; name = CoreTelephony.framework; path = System/Library/Frameworks/CoreTelephony.framework; sourceTree = SDKROOT; };
		8BC0BBC41D586F7F00CEAEFC /* CoreVideo.framework */ = {isa = PBXFileReference; lastKnownFileType = wrapper.framework; name = CoreVideo.framework; path = System/Library/Frameworks/CoreVideo.framework; sourceTree = SDKROOT; };
		8BC0BBC61D586F9600CEAEFC /* libc++.tbd */ = {isa = PBXFileReference; lastKnownFileType = "sourcecode.text-based-dylib-definition"; name = "libc++.tbd"; path = "usr/lib/libc++.tbd"; sourceTree = SDKROOT; };
		8BC0BBC81D586FA400CEAEFC /* libiconv.tbd */ = {isa = PBXFileReference; lastKnownFileType = "sourcecode.text-based-dylib-definition"; name = libiconv.tbd; path = usr/lib/libiconv.tbd; sourceTree = SDKROOT; };
		8BC0BBCA1D586FAE00CEAEFC /* libz.tbd */ = {isa = PBXFileReference; lastKnownFileType = "sourcecode.text-based-dylib-definition"; name = libz.tbd; path = usr/lib/libz.tbd; sourceTree = SDKROOT; };
		8BC0BBCC1D586FBA00CEAEFC /* libsqlite3.tbd */ = {isa = PBXFileReference; lastKnownFileType = "sourcecode.text-based-dylib-definition"; name = libsqlite3.tbd; path = usr/lib/libsqlite3.tbd; sourceTree = SDKROOT; };
		8BC0BBCE1D586FC700CEAEFC /* libstdc++.6.tbd */ = {isa = PBXFileReference; lastKnownFileType = "sourcecode.text-based-dylib-definition"; name = "libstdc++.6.tbd"; path = "usr/lib/libstdc++.6.tbd"; sourceTree = SDKROOT; };
		8BC0BBD01D58705700CEAEFC /* libresolv.9.tbd */ = {isa = PBXFileReference; lastKnownFileType = "sourcecode.text-based-dylib-definition"; name = libresolv.9.tbd; path = usr/lib/libresolv.9.tbd; sourceTree = SDKROOT; };
		8BC16A591D47B319007052E0 /* QuestionViewController.h */ = {isa = PBXFileReference; fileEncoding = 4; lastKnownFileType = sourcecode.c.h; path = QuestionViewController.h; sourceTree = "<group>"; };
		8BC16A5A1D47B319007052E0 /* QuestionViewController.m */ = {isa = PBXFileReference; fileEncoding = 4; lastKnownFileType = sourcecode.c.objc; path = QuestionViewController.m; sourceTree = "<group>"; };
		8BCD71241D424FF500ECFD88 /* vstreaming.app */ = {isa = PBXFileReference; explicitFileType = wrapper.application; includeInIndex = 0; path = vstreaming.app; sourceTree = BUILT_PRODUCTS_DIR; };
		8BCD71281D424FF500ECFD88 /* main.m */ = {isa = PBXFileReference; lastKnownFileType = sourcecode.c.objc; path = main.m; sourceTree = "<group>"; };
		8BCD71311D424FF500ECFD88 /* Base */ = {isa = PBXFileReference; lastKnownFileType = file.storyboard; name = Base; path = Base.lproj/Main.storyboard; sourceTree = "<group>"; };
		8BCD71341D424FF500ECFD88 /* vstreaming.xcdatamodel */ = {isa = PBXFileReference; lastKnownFileType = wrapper.xcdatamodel; path = vstreaming.xcdatamodel; sourceTree = "<group>"; };
		8BCD71361D424FF500ECFD88 /* Assets.xcassets */ = {isa = PBXFileReference; lastKnownFileType = folder.assetcatalog; path = Assets.xcassets; sourceTree = "<group>"; };
		8BCD71391D424FF500ECFD88 /* Base */ = {isa = PBXFileReference; lastKnownFileType = file.storyboard; name = Base; path = Base.lproj/LaunchScreen.storyboard; sourceTree = "<group>"; };
		8BCD713B1D424FF500ECFD88 /* Info.plist */ = {isa = PBXFileReference; lastKnownFileType = text.plist.xml; path = Info.plist; sourceTree = "<group>"; };
		8BCD71401D424FF500ECFD88 /* vstreamingTests.xctest */ = {isa = PBXFileReference; explicitFileType = wrapper.cfbundle; includeInIndex = 0; path = vstreamingTests.xctest; sourceTree = BUILT_PRODUCTS_DIR; };
		8BCD71441D424FF500ECFD88 /* vstreamingTests.m */ = {isa = PBXFileReference; lastKnownFileType = sourcecode.c.objc; path = vstreamingTests.m; sourceTree = "<group>"; };
		8BCD71461D424FF500ECFD88 /* Info.plist */ = {isa = PBXFileReference; lastKnownFileType = text.plist.xml; path = Info.plist; sourceTree = "<group>"; };
		8BCD714B1D424FF500ECFD88 /* vstreamingUITests.xctest */ = {isa = PBXFileReference; explicitFileType = wrapper.cfbundle; includeInIndex = 0; path = vstreamingUITests.xctest; sourceTree = BUILT_PRODUCTS_DIR; };
		8BCD714F1D424FF500ECFD88 /* vstreamingUITests.m */ = {isa = PBXFileReference; lastKnownFileType = sourcecode.c.objc; path = vstreamingUITests.m; sourceTree = "<group>"; };
		8BCD71511D424FF500ECFD88 /* Info.plist */ = {isa = PBXFileReference; lastKnownFileType = text.plist.xml; path = Info.plist; sourceTree = "<group>"; };
		8BCD715E1D42555700ECFD88 /* AppDelegate.h */ = {isa = PBXFileReference; fileEncoding = 4; lastKnownFileType = sourcecode.c.h; path = AppDelegate.h; sourceTree = "<group>"; };
		8BCD715F1D42555700ECFD88 /* AppDelegate.m */ = {isa = PBXFileReference; fileEncoding = 4; lastKnownFileType = sourcecode.c.objc; path = AppDelegate.m; sourceTree = "<group>"; };
		8BCD71651D425A9A00ECFD88 /* SignUpViewController.h */ = {isa = PBXFileReference; fileEncoding = 4; lastKnownFileType = sourcecode.c.h; path = SignUpViewController.h; sourceTree = "<group>"; };
		8BCD71661D425A9A00ECFD88 /* SignUpViewController.m */ = {isa = PBXFileReference; fileEncoding = 4; lastKnownFileType = sourcecode.c.objc; path = SignUpViewController.m; sourceTree = "<group>"; };
		8BCD71681D434EE900ECFD88 /* LoginViewController.h */ = {isa = PBXFileReference; fileEncoding = 4; lastKnownFileType = sourcecode.c.h; path = LoginViewController.h; sourceTree = "<group>"; };
		8BCD71691D434EE900ECFD88 /* LoginViewController.m */ = {isa = PBXFileReference; fileEncoding = 4; lastKnownFileType = sourcecode.c.objc; path = LoginViewController.m; sourceTree = "<group>"; };
		8BCD716B1D434FD800ECFD88 /* CountrySelectViewController.h */ = {isa = PBXFileReference; fileEncoding = 4; lastKnownFileType = sourcecode.c.h; path = CountrySelectViewController.h; sourceTree = "<group>"; };
		8BCD716C1D434FD800ECFD88 /* CountrySelectViewController.m */ = {isa = PBXFileReference; fileEncoding = 4; lastKnownFileType = sourcecode.c.objc; path = CountrySelectViewController.m; sourceTree = "<group>"; };
		8BCD716E1D43932A00ECFD88 /* UIKit.framework */ = {isa = PBXFileReference; lastKnownFileType = wrapper.framework; name = UIKit.framework; path = System/Library/Frameworks/UIKit.framework; sourceTree = SDKROOT; };
		8BCD71701D43933D00ECFD88 /* CoreGraphics.framework */ = {isa = PBXFileReference; lastKnownFileType = wrapper.framework; name = CoreGraphics.framework; path = System/Library/Frameworks/CoreGraphics.framework; sourceTree = SDKROOT; };
		8BCD71721D43934300ECFD88 /* Foundation.framework */ = {isa = PBXFileReference; lastKnownFileType = wrapper.framework; name = Foundation.framework; path = System/Library/Frameworks/Foundation.framework; sourceTree = SDKROOT; };
		8BCD717F1D448F3200ECFD88 /* HomeTableViewCell.h */ = {isa = PBXFileReference; fileEncoding = 4; lastKnownFileType = sourcecode.c.h; path = HomeTableViewCell.h; sourceTree = "<group>"; };
		8BCD71801D448F3200ECFD88 /* HomeTableViewCell.m */ = {isa = PBXFileReference; fileEncoding = 4; lastKnownFileType = sourcecode.c.objc; path = HomeTableViewCell.m; sourceTree = "<group>"; };
		8BCD71851D448F9300ECFD88 /* HomeViewController.h */ = {isa = PBXFileReference; fileEncoding = 4; lastKnownFileType = sourcecode.c.h; path = HomeViewController.h; sourceTree = "<group>"; };
		8BCD71861D448F9300ECFD88 /* HomeViewController.m */ = {isa = PBXFileReference; fileEncoding = 4; lastKnownFileType = sourcecode.c.objc; path = HomeViewController.m; sourceTree = "<group>"; };
		8BCD718A1D44AC2500ECFD88 /* GridScreenViewController.h */ = {isa = PBXFileReference; fileEncoding = 4; lastKnownFileType = sourcecode.c.h; path = GridScreenViewController.h; sourceTree = "<group>"; };
		8BCD718B1D44AC2500ECFD88 /* GridScreenViewController.m */ = {isa = PBXFileReference; fileEncoding = 4; lastKnownFileType = sourcecode.c.objc; path = GridScreenViewController.m; sourceTree = "<group>"; };
		8BCD718D1D44AE3D00ECFD88 /* CollectionViewCell.h */ = {isa = PBXFileReference; fileEncoding = 4; lastKnownFileType = sourcecode.c.h; path = CollectionViewCell.h; sourceTree = "<group>"; };
		8BCD718E1D44AE3D00ECFD88 /* CollectionViewCell.m */ = {isa = PBXFileReference; fileEncoding = 4; lastKnownFileType = sourcecode.c.objc; path = CollectionViewCell.m; sourceTree = "<group>"; };
		8BCD71901D44B76700ECFD88 /* QuartzCore.framework */ = {isa = PBXFileReference; lastKnownFileType = wrapper.framework; name = QuartzCore.framework; path = System/Library/Frameworks/QuartzCore.framework; sourceTree = SDKROOT; };
		8BCD71921D44BD1100ECFD88 /* MainTabViewController.h */ = {isa = PBXFileReference; fileEncoding = 4; lastKnownFileType = sourcecode.c.h; path = MainTabViewController.h; sourceTree = "<group>"; };
		8BCD71931D44BD1100ECFD88 /* MainTabViewController.m */ = {isa = PBXFileReference; fileEncoding = 4; lastKnownFileType = sourcecode.c.objc; path = MainTabViewController.m; sourceTree = "<group>"; };
		8BCD71991D44F36700ECFD88 /* MessagesViewController.h */ = {isa = PBXFileReference; fileEncoding = 4; lastKnownFileType = sourcecode.c.h; path = MessagesViewController.h; sourceTree = "<group>"; };
		8BCD719A1D44F36700ECFD88 /* MessagesViewController.m */ = {isa = PBXFileReference; fileEncoding = 4; lastKnownFileType = sourcecode.c.objc; path = MessagesViewController.m; sourceTree = "<group>"; };
		8BCD719C1D44F48100ECFD88 /* MessageTableViewCell.h */ = {isa = PBXFileReference; fileEncoding = 4; lastKnownFileType = sourcecode.c.h; path = MessageTableViewCell.h; sourceTree = "<group>"; };
		8BCD719D1D44F48100ECFD88 /* MessageTableViewCell.m */ = {isa = PBXFileReference; fileEncoding = 4; lastKnownFileType = sourcecode.c.objc; path = MessageTableViewCell.m; sourceTree = "<group>"; };
		8BCD71A01D4534EA00ECFD88 /* DetailViewController.h */ = {isa = PBXFileReference; fileEncoding = 4; lastKnownFileType = sourcecode.c.h; path = DetailViewController.h; sourceTree = "<group>"; };
		8BCD71A11D4534EA00ECFD88 /* DetailViewController.m */ = {isa = PBXFileReference; fileEncoding = 4; lastKnownFileType = sourcecode.c.objc; path = DetailViewController.m; sourceTree = "<group>"; };
		8BCD71A31D4550EC00ECFD88 /* QuestionTableCell.h */ = {isa = PBXFileReference; fileEncoding = 4; lastKnownFileType = sourcecode.c.h; path = QuestionTableCell.h; sourceTree = "<group>"; };
		8BCD71A41D4550EC00ECFD88 /* QuestionTableCell.m */ = {isa = PBXFileReference; fileEncoding = 4; lastKnownFileType = sourcecode.c.objc; path = QuestionTableCell.m; sourceTree = "<group>"; };
		8BCD71A61D45510000ECFD88 /* ExpertTableCell.h */ = {isa = PBXFileReference; fileEncoding = 4; lastKnownFileType = sourcecode.c.h; path = ExpertTableCell.h; sourceTree = "<group>"; };
		8BCD71A71D45510100ECFD88 /* ExpertTableCell.m */ = {isa = PBXFileReference; fileEncoding = 4; lastKnownFileType = sourcecode.c.objc; path = ExpertTableCell.m; sourceTree = "<group>"; };
		8BCD71A91D45510E00ECFD88 /* SuggestTableCell.h */ = {isa = PBXFileReference; fileEncoding = 4; lastKnownFileType = sourcecode.c.h; path = SuggestTableCell.h; sourceTree = "<group>"; };
		8BCD71AA1D45510E00ECFD88 /* SuggestTableCell.m */ = {isa = PBXFileReference; fileEncoding = 4; lastKnownFileType = sourcecode.c.objc; path = SuggestTableCell.m; sourceTree = "<group>"; };
		8BCD71AD1D45550A00ECFD88 /* GeneralConstant.h */ = {isa = PBXFileReference; lastKnownFileType = sourcecode.c.h; path = GeneralConstant.h; sourceTree = "<group>"; };
		8BCD71B01D45CAB600ECFD88 /* BroadCastViewController.h */ = {isa = PBXFileReference; fileEncoding = 4; lastKnownFileType = sourcecode.c.h; path = BroadCastViewController.h; sourceTree = "<group>"; };
		8BCD71B11D45CAB600ECFD88 /* BroadCastViewController.m */ = {isa = PBXFileReference; fileEncoding = 4; lastKnownFileType = sourcecode.c.objc; path = BroadCastViewController.m; sourceTree = "<group>"; };
		8BCD71B31D45CAEE00ECFD88 /* IndustrySelectViewController.h */ = {isa = PBXFileReference; fileEncoding = 4; lastKnownFileType = sourcecode.c.h; path = IndustrySelectViewController.h; sourceTree = "<group>"; };
		8BCD71B41D45CAEE00ECFD88 /* IndustrySelectViewController.m */ = {isa = PBXFileReference; fileEncoding = 4; lastKnownFileType = sourcecode.c.objc; path = IndustrySelectViewController.m; sourceTree = "<group>"; };
		8BCD71B61D45CDAA00ECFD88 /* IndustryTableCell.h */ = {isa = PBXFileReference; fileEncoding = 4; lastKnownFileType = sourcecode.c.h; path = IndustryTableCell.h; sourceTree = "<group>"; };
		8BCD71B71D45CDAA00ECFD88 /* IndustryTableCell.m */ = {isa = PBXFileReference; fileEncoding = 4; lastKnownFileType = sourcecode.c.objc; path = IndustryTableCell.m; sourceTree = "<group>"; };
		8BCD71B91D45DF9B00ECFD88 /* CustomGridFlowLayout.h */ = {isa = PBXFileReference; fileEncoding = 4; lastKnownFileType = sourcecode.c.h; path = CustomGridFlowLayout.h; sourceTree = "<group>"; };
		8BCD71BA1D45DF9B00ECFD88 /* CustomGridFlowLayout.m */ = {isa = PBXFileReference; fileEncoding = 4; lastKnownFileType = sourcecode.c.objc; path = CustomGridFlowLayout.m; sourceTree = "<group>"; };
		8BCD71C01D45F97D00ECFD88 /* BroadcasterSelectController.h */ = {isa = PBXFileReference; fileEncoding = 4; lastKnownFileType = sourcecode.c.h; path = BroadcasterSelectController.h; sourceTree = "<group>"; };
		8BCD71C11D45F97D00ECFD88 /* BroadcasterSelectController.m */ = {isa = PBXFileReference; fileEncoding = 4; lastKnownFileType = sourcecode.c.objc; path = BroadcasterSelectController.m; sourceTree = "<group>"; };
		8BCD71C61D45FCDB00ECFD88 /* BroadcasterTableCell.h */ = {isa = PBXFileReference; fileEncoding = 4; lastKnownFileType = sourcecode.c.h; path = BroadcasterTableCell.h; sourceTree = "<group>"; };
		8BCD71C71D45FCDB00ECFD88 /* BroadcasterTableCell.m */ = {isa = PBXFileReference; fileEncoding = 4; lastKnownFileType = sourcecode.c.objc; path = BroadcasterTableCell.m; sourceTree = "<group>"; };
		8BCD71CA1D4612AD00ECFD88 /* ExpertSubmitViewController.h */ = {isa = PBXFileReference; fileEncoding = 4; lastKnownFileType = sourcecode.c.h; path = ExpertSubmitViewController.h; sourceTree = "<group>"; };
		8BCD71CB1D4612AD00ECFD88 /* ExpertSubmitViewController.m */ = {isa = PBXFileReference; fileEncoding = 4; lastKnownFileType = sourcecode.c.objc; path = ExpertSubmitViewController.m; sourceTree = "<group>"; };
		8BCD71CD1D466E7B00ECFD88 /* MainProfileViewController.h */ = {isa = PBXFileReference; fileEncoding = 4; lastKnownFileType = sourcecode.c.h; path = MainProfileViewController.h; sourceTree = "<group>"; };
		8BCD71CE1D466E7B00ECFD88 /* MainProfileViewController.m */ = {isa = PBXFileReference; fileEncoding = 4; lastKnownFileType = sourcecode.c.objc; path = MainProfileViewController.m; sourceTree = "<group>"; };
		8BCD71D11D466EE200ECFD88 /* MyShowViewController.h */ = {isa = PBXFileReference; fileEncoding = 4; lastKnownFileType = sourcecode.c.h; path = MyShowViewController.h; sourceTree = "<group>"; };
		8BCD71D21D466EE200ECFD88 /* MyShowViewController.m */ = {isa = PBXFileReference; fileEncoding = 4; lastKnownFileType = sourcecode.c.objc; path = MyShowViewController.m; sourceTree = "<group>"; };
		8BCD71DA1D479D8300ECFD88 /* MyBalanceViewController.h */ = {isa = PBXFileReference; fileEncoding = 4; lastKnownFileType = sourcecode.c.h; path = MyBalanceViewController.h; sourceTree = "<group>"; };
		8BCD71DB1D479D8300ECFD88 /* MyBalanceViewController.m */ = {isa = PBXFileReference; fileEncoding = 4; lastKnownFileType = sourcecode.c.objc; path = MyBalanceViewController.m; sourceTree = "<group>"; };
		8BCD71DD1D479D9200ECFD88 /* InComeViewController.h */ = {isa = PBXFileReference; fileEncoding = 4; lastKnownFileType = sourcecode.c.h; path = InComeViewController.h; sourceTree = "<group>"; };
		8BCD71DE1D479D9200ECFD88 /* InComeViewController.m */ = {isa = PBXFileReference; fileEncoding = 4; lastKnownFileType = sourcecode.c.objc; path = InComeViewController.m; sourceTree = "<group>"; };
		8BD7A68E1D4DEEB80001B822 /* APIConstant.h */ = {isa = PBXFileReference; lastKnownFileType = sourcecode.c.h; path = APIConstant.h; sourceTree = "<group>"; };
		8BD7A68F1D4DEEC90001B822 /* APIConstant.m */ = {isa = PBXFileReference; fileEncoding = 4; lastKnownFileType = sourcecode.c.objc; path = APIConstant.m; sourceTree = "<group>"; };
		8BD7A6921D4DF4D70001B822 /* InTalkAPI.h */ = {isa = PBXFileReference; fileEncoding = 4; lastKnownFileType = sourcecode.c.h; path = InTalkAPI.h; sourceTree = "<group>"; };
		8BD7A6931D4DF4D70001B822 /* InTalkAPI.m */ = {isa = PBXFileReference; fileEncoding = 4; lastKnownFileType = sourcecode.c.objc; path = InTalkAPI.m; sourceTree = "<group>"; };
		8BD7A6951D4E3F7D0001B822 /* WebManager.h */ = {isa = PBXFileReference; lastKnownFileType = sourcecode.c.h; path = WebManager.h; sourceTree = "<group>"; };
		8BD7A6961D4E3F8F0001B822 /* WebManager.m */ = {isa = PBXFileReference; fileEncoding = 4; lastKnownFileType = sourcecode.c.objc; path = WebManager.m; sourceTree = "<group>"; };
		8BDCE8241D5DBBBD00029F8F /* AudioToolbox.framework */ = {isa = PBXFileReference; lastKnownFileType = wrapper.framework; name = AudioToolbox.framework; path = System/Library/Frameworks/AudioToolbox.framework; sourceTree = SDKROOT; };
		8BDCE8271D5DBBD100029F8F /* CoreAudio.framework */ = {isa = PBXFileReference; lastKnownFileType = wrapper.framework; name = CoreAudio.framework; path = System/Library/Frameworks/CoreAudio.framework; sourceTree = SDKROOT; };
		8BDCE8351D5DBEAF00029F8F /* UIView+Screenshot.h */ = {isa = PBXFileReference; fileEncoding = 4; lastKnownFileType = sourcecode.c.h; path = "UIView+Screenshot.h"; sourceTree = "<group>"; };
		8BDCE8361D5DBEAF00029F8F /* UIView+Screenshot.m */ = {isa = PBXFileReference; fileEncoding = 4; lastKnownFileType = sourcecode.c.objc; path = "UIView+Screenshot.m"; sourceTree = "<group>"; };
		8BDCE8451D5E18A700029F8F /* MediaPlayer.framework */ = {isa = PBXFileReference; lastKnownFileType = wrapper.framework; name = MediaPlayer.framework; path = System/Library/Frameworks/MediaPlayer.framework; sourceTree = SDKROOT; };
		8BDCE8471D5E19F700029F8F /* AVKit.framework */ = {isa = PBXFileReference; lastKnownFileType = wrapper.framework; name = AVKit.framework; path = System/Library/Frameworks/AVKit.framework; sourceTree = SDKROOT; };
		B30086A11FC450DA9CDD7C1B /* libPods-vstreaming.a */ = {isa = PBXFileReference; explicitFileType = archive.ar; includeInIndex = 0; path = "libPods-vstreaming.a"; sourceTree = BUILT_PRODUCTS_DIR; };
		C2913635067F1CFD8295EFB9 /* Pods-vstreaming.release.xcconfig */ = {isa = PBXFileReference; includeInIndex = 1; lastKnownFileType = text.xcconfig; name = "Pods-vstreaming.release.xcconfig"; path = "Pods/Target Support Files/Pods-vstreaming/Pods-vstreaming.release.xcconfig"; sourceTree = "<group>"; };
/* End PBXFileReference section */

/* Begin PBXFrameworksBuildPhase section */
		8BCD71211D424FF500ECFD88 /* Frameworks */ = {
			isa = PBXFrameworksBuildPhase;
			buildActionMask = 2147483647;
			files = (
				8B8F36B41D830B4400A03018 /* libLECPlayerFoundation.a in Frameworks */,
				8B8F36B51D830B4400A03018 /* libReachbility.a in Frameworks */,
				8B8F36B61D830B4400A03018 /* libZipArchive.a in Frameworks */,
				8B8F36B71D830B6800A03018 /* LECPlayerResource.bundle in Frameworks */,
				8B4BB31F1D739CF900ABF1C3 /* MediaPlayer.framework in Frameworks */,
				8B4BB31E1D739C3A00ABF1C3 /* VideoToolbox.framework in Frameworks */,
				8BDCE8251D5DBBBD00029F8F /* AudioToolbox.framework in Frameworks */,
				8B4BB31A1D739C1500ABF1C3 /* CoreGraphics.framework in Frameworks */,
				8B0C68C91D7324A700C68C59 /* WowzaGoCoderSDK.framework in Frameworks */,
				8BDCE8481D5E19F700029F8F /* AVKit.framework in Frameworks */,
				8BDCE8281D5DBBD200029F8F /* CoreAudio.framework in Frameworks */,
				8BDCE8261D5DBBC600029F8F /* CoreMedia.framework in Frameworks */,
				8B1B0E071D5A818200B59DD9 /* SystemConfiguration.framework in Frameworks */,
				8B1B0E431D5BD25A00B59DD9 /* TencentOpenAPI.framework in Frameworks */,
				8BC0BBBF1D586F3900CEAEFC /* AVFoundation.framework in Frameworks */,
				8BC0BBC31D586F6D00CEAEFC /* CoreTelephony.framework in Frameworks */,
				8BCD71911D44B76700ECFD88 /* QuartzCore.framework in Frameworks */,
				8BCD71731D43934300ECFD88 /* Foundation.framework in Frameworks */,
				8BCD716F1D43932A00ECFD88 /* UIKit.framework in Frameworks */,
				8B50BF761D5CDC950059456C /* libWeiboSDK.a in Frameworks */,
				8B1B0E3A1D5AB91500B59DD9 /* libWeChatSDK.a in Frameworks */,
				8BC0BBC71D586F9600CEAEFC /* libc++.tbd in Frameworks */,
				8BC0BBC91D586FA400CEAEFC /* libiconv.tbd in Frameworks */,
				8BC0BBCB1D586FAE00CEAEFC /* libz.tbd in Frameworks */,
				8BC0BBCD1D586FBA00CEAEFC /* libsqlite3.tbd in Frameworks */,
				7BB12E8FED0D7E73A79E2C3F /* libPods-vstreaming.a in Frameworks */,
			);
			runOnlyForDeploymentPostprocessing = 0;
		};
		8BCD713D1D424FF500ECFD88 /* Frameworks */ = {
			isa = PBXFrameworksBuildPhase;
			buildActionMask = 2147483647;
			files = (
			);
			runOnlyForDeploymentPostprocessing = 0;
		};
		8BCD71481D424FF500ECFD88 /* Frameworks */ = {
			isa = PBXFrameworksBuildPhase;
			buildActionMask = 2147483647;
			files = (
			);
			runOnlyForDeploymentPostprocessing = 0;
		};
/* End PBXFrameworksBuildPhase section */

/* Begin PBXGroup section */
		8B1B0E301D5AB91500B59DD9 /* WeChat */ = {
			isa = PBXGroup;
			children = (
				8B1B0E311D5AB91500B59DD9 /* WechatAccess.h */,
				8B1B0E321D5AB91500B59DD9 /* WechatAccess.m */,
				8B1B0E331D5AB91500B59DD9 /* weChatSDK1.7.2 */,
			);
			path = WeChat;
			sourceTree = "<group>";
		};
		8B1B0E331D5AB91500B59DD9 /* weChatSDK1.7.2 */ = {
			isa = PBXGroup;
			children = (
				8B1B0E341D5AB91500B59DD9 /* libWeChatSDK.a */,
				8B1B0E351D5AB91500B59DD9 /* README.txt */,
				8B1B0E361D5AB91500B59DD9 /* WechatAuthSDK.h */,
				8B1B0E371D5AB91500B59DD9 /* WXApi.h */,
				8B1B0E381D5AB91500B59DD9 /* WXApiObject.h */,
			);
			path = weChatSDK1.7.2;
			sourceTree = "<group>";
		};
		8B1B0E3D1D5BD25A00B59DD9 /* Tencent */ = {
			isa = PBXGroup;
			children = (
				8B1B0E3E1D5BD25A00B59DD9 /* QQSDK3.1.0 */,
				8B1B0E411D5BD25A00B59DD9 /* TencentAccess.h */,
				8B1B0E421D5BD25A00B59DD9 /* TencentAccess.m */,
			);
			path = Tencent;
			sourceTree = "<group>";
		};
		8B1B0E3E1D5BD25A00B59DD9 /* QQSDK3.1.0 */ = {
			isa = PBXGroup;
			children = (
				8B1B0E3F1D5BD25A00B59DD9 /* TencentOpenAPI.framework */,
				8B1B0E401D5BD25A00B59DD9 /* TencentOpenApi_IOS_Bundle.bundle */,
			);
			path = QQSDK3.1.0;
			sourceTree = "<group>";
		};
		8B503A841D4A3985008848CE /* LanguageView */ = {
			isa = PBXGroup;
			children = (
				8B503A851D4A39A5008848CE /* LanguageSettingViewController.h */,
				8B503A861D4A39A5008848CE /* LanguageSettingViewController.m */,
			);
			path = LanguageView;
			sourceTree = "<group>";
		};
		8B503A881D4A3AEB008848CE /* OtherSettingView */ = {
			isa = PBXGroup;
			children = (
				8B503A891D4A3AFA008848CE /* OtherSettingViewController.h */,
				8B503A8A1D4A3AFA008848CE /* OtherSettingViewController.m */,
			);
			path = OtherSettingView;
			sourceTree = "<group>";
		};
		8B503A8F1D4B4F3E008848CE /* ExpertSearchView */ = {
			isa = PBXGroup;
			children = (
				8B503A901D4B4F4E008848CE /* ExpertSearchViewController.h */,
				8B503A911D4B4F4E008848CE /* ExpertSearchViewController.m */,
				8B503A931D4B4F6C008848CE /* ExpertSearchTableCell.h */,
				8B503A941D4B4F6C008848CE /* ExpertSearchTableCell.m */,
			);
			path = ExpertSearchView;
			sourceTree = "<group>";
		};
		8B50BF651D5CDC950059456C /* WeiBo */ = {
			isa = PBXGroup;
			children = (
				8B50BF661D5CDC950059456C /* libWeiboSDK */,
				8B50BF741D5CDC950059456C /* WeiboAccess.h */,
				8B50BF751D5CDC950059456C /* WeiboAccess.m */,
			);
			path = WeiBo;
			sourceTree = "<group>";
		};
		8B50BF661D5CDC950059456C /* libWeiboSDK */ = {
			isa = PBXGroup;
			children = (
				8B50BF671D5CDC950059456C /* libWeiboSDK.a */,
				8B50BF681D5CDC950059456C /* WBHttpRequest+WeiboGame.h */,
				8B50BF691D5CDC950059456C /* WBHttpRequest+WeiboShare.h */,
				8B50BF6A1D5CDC950059456C /* WBHttpRequest+WeiboToken.h */,
				8B50BF6B1D5CDC950059456C /* WBHttpRequest+WeiboUser.h */,
				8B50BF6C1D5CDC950059456C /* WBHttpRequest.h */,
				8B50BF6D1D5CDC950059456C /* WBSDKBasicButton.h */,
				8B50BF6E1D5CDC950059456C /* WBSDKCommentButton.h */,
				8B50BF6F1D5CDC950059456C /* WBSDKRelationshipButton.h */,
				8B50BF701D5CDC950059456C /* WeiboSDK+Statistics.h */,
				8B50BF711D5CDC950059456C /* WeiboSDK.bundle */,
				8B50BF721D5CDC950059456C /* WeiboSDK.h */,
				8B50BF731D5CDC950059456C /* WeiboUser.h */,
			);
			path = libWeiboSDK;
			sourceTree = "<group>";
		};
		8B73E9BE1DA0FFE00009968D /* kDropDown */ = {
			isa = PBXGroup;
			children = (
				8B73E9BF1DA0FFE00009968D /* check_mark@2x.png */,
				8B73E9C01DA0FFE00009968D /* done@2x.png */,
				8B73E9C11DA0FFE00009968D /* drop_down@2x.png */,
				8B73E9C21DA0FFE00009968D /* DropDownListView.h */,
				8B73E9C31DA0FFE00009968D /* DropDownListView.m */,
				8B73E9C41DA0FFE00009968D /* DropDownViewCell.h */,
				8B73E9C51DA0FFE00009968D /* DropDownViewCell.m */,
			);
			path = kDropDown;
			sourceTree = "<group>";
		};
		8B7F74EA1DA38DEC0057CB67 /* Record */ = {
			isa = PBXGroup;
			children = (
				8B7F74EB1DA38DF70057CB67 /* MP4Writer.h */,
				8B7F74EC1DA38DF70057CB67 /* MP4Writer.m */,
			);
			path = Record;
			sourceTree = "<group>";
		};
		8B82D01A1D496BE500FE6B34 /* FollowInformation */ = {
			isa = PBXGroup;
			children = (
				8B82D01B1D496BFA00FE6B34 /* FollowInformationViewController.h */,
				8B82D01C1D496BFA00FE6B34 /* FollowInformationViewController.m */,
				8B82D0211D496C3100FE6B34 /* FollowerProfileViewController.h */,
				8B82D0221D496C3100FE6B34 /* FollowerProfileViewController.m */,
				8B82D0241D496D7600FE6B34 /* FollowTableCell.h */,
				8B82D0251D496D7600FE6B34 /* FollowTableCell.m */,
				8B82D0271D4972C300FE6B34 /* ProfileExpertTableCell.h */,
				8B82D0281D4972C300FE6B34 /* ProfileExpertTableCell.m */,
				8B82D02A1D4972E400FE6B34 /* ShowTableCell.h */,
				8B82D02B1D4972E400FE6B34 /* ShowTableCell.m */,
			);
			path = FollowInformation;
			sourceTree = "<group>";
		};
		8B8C7CF01D58B9F5002A056E /* Utility */ = {
			isa = PBXGroup;
			children = (
				8B8C7CF11D58B9F5002A056E /* Utility.h */,
				8B8C7CF21D58B9F5002A056E /* Utility.m */,
			);
			path = Utility;
			sourceTree = "<group>";
		};
		8B8F36A61D830B4400A03018 /* RECLib */ = {
			isa = PBXGroup;
			children = (
				8B8F36A71D830B4400A03018 /* inc */,
				8B8F36AE1D830B4400A03018 /* LECPlayerResource.bundle */,
				8B8F36AF1D830B4400A03018 /* Libs */,
			);
			path = RECLib;
			sourceTree = "<group>";
		};
		8B8F36A71D830B4400A03018 /* inc */ = {
			isa = PBXGroup;
			children = (
				8B8F36A81D830B4400A03018 /* LECPlayerFoundation */,
			);
			path = inc;
			sourceTree = "<group>";
		};
		8B8F36A81D830B4400A03018 /* LECPlayerFoundation */ = {
			isa = PBXGroup;
			children = (
				8B8F36A91D830B4400A03018 /* LECGlobalDefine.h */,
				8B8F36AA1D830B4400A03018 /* LECPlayer.h */,
				8B8F36AB1D830B4400A03018 /* LECPlayerFoundation.h */,
				8B8F36AC1D830B4400A03018 /* LECPlayerOption.h */,
				8B8F36AD1D830B4400A03018 /* LECStreamRateItem.h */,
			);
			path = LECPlayerFoundation;
			sourceTree = "<group>";
		};
		8B8F36AF1D830B4400A03018 /* Libs */ = {
			isa = PBXGroup;
			children = (
				8B8F36B01D830B4400A03018 /* libLECPlayerFoundation.a */,
				8B8F36B11D830B4400A03018 /* libReachbility.a */,
				8B8F36B21D830B4400A03018 /* libZipArchive.a */,
			);
			path = Libs;
			sourceTree = "<group>";
		};
		8BC098BD1D869EE800FD46AD /* Model */ = {
			isa = PBXGroup;
			children = (
				8BC098BE1D869F0B00FD46AD /* User.h */,
				8BC098BF1D869F0B00FD46AD /* User.m */,
				8B83334D1D9E4A1500EB3243 /* TagModel.h */,
				8B83334E1D9E4A1500EB3243 /* TagModel.m */,
				8B7CBF011D9F6005009495D1 /* DataManager.h */,
				8B7CBF021D9F6005009495D1 /* DataManager.m */,
				8B7CFFAB1DA47270007EB36A /* HomeTableItemModel.h */,
				8B7CFFAC1DA47270007EB36A /* HomeTableItemModel.m */,
				8BA702141DA5899F00A828FE /* Follower.h */,
				8BA702151DA5899F00A828FE /* Follower.m */,
				8BA702171DA58ACB00A828FE /* VideoModel.h */,
				8BA702181DA58ACB00A828FE /* VideoModel.m */,
			);
			path = Model;
			sourceTree = "<group>";
		};
		8BC16A581D47B308007052E0 /* QuestionView */ = {
			isa = PBXGroup;
			children = (
				8BC16A591D47B319007052E0 /* QuestionViewController.h */,
				8BC16A5A1D47B319007052E0 /* QuestionViewController.m */,
			);
			path = QuestionView;
			sourceTree = "<group>";
		};
		8BCD711B1D424FF500ECFD88 = {
			isa = PBXGroup;
			children = (
				8B0C68C81D7324A700C68C59 /* WowzaGoCoderSDK.framework */,
				8BCD71261D424FF500ECFD88 /* vstreaming */,
				8BCD71431D424FF500ECFD88 /* vstreamingTests */,
				8BCD714E1D424FF500ECFD88 /* vstreamingUITests */,
				8BCD71251D424FF500ECFD88 /* Products */,
				F5F47BE7E538009EA20A57A4 /* Frameworks */,
				9D71E77DFB8F1A4A54BF17A3 /* Pods */,
			);
			sourceTree = "<group>";
		};
		8BCD71251D424FF500ECFD88 /* Products */ = {
			isa = PBXGroup;
			children = (
				8BCD71241D424FF500ECFD88 /* vstreaming.app */,
				8BCD71401D424FF500ECFD88 /* vstreamingTests.xctest */,
				8BCD714B1D424FF500ECFD88 /* vstreamingUITests.xctest */,
			);
			name = Products;
			sourceTree = "<group>";
		};
		8BCD71261D424FF500ECFD88 /* vstreaming */ = {
			isa = PBXGroup;
			children = (
				8B7F74EA1DA38DEC0057CB67 /* Record */,
				8BC098BD1D869EE800FD46AD /* Model */,
				8B8F36A61D830B4400A03018 /* RECLib */,
				8BDCE82C1D5DBEAF00029F8F /* SubWidget */,
				8B8C7CF01D58B9F5002A056E /* Utility */,
				8BD7A6911D4DF4AD0001B822 /* Rest */,
				8BCD71AC1D4554A700ECFD88 /* Constant */,
				8BCD71641D425A9A00ECFD88 /* ViewController */,
				8BCD715D1D42553200ECFD88 /* AppDelegate */,
				8BCD71301D424FF500ECFD88 /* Main.storyboard */,
				8BCD71361D424FF500ECFD88 /* Assets.xcassets */,
				8BCD71381D424FF500ECFD88 /* LaunchScreen.storyboard */,
				8BCD713B1D424FF500ECFD88 /* Info.plist */,
				8BCD71331D424FF500ECFD88 /* vstreaming.xcdatamodeld */,
				8B1B0E301D5AB91500B59DD9 /* WeChat */,
				8B1B0E3D1D5BD25A00B59DD9 /* Tencent */,
				8B50BF651D5CDC950059456C /* WeiBo */,
				8BCD71271D424FF500ECFD88 /* Supporting Files */,
			);
			path = vstreaming;
			sourceTree = "<group>";
		};
		8BCD71271D424FF500ECFD88 /* Supporting Files */ = {
			isa = PBXGroup;
			children = (
				8BCD71281D424FF500ECFD88 /* main.m */,
				8B1B0E3C1D5AC16B00B59DD9 /* vstreaming-Prefix.pch */,
			);
			name = "Supporting Files";
			sourceTree = "<group>";
		};
		8BCD71431D424FF500ECFD88 /* vstreamingTests */ = {
			isa = PBXGroup;
			children = (
				8BCD71441D424FF500ECFD88 /* vstreamingTests.m */,
				8BCD71461D424FF500ECFD88 /* Info.plist */,
			);
			path = vstreamingTests;
			sourceTree = "<group>";
		};
		8BCD714E1D424FF500ECFD88 /* vstreamingUITests */ = {
			isa = PBXGroup;
			children = (
				8BCD714F1D424FF500ECFD88 /* vstreamingUITests.m */,
				8BCD71511D424FF500ECFD88 /* Info.plist */,
			);
			path = vstreamingUITests;
			sourceTree = "<group>";
		};
		8BCD715D1D42553200ECFD88 /* AppDelegate */ = {
			isa = PBXGroup;
			children = (
				8BCD715E1D42555700ECFD88 /* AppDelegate.h */,
				8BCD715F1D42555700ECFD88 /* AppDelegate.m */,
			);
			path = AppDelegate;
			sourceTree = "<group>";
		};
		8BCD71641D425A9A00ECFD88 /* ViewController */ = {
			isa = PBXGroup;
			children = (
				8BCD717C1D448F0100ECFD88 /* MainScreenViewController */,
				8BCD71651D425A9A00ECFD88 /* SignUpViewController.h */,
				8BCD71661D425A9A00ECFD88 /* SignUpViewController.m */,
				8BCD71681D434EE900ECFD88 /* LoginViewController.h */,
				8BCD71691D434EE900ECFD88 /* LoginViewController.m */,
				8BCD716B1D434FD800ECFD88 /* CountrySelectViewController.h */,
				8BCD716C1D434FD800ECFD88 /* CountrySelectViewController.m */,
			);
			path = ViewController;
			sourceTree = "<group>";
		};
		8BCD717C1D448F0100ECFD88 /* MainScreenViewController */ = {
			isa = PBXGroup;
			children = (
				8BCD71AF1D45CAA000ECFD88 /* ProfileViewController */,
				8BCD71AE1D45CA9A00ECFD88 /* BroadcastViewController */,
				8BCD71951D44F32500ECFD88 /* MessageViewController */,
				8BCD71891D44AC0C00ECFD88 /* GridScreenViewController */,
				8BCD717E1D448F0800ECFD88 /* HomeScreenViewController */,
				8BCD71921D44BD1100ECFD88 /* MainTabViewController.h */,
				8BCD71931D44BD1100ECFD88 /* MainTabViewController.m */,
			);
			path = MainScreenViewController;
			sourceTree = "<group>";
		};
		8BCD717E1D448F0800ECFD88 /* HomeScreenViewController */ = {
			isa = PBXGroup;
			children = (
				8B503A8F1D4B4F3E008848CE /* ExpertSearchView */,
				8BC16A581D47B308007052E0 /* QuestionView */,
				8BCD719F1D45348700ECFD88 /* DetailViewController */,
				8BCD717F1D448F3200ECFD88 /* HomeTableViewCell.h */,
				8BCD71801D448F3200ECFD88 /* HomeTableViewCell.m */,
				8BCD71851D448F9300ECFD88 /* HomeViewController.h */,
				8BCD71861D448F9300ECFD88 /* HomeViewController.m */,
			);
			path = HomeScreenViewController;
			sourceTree = "<group>";
		};
		8BCD71891D44AC0C00ECFD88 /* GridScreenViewController */ = {
			isa = PBXGroup;
			children = (
				8BCD71BF1D45F97D00ECFD88 /* Broadcaster */,
				8BCD718A1D44AC2500ECFD88 /* GridScreenViewController.h */,
				8BCD718B1D44AC2500ECFD88 /* GridScreenViewController.m */,
				8BCD718D1D44AE3D00ECFD88 /* CollectionViewCell.h */,
				8BCD718E1D44AE3D00ECFD88 /* CollectionViewCell.m */,
				8BCD71B91D45DF9B00ECFD88 /* CustomGridFlowLayout.h */,
				8BCD71BA1D45DF9B00ECFD88 /* CustomGridFlowLayout.m */,
			);
			path = GridScreenViewController;
			sourceTree = "<group>";
		};
		8BCD71951D44F32500ECFD88 /* MessageViewController */ = {
			isa = PBXGroup;
			children = (
				8BCD71991D44F36700ECFD88 /* MessagesViewController.h */,
				8BCD719A1D44F36700ECFD88 /* MessagesViewController.m */,
				8BCD719C1D44F48100ECFD88 /* MessageTableViewCell.h */,
				8BCD719D1D44F48100ECFD88 /* MessageTableViewCell.m */,
				8B503A8C1D4A518E008848CE /* ChatViewController.h */,
				8B503A8D1D4A518E008848CE /* ChatViewController.m */,
			);
			path = MessageViewController;
			sourceTree = "<group>";
		};
		8BCD719F1D45348700ECFD88 /* DetailViewController */ = {
			isa = PBXGroup;
			children = (
				8BCD71A01D4534EA00ECFD88 /* DetailViewController.h */,
				8BCD71A11D4534EA00ECFD88 /* DetailViewController.m */,
				8BCD71A31D4550EC00ECFD88 /* QuestionTableCell.h */,
				8BCD71A41D4550EC00ECFD88 /* QuestionTableCell.m */,
				8BCD71A61D45510000ECFD88 /* ExpertTableCell.h */,
				8BCD71A71D45510100ECFD88 /* ExpertTableCell.m */,
				8BCD71A91D45510E00ECFD88 /* SuggestTableCell.h */,
				8BCD71AA1D45510E00ECFD88 /* SuggestTableCell.m */,
			);
			path = DetailViewController;
			sourceTree = "<group>";
		};
		8BCD71AC1D4554A700ECFD88 /* Constant */ = {
			isa = PBXGroup;
			children = (
				8BCD71AD1D45550A00ECFD88 /* GeneralConstant.h */,
				8BD7A68E1D4DEEB80001B822 /* APIConstant.h */,
				8BD7A68F1D4DEEC90001B822 /* APIConstant.m */,
				8B8B1D7E1D4F674C00B2A735 /* CommonFunction.h */,
				8B8B1D7F1D4F675C00B2A735 /* CommonFunction.m */,
			);
			path = Constant;
			sourceTree = "<group>";
		};
		8BCD71AE1D45CA9A00ECFD88 /* BroadcastViewController */ = {
			isa = PBXGroup;
			children = (
				8BCD71C91D46127A00ECFD88 /* ExpertSubmit */,
				8BCD71B01D45CAB600ECFD88 /* BroadCastViewController.h */,
				8BCD71B11D45CAB600ECFD88 /* BroadCastViewController.m */,
				8BCD71B31D45CAEE00ECFD88 /* IndustrySelectViewController.h */,
				8BCD71B41D45CAEE00ECFD88 /* IndustrySelectViewController.m */,
				8BCD71B61D45CDAA00ECFD88 /* IndustryTableCell.h */,
				8BCD71B71D45CDAA00ECFD88 /* IndustryTableCell.m */,
			);
			path = BroadcastViewController;
			sourceTree = "<group>";
		};
		8BCD71AF1D45CAA000ECFD88 /* ProfileViewController */ = {
			isa = PBXGroup;
			children = (
				8B503A881D4A3AEB008848CE /* OtherSettingView */,
				8B82D01A1D496BE500FE6B34 /* FollowInformation */,
				8BCD71D91D479D7500ECFD88 /* MyBalance */,
				8BCD71D41D479D2D00ECFD88 /* Income */,
				8BCD71D01D466ED000ECFD88 /* MyShow */,
				8B503A841D4A3985008848CE /* LanguageView */,
				8BCD71CD1D466E7B00ECFD88 /* MainProfileViewController.h */,
				8BCD71CE1D466E7B00ECFD88 /* MainProfileViewController.m */,
				8B503A811D4A2F01008848CE /* SettingViewController.h */,
				8B503A821D4A2F01008848CE /* SettingViewController.m */,
			);
			path = ProfileViewController;
			sourceTree = "<group>";
		};
		8BCD71BF1D45F97D00ECFD88 /* Broadcaster */ = {
			isa = PBXGroup;
			children = (
				8BCD71C01D45F97D00ECFD88 /* BroadcasterSelectController.h */,
				8BCD71C11D45F97D00ECFD88 /* BroadcasterSelectController.m */,
				8BCD71C61D45FCDB00ECFD88 /* BroadcasterTableCell.h */,
				8BCD71C71D45FCDB00ECFD88 /* BroadcasterTableCell.m */,
			);
			path = Broadcaster;
			sourceTree = "<group>";
		};
		8BCD71C91D46127A00ECFD88 /* ExpertSubmit */ = {
			isa = PBXGroup;
			children = (
				8BCD71CA1D4612AD00ECFD88 /* ExpertSubmitViewController.h */,
				8BCD71CB1D4612AD00ECFD88 /* ExpertSubmitViewController.m */,
			);
			path = ExpertSubmit;
			sourceTree = "<group>";
		};
		8BCD71D01D466ED000ECFD88 /* MyShow */ = {
			isa = PBXGroup;
			children = (
				8BCD71D11D466EE200ECFD88 /* MyShowViewController.h */,
				8BCD71D21D466EE200ECFD88 /* MyShowViewController.m */,
			);
			path = MyShow;
			sourceTree = "<group>";
		};
		8BCD71D41D479D2D00ECFD88 /* Income */ = {
			isa = PBXGroup;
			children = (
				8BCD71DD1D479D9200ECFD88 /* InComeViewController.h */,
				8BCD71DE1D479D9200ECFD88 /* InComeViewController.m */,
			);
			path = Income;
			sourceTree = "<group>";
		};
		8BCD71D91D479D7500ECFD88 /* MyBalance */ = {
			isa = PBXGroup;
			children = (
				8BCD71DA1D479D8300ECFD88 /* MyBalanceViewController.h */,
				8BCD71DB1D479D8300ECFD88 /* MyBalanceViewController.m */,
			);
			path = MyBalance;
			sourceTree = "<group>";
		};
		8BD7A6911D4DF4AD0001B822 /* Rest */ = {
			isa = PBXGroup;
			children = (
				8BD7A6921D4DF4D70001B822 /* InTalkAPI.h */,
				8BD7A6931D4DF4D70001B822 /* InTalkAPI.m */,
				8BD7A6951D4E3F7D0001B822 /* WebManager.h */,
				8BD7A6961D4E3F8F0001B822 /* WebManager.m */,
			);
			path = Rest;
			sourceTree = "<group>";
		};
		8BDCE82C1D5DBEAF00029F8F /* SubWidget */ = {
			isa = PBXGroup;
			children = (
				8B73E9BE1DA0FFE00009968D /* kDropDown */,
				8BDCE8351D5DBEAF00029F8F /* UIView+Screenshot.h */,
				8BDCE8361D5DBEAF00029F8F /* UIView+Screenshot.m */,
			);
			path = SubWidget;
			sourceTree = "<group>";
		};
		9D71E77DFB8F1A4A54BF17A3 /* Pods */ = {
			isa = PBXGroup;
			children = (
				05ABF2F7C957D3A4D55B0F99 /* Pods-vstreaming.debug.xcconfig */,
				C2913635067F1CFD8295EFB9 /* Pods-vstreaming.release.xcconfig */,
			);
			name = Pods;
			sourceTree = "<group>";
		};
		F5F47BE7E538009EA20A57A4 /* Frameworks */ = {
			isa = PBXGroup;
			children = (
				8B4BB31D1D739C3A00ABF1C3 /* VideoToolbox.framework */,
				8B4BB31B1D739C2F00ABF1C3 /* OpenGLES.framework */,
				8B4BB3181D739BEA00ABF1C3 /* libbz2.tbd */,
				8B4BB3161D739BDC00ABF1C3 /* libstdc++.tbd */,
				8B0C693A1D739B1D00C68C59 /* libs.gz */,
				8B0C69341D739B0E00C68C59 /* AVPlayerTouch.framework */,
				8B0C69351D739B0E00C68C59 /* libcrypto.a */,
				8B0C69361D739B0E00C68C59 /* libssl.a */,
				8BDCE8471D5E19F700029F8F /* AVKit.framework */,
				8BDCE8451D5E18A700029F8F /* MediaPlayer.framework */,
				8BDCE8271D5DBBD100029F8F /* CoreAudio.framework */,
				8BDCE8241D5DBBBD00029F8F /* AudioToolbox.framework */,
				8B1B0E061D5A818200B59DD9 /* SystemConfiguration.framework */,
				8BC0BBD01D58705700CEAEFC /* libresolv.9.tbd */,
				8BC0BBCE1D586FC700CEAEFC /* libstdc++.6.tbd */,
				8BC0BBCC1D586FBA00CEAEFC /* libsqlite3.tbd */,
				8BC0BBCA1D586FAE00CEAEFC /* libz.tbd */,
				8BC0BBC81D586FA400CEAEFC /* libiconv.tbd */,
				8BC0BBC61D586F9600CEAEFC /* libc++.tbd */,
				8BC0BBC41D586F7F00CEAEFC /* CoreVideo.framework */,
				8BC0BBC21D586F6D00CEAEFC /* CoreTelephony.framework */,
				8BC0BBC01D586F5C00CEAEFC /* CoreMedia.framework */,
				8BC0BBBE1D586F3900CEAEFC /* AVFoundation.framework */,
				8BCD71901D44B76700ECFD88 /* QuartzCore.framework */,
				8BCD71721D43934300ECFD88 /* Foundation.framework */,
				8BCD71701D43933D00ECFD88 /* CoreGraphics.framework */,
				8BCD716E1D43932A00ECFD88 /* UIKit.framework */,
				B30086A11FC450DA9CDD7C1B /* libPods-vstreaming.a */,
			);
			name = Frameworks;
			sourceTree = "<group>";
		};
/* End PBXGroup section */

/* Begin PBXNativeTarget section */
		8BCD71231D424FF500ECFD88 /* vstreaming */ = {
			isa = PBXNativeTarget;
			buildConfigurationList = 8BCD71541D424FF500ECFD88 /* Build configuration list for PBXNativeTarget "vstreaming" */;
			buildPhases = (
				3956A63A9C1E6752A38F04D7 /* [CP] Check Pods Manifest.lock */,
				8BCD71201D424FF500ECFD88 /* Sources */,
				8BCD71211D424FF500ECFD88 /* Frameworks */,
				8BCD71221D424FF500ECFD88 /* Resources */,
				D90EBEEEB6F112E7AA3AE399 /* [CP] Embed Pods Frameworks */,
				B4593E7A20B8B8C4C18FD398 /* [CP] Copy Pods Resources */,
				8B0C68CB1D7324A700C68C59 /* Embed Frameworks */,
			);
			buildRules = (
			);
			dependencies = (
			);
			name = vstreaming;
			productName = vstreaming;
			productReference = 8BCD71241D424FF500ECFD88 /* vstreaming.app */;
			productType = "com.apple.product-type.application";
		};
		8BCD713F1D424FF500ECFD88 /* vstreamingTests */ = {
			isa = PBXNativeTarget;
			buildConfigurationList = 8BCD71571D424FF500ECFD88 /* Build configuration list for PBXNativeTarget "vstreamingTests" */;
			buildPhases = (
				8BCD713C1D424FF500ECFD88 /* Sources */,
				8BCD713D1D424FF500ECFD88 /* Frameworks */,
				8BCD713E1D424FF500ECFD88 /* Resources */,
			);
			buildRules = (
			);
			dependencies = (
				8BCD71421D424FF500ECFD88 /* PBXTargetDependency */,
			);
			name = vstreamingTests;
			productName = vstreamingTests;
			productReference = 8BCD71401D424FF500ECFD88 /* vstreamingTests.xctest */;
			productType = "com.apple.product-type.bundle.unit-test";
		};
		8BCD714A1D424FF500ECFD88 /* vstreamingUITests */ = {
			isa = PBXNativeTarget;
			buildConfigurationList = 8BCD715A1D424FF500ECFD88 /* Build configuration list for PBXNativeTarget "vstreamingUITests" */;
			buildPhases = (
				8BCD71471D424FF500ECFD88 /* Sources */,
				8BCD71481D424FF500ECFD88 /* Frameworks */,
				8BCD71491D424FF500ECFD88 /* Resources */,
			);
			buildRules = (
			);
			dependencies = (
				8BCD714D1D424FF500ECFD88 /* PBXTargetDependency */,
			);
			name = vstreamingUITests;
			productName = vstreamingUITests;
			productReference = 8BCD714B1D424FF500ECFD88 /* vstreamingUITests.xctest */;
			productType = "com.apple.product-type.bundle.ui-testing";
		};
/* End PBXNativeTarget section */

/* Begin PBXProject section */
		8BCD711C1D424FF500ECFD88 /* Project object */ = {
			isa = PBXProject;
			attributes = {
				LastUpgradeCheck = 0730;
				ORGANIZATIONNAME = ITGroup;
				TargetAttributes = {
					8BCD71231D424FF500ECFD88 = {
						CreatedOnToolsVersion = 7.3.1;
					};
					8BCD713F1D424FF500ECFD88 = {
						CreatedOnToolsVersion = 7.3.1;
						TestTargetID = 8BCD71231D424FF500ECFD88;
					};
					8BCD714A1D424FF500ECFD88 = {
						CreatedOnToolsVersion = 7.3.1;
						TestTargetID = 8BCD71231D424FF500ECFD88;
					};
				};
			};
			buildConfigurationList = 8BCD711F1D424FF500ECFD88 /* Build configuration list for PBXProject "vstreaming" */;
			compatibilityVersion = "Xcode 3.2";
			developmentRegion = English;
			hasScannedForEncodings = 0;
			knownRegions = (
				en,
				Base,
			);
			mainGroup = 8BCD711B1D424FF500ECFD88;
			productRefGroup = 8BCD71251D424FF500ECFD88 /* Products */;
			projectDirPath = "";
			projectRoot = "";
			targets = (
				8BCD71231D424FF500ECFD88 /* vstreaming */,
				8BCD713F1D424FF500ECFD88 /* vstreamingTests */,
				8BCD714A1D424FF500ECFD88 /* vstreamingUITests */,
			);
		};
/* End PBXProject section */

/* Begin PBXResourcesBuildPhase section */
		8BCD71221D424FF500ECFD88 /* Resources */ = {
			isa = PBXResourcesBuildPhase;
			buildActionMask = 2147483647;
			files = (
				8BCD713A1D424FF500ECFD88 /* LaunchScreen.storyboard in Resources */,
				8B73E9C81DA0FFE00009968D /* drop_down@2x.png in Resources */,
				8BCD71371D424FF500ECFD88 /* Assets.xcassets in Resources */,
				8B1B0E3B1D5AB91500B59DD9 /* README.txt in Resources */,
				8B1B0E441D5BD25A00B59DD9 /* TencentOpenApi_IOS_Bundle.bundle in Resources */,
				8BCD71321D424FF500ECFD88 /* Main.storyboard in Resources */,
				8B8F36B31D830B4400A03018 /* LECPlayerResource.bundle in Resources */,
				8B73E9C61DA0FFE00009968D /* check_mark@2x.png in Resources */,
				8B73E9C71DA0FFE00009968D /* done@2x.png in Resources */,
				8B50BF771D5CDC950059456C /* WeiboSDK.bundle in Resources */,
			);
			runOnlyForDeploymentPostprocessing = 0;
		};
		8BCD713E1D424FF500ECFD88 /* Resources */ = {
			isa = PBXResourcesBuildPhase;
			buildActionMask = 2147483647;
			files = (
			);
			runOnlyForDeploymentPostprocessing = 0;
		};
		8BCD71491D424FF500ECFD88 /* Resources */ = {
			isa = PBXResourcesBuildPhase;
			buildActionMask = 2147483647;
			files = (
			);
			runOnlyForDeploymentPostprocessing = 0;
		};
/* End PBXResourcesBuildPhase section */

/* Begin PBXShellScriptBuildPhase section */
		3956A63A9C1E6752A38F04D7 /* [CP] Check Pods Manifest.lock */ = {
			isa = PBXShellScriptBuildPhase;
			buildActionMask = 2147483647;
			files = (
			);
			inputPaths = (
			);
			name = "[CP] Check Pods Manifest.lock";
			outputPaths = (
			);
			runOnlyForDeploymentPostprocessing = 0;
			shellPath = /bin/sh;
			shellScript = "diff \"${PODS_ROOT}/../Podfile.lock\" \"${PODS_ROOT}/Manifest.lock\" > /dev/null\nif [[ $? != 0 ]] ; then\n    cat << EOM\nerror: The sandbox is not in sync with the Podfile.lock. Run 'pod install' or update your CocoaPods installation.\nEOM\n    exit 1\nfi\n";
			showEnvVarsInLog = 0;
		};
		B4593E7A20B8B8C4C18FD398 /* [CP] Copy Pods Resources */ = {
			isa = PBXShellScriptBuildPhase;
			buildActionMask = 2147483647;
			files = (
			);
			inputPaths = (
			);
			name = "[CP] Copy Pods Resources";
			outputPaths = (
			);
			runOnlyForDeploymentPostprocessing = 0;
			shellPath = /bin/sh;
			shellScript = "\"${SRCROOT}/Pods/Target Support Files/Pods-vstreaming/Pods-vstreaming-resources.sh\"\n";
			showEnvVarsInLog = 0;
		};
		D90EBEEEB6F112E7AA3AE399 /* [CP] Embed Pods Frameworks */ = {
			isa = PBXShellScriptBuildPhase;
			buildActionMask = 2147483647;
			files = (
			);
			inputPaths = (
			);
			name = "[CP] Embed Pods Frameworks";
			outputPaths = (
			);
			runOnlyForDeploymentPostprocessing = 0;
			shellPath = /bin/sh;
			shellScript = "\"${SRCROOT}/Pods/Target Support Files/Pods-vstreaming/Pods-vstreaming-frameworks.sh\"\n";
			showEnvVarsInLog = 0;
		};
/* End PBXShellScriptBuildPhase section */

/* Begin PBXSourcesBuildPhase section */
		8BCD71201D424FF500ECFD88 /* Sources */ = {
			isa = PBXSourcesBuildPhase;
			buildActionMask = 2147483647;
			files = (
				8B7F74ED1DA38DF70057CB67 /* MP4Writer.m in Sources */,
				8BC098C01D869F0B00FD46AD /* User.m in Sources */,
				8BCD71291D424FF500ECFD88 /* main.m in Sources */,
				8B1B0E391D5AB91500B59DD9 /* WechatAccess.m in Sources */,
				8BCD719B1D44F36800ECFD88 /* MessagesViewController.m in Sources */,
				8BCD71941D44BD1100ECFD88 /* MainTabViewController.m in Sources */,
				8B50BF781D5CDC950059456C /* WeiboAccess.m in Sources */,
				8B83334F1D9E4A1500EB3243 /* TagModel.m in Sources */,
				8BCD716D1D434FD800ECFD88 /* CountrySelectViewController.m in Sources */,
				8BCD71BB1D45DF9B00ECFD88 /* CustomGridFlowLayout.m in Sources */,
				8BCD71811D448F3200ECFD88 /* HomeTableViewCell.m in Sources */,
				8B73E9C91DA0FFE00009968D /* DropDownListView.m in Sources */,
				8B8B1D801D4F675C00B2A735 /* CommonFunction.m in Sources */,
				8BCD71A21D4534EA00ECFD88 /* DetailViewController.m in Sources */,
				8BD7A6941D4DF4D70001B822 /* InTalkAPI.m in Sources */,
				8B82D0261D496D7600FE6B34 /* FollowTableCell.m in Sources */,
				8B503A951D4B4F6C008848CE /* ExpertSearchTableCell.m in Sources */,
				8BCD71CF1D466E7B00ECFD88 /* MainProfileViewController.m in Sources */,
				8BDCE83B1D5DBEAF00029F8F /* UIView+Screenshot.m in Sources */,
				8BCD71351D424FF500ECFD88 /* vstreaming.xcdatamodeld in Sources */,
				8BCD71AB1D45510E00ECFD88 /* SuggestTableCell.m in Sources */,
				8BCD71B21D45CAB600ECFD88 /* BroadCastViewController.m in Sources */,
				8BCD718C1D44AC2500ECFD88 /* GridScreenViewController.m in Sources */,
				8B82D01D1D496BFA00FE6B34 /* FollowInformationViewController.m in Sources */,
				8B7CFFAD1DA47270007EB36A /* HomeTableItemModel.m in Sources */,
				8BA702191DA58ACB00A828FE /* VideoModel.m in Sources */,
				8B82D0291D4972C300FE6B34 /* ProfileExpertTableCell.m in Sources */,
				8B503A871D4A39A5008848CE /* LanguageSettingViewController.m in Sources */,
				8BCD71C81D45FCDB00ECFD88 /* BroadcasterTableCell.m in Sources */,
				8B503A8B1D4A3AFA008848CE /* OtherSettingViewController.m in Sources */,
				8BA702161DA5899F00A828FE /* Follower.m in Sources */,
				8BCD71B51D45CAEE00ECFD88 /* IndustrySelectViewController.m in Sources */,
				8B8C7CF31D58B9F5002A056E /* Utility.m in Sources */,
				8BCD71DF1D479D9200ECFD88 /* InComeViewController.m in Sources */,
				8BCD71D31D466EE200ECFD88 /* MyShowViewController.m in Sources */,
				8B503A921D4B4F4E008848CE /* ExpertSearchViewController.m in Sources */,
				8BD7A6971D4E3F8F0001B822 /* WebManager.m in Sources */,
				8BCD71DC1D479D8300ECFD88 /* MyBalanceViewController.m in Sources */,
				8B82D0231D496C3100FE6B34 /* FollowerProfileViewController.m in Sources */,
				8BCD71A81D45510100ECFD88 /* ExpertTableCell.m in Sources */,
				8BCD71621D42555700ECFD88 /* AppDelegate.m in Sources */,
				8BCD71871D448F9300ECFD88 /* HomeViewController.m in Sources */,
				8B503A831D4A2F01008848CE /* SettingViewController.m in Sources */,
				8BD7A6901D4DEEC90001B822 /* APIConstant.m in Sources */,
				8BCD71B81D45CDAA00ECFD88 /* IndustryTableCell.m in Sources */,
				8BCD719E1D44F48100ECFD88 /* MessageTableViewCell.m in Sources */,
				8BCD71671D425A9A00ECFD88 /* SignUpViewController.m in Sources */,
				8B73E9CA1DA0FFE00009968D /* DropDownViewCell.m in Sources */,
				8BCD71CC1D4612AD00ECFD88 /* ExpertSubmitViewController.m in Sources */,
				8BCD716A1D434EE900ECFD88 /* LoginViewController.m in Sources */,
				8B503A8E1D4A518E008848CE /* ChatViewController.m in Sources */,
				8B7CBF031D9F6005009495D1 /* DataManager.m in Sources */,
				8BCD718F1D44AE3D00ECFD88 /* CollectionViewCell.m in Sources */,
				8BC16A5B1D47B319007052E0 /* QuestionViewController.m in Sources */,
				8B82D02C1D4972E400FE6B34 /* ShowTableCell.m in Sources */,
				8B1B0E451D5BD25A00B59DD9 /* TencentAccess.m in Sources */,
				8BCD71A51D4550EC00ECFD88 /* QuestionTableCell.m in Sources */,
				8BCD71C21D45F97D00ECFD88 /* BroadcasterSelectController.m in Sources */,
			);
			runOnlyForDeploymentPostprocessing = 0;
		};
		8BCD713C1D424FF500ECFD88 /* Sources */ = {
			isa = PBXSourcesBuildPhase;
			buildActionMask = 2147483647;
			files = (
				8BCD71451D424FF500ECFD88 /* vstreamingTests.m in Sources */,
			);
			runOnlyForDeploymentPostprocessing = 0;
		};
		8BCD71471D424FF500ECFD88 /* Sources */ = {
			isa = PBXSourcesBuildPhase;
			buildActionMask = 2147483647;
			files = (
				8BCD71501D424FF500ECFD88 /* vstreamingUITests.m in Sources */,
			);
			runOnlyForDeploymentPostprocessing = 0;
		};
/* End PBXSourcesBuildPhase section */

/* Begin PBXTargetDependency section */
		8BCD71421D424FF500ECFD88 /* PBXTargetDependency */ = {
			isa = PBXTargetDependency;
			target = 8BCD71231D424FF500ECFD88 /* vstreaming */;
			targetProxy = 8BCD71411D424FF500ECFD88 /* PBXContainerItemProxy */;
		};
		8BCD714D1D424FF500ECFD88 /* PBXTargetDependency */ = {
			isa = PBXTargetDependency;
			target = 8BCD71231D424FF500ECFD88 /* vstreaming */;
			targetProxy = 8BCD714C1D424FF500ECFD88 /* PBXContainerItemProxy */;
		};
/* End PBXTargetDependency section */

/* Begin PBXVariantGroup section */
		8BCD71301D424FF500ECFD88 /* Main.storyboard */ = {
			isa = PBXVariantGroup;
			children = (
				8BCD71311D424FF500ECFD88 /* Base */,
			);
			name = Main.storyboard;
			sourceTree = "<group>";
		};
		8BCD71381D424FF500ECFD88 /* LaunchScreen.storyboard */ = {
			isa = PBXVariantGroup;
			children = (
				8BCD71391D424FF500ECFD88 /* Base */,
			);
			name = LaunchScreen.storyboard;
			sourceTree = "<group>";
		};
/* End PBXVariantGroup section */

/* Begin XCBuildConfiguration section */
		8BCD71521D424FF500ECFD88 /* Debug */ = {
			isa = XCBuildConfiguration;
			buildSettings = {
				ALWAYS_SEARCH_USER_PATHS = NO;
				CLANG_ANALYZER_NONNULL = YES;
				CLANG_CXX_LANGUAGE_STANDARD = "gnu++0x";
				CLANG_CXX_LIBRARY = "libc++";
				CLANG_ENABLE_MODULES = YES;
				CLANG_ENABLE_OBJC_ARC = YES;
				CLANG_WARN_BOOL_CONVERSION = YES;
				CLANG_WARN_CONSTANT_CONVERSION = YES;
				CLANG_WARN_DIRECT_OBJC_ISA_USAGE = YES_ERROR;
				CLANG_WARN_EMPTY_BODY = YES;
				CLANG_WARN_ENUM_CONVERSION = YES;
				CLANG_WARN_INT_CONVERSION = YES;
				CLANG_WARN_OBJC_ROOT_CLASS = YES_ERROR;
				CLANG_WARN_UNREACHABLE_CODE = YES;
				CLANG_WARN__DUPLICATE_METHOD_MATCH = YES;
				CODE_SIGN_IDENTITY = "iPhone Developer: Jeff Lee (A676BC532X)";
				"CODE_SIGN_IDENTITY[sdk=iphoneos*]" = "iPhone Developer: Jeff Lee (A676BC532X)";
				COPY_PHASE_STRIP = NO;
				DEBUG_INFORMATION_FORMAT = dwarf;
				ENABLE_BITCODE = YES;
				ENABLE_STRICT_OBJC_MSGSEND = YES;
				ENABLE_TESTABILITY = YES;
				GCC_C_LANGUAGE_STANDARD = gnu99;
				GCC_DYNAMIC_NO_PIC = NO;
				GCC_NO_COMMON_BLOCKS = YES;
				GCC_OPTIMIZATION_LEVEL = 0;
				GCC_PREPROCESSOR_DEFINITIONS = (
					"DEBUG=1",
					"$(inherited)",
				);
				GCC_WARN_64_TO_32_BIT_CONVERSION = YES;
				GCC_WARN_ABOUT_RETURN_TYPE = YES_ERROR;
				GCC_WARN_UNDECLARED_SELECTOR = YES;
				GCC_WARN_UNINITIALIZED_AUTOS = YES_AGGRESSIVE;
				GCC_WARN_UNUSED_FUNCTION = YES;
				GCC_WARN_UNUSED_VARIABLE = YES;
				IPHONEOS_DEPLOYMENT_TARGET = 7.0;
				MTL_ENABLE_DEBUG_INFO = YES;
				ONLY_ACTIVE_ARCH = YES;
				PROVISIONING_PROFILE = "4d5a7144-5caa-4e89-bc22-b6e4e1cd6725";
				SDKROOT = iphoneos;
				TARGETED_DEVICE_FAMILY = "1,2";
			};
			name = Debug;
		};
		8BCD71531D424FF500ECFD88 /* Release */ = {
			isa = XCBuildConfiguration;
			buildSettings = {
				ALWAYS_SEARCH_USER_PATHS = NO;
				CLANG_ANALYZER_NONNULL = YES;
				CLANG_CXX_LANGUAGE_STANDARD = "gnu++0x";
				CLANG_CXX_LIBRARY = "libc++";
				CLANG_ENABLE_MODULES = YES;
				CLANG_ENABLE_OBJC_ARC = YES;
				CLANG_WARN_BOOL_CONVERSION = YES;
				CLANG_WARN_CONSTANT_CONVERSION = YES;
				CLANG_WARN_DIRECT_OBJC_ISA_USAGE = YES_ERROR;
				CLANG_WARN_EMPTY_BODY = YES;
				CLANG_WARN_ENUM_CONVERSION = YES;
				CLANG_WARN_INT_CONVERSION = YES;
				CLANG_WARN_OBJC_ROOT_CLASS = YES_ERROR;
				CLANG_WARN_UNREACHABLE_CODE = YES;
				CLANG_WARN__DUPLICATE_METHOD_MATCH = YES;
				CODE_SIGN_IDENTITY = "iPhone Distribution: Hangzhou Junru Technology Co. ,Ltd. (72739DGUJR)";
				"CODE_SIGN_IDENTITY[sdk=iphoneos*]" = "iPhone Distribution: Hangzhou Junru Technology Co. ,Ltd. (72739DGUJR)";
				COPY_PHASE_STRIP = NO;
				DEBUG_INFORMATION_FORMAT = "dwarf-with-dsym";
				ENABLE_BITCODE = YES;
				ENABLE_NS_ASSERTIONS = NO;
				ENABLE_STRICT_OBJC_MSGSEND = YES;
				GCC_C_LANGUAGE_STANDARD = gnu99;
				GCC_NO_COMMON_BLOCKS = YES;
				GCC_WARN_64_TO_32_BIT_CONVERSION = YES;
				GCC_WARN_ABOUT_RETURN_TYPE = YES_ERROR;
				GCC_WARN_UNDECLARED_SELECTOR = YES;
				GCC_WARN_UNINITIALIZED_AUTOS = YES_AGGRESSIVE;
				GCC_WARN_UNUSED_FUNCTION = YES;
				GCC_WARN_UNUSED_VARIABLE = YES;
				IPHONEOS_DEPLOYMENT_TARGET = 7.0;
				MTL_ENABLE_DEBUG_INFO = NO;
				PROVISIONING_PROFILE = "4d5a7144-5caa-4e89-bc22-b6e4e1cd6725";
				SDKROOT = iphoneos;
				TARGETED_DEVICE_FAMILY = "1,2";
				VALIDATE_PRODUCT = YES;
			};
			name = Release;
		};
		8BCD71551D424FF500ECFD88 /* Debug */ = {
			isa = XCBuildConfiguration;
			baseConfigurationReference = 05ABF2F7C957D3A4D55B0F99 /* Pods-vstreaming.debug.xcconfig */;
			buildSettings = {
				ASSETCATALOG_COMPILER_APPICON_NAME = AppIcon;
				CODE_SIGN_IDENTITY = "iPhone Developer: Jeff Lee (A676BC532X)";
				ENABLE_BITCODE = NO;
				FRAMEWORK_SEARCH_PATHS = (
					"$(inherited)",
					"$(PROJECT_DIR)/vstreaming/Frameworks",
					"$(PROJECT_DIR)/vstreaming/Tencent/QQSDK3.1.0",
					"$(PROJECT_DIR)/vstreaming",
				);
				GCC_PRECOMPILE_PREFIX_HEADER = YES;
				GCC_PREFIX_HEADER = "$PROJECT_DIR/vstreaming/vstreaming-Prefix.pch";
				HEADER_SEARCH_PATHS = (
					"$(inherited)",
					"\"${PODS_ROOT}/Headers/Public\"",
					"\"${PODS_ROOT}/Headers/Public/AFNetworking\"",
					"\"${PODS_ROOT}/Headers/Public/AKPickerView\"",
					"\"${PODS_ROOT}/Headers/Public/CGLAlphabetizer\"",
					"\"${PODS_ROOT}/Headers/Public/DAKeyboardControl\"",
					"\"${PODS_ROOT}/Headers/Public/DGActivityIndicatorView\"",
					"\"${PODS_ROOT}/Headers/Public/RCRunkeeperSwitch\"",
					"\"${PODS_ROOT}/Headers/Public/SDWebImage\"",
					"\"${PODS_ROOT}/Headers/Public/UITextView+Placeholder\"",
					"$(PROJECT_DIR)/vstreaming/weChatSDK/",
				);
				INFOPLIST_FILE = vstreaming/Info.plist;
				IPHONEOS_DEPLOYMENT_TARGET = 9.3;
				LD_RUNPATH_SEARCH_PATHS = "$(inherited) @executable_path/Frameworks";
				LIBRARY_SEARCH_PATHS = (
					"$(inherited)",
					"$(PROJECT_DIR)/vstreaming/WeChat/weChatSDK1.7.2",
					"$(PROJECT_DIR)/vstreaming/WeiBo/libWeiboSDK",
					"$(PROJECT_DIR)/vstreaming/RECLib/Libs",
				);
				PRODUCT_BUNDLE_IDENTIFIER = com.itgroup.vstreaming;
				PRODUCT_NAME = "$(TARGET_NAME)";
				PROVISIONING_PROFILE = "4d5a7144-5caa-4e89-bc22-b6e4e1cd6725";
			};
			name = Debug;
		};
		8BCD71561D424FF500ECFD88 /* Release */ = {
			isa = XCBuildConfiguration;
			baseConfigurationReference = C2913635067F1CFD8295EFB9 /* Pods-vstreaming.release.xcconfig */;
			buildSettings = {
				ASSETCATALOG_COMPILER_APPICON_NAME = AppIcon;
				CODE_SIGN_IDENTITY = "iPhone Distribution: Hangzhou Junru Technology Co. ,Ltd. (72739DGUJR)";
				ENABLE_BITCODE = NO;
				FRAMEWORK_SEARCH_PATHS = (
					"$(inherited)",
					"$(PROJECT_DIR)/vstreaming/Frameworks",
					"$(PROJECT_DIR)/vstreaming/Tencent/QQSDK3.1.0",
					"$(PROJECT_DIR)/vstreaming",
				);
				GCC_PRECOMPILE_PREFIX_HEADER = YES;
				GCC_PREFIX_HEADER = "$PROJECT_DIR/vstreaming/vstreaming-Prefix.pch";
				HEADER_SEARCH_PATHS = (
					"$(inherited)",
					"\"${PODS_ROOT}/Headers/Public\"",
					"\"${PODS_ROOT}/Headers/Public/AFNetworking\"",
					"\"${PODS_ROOT}/Headers/Public/AKPickerView\"",
					"\"${PODS_ROOT}/Headers/Public/CGLAlphabetizer\"",
					"\"${PODS_ROOT}/Headers/Public/DAKeyboardControl\"",
					"\"${PODS_ROOT}/Headers/Public/DGActivityIndicatorView\"",
					"\"${PODS_ROOT}/Headers/Public/RCRunkeeperSwitch\"",
					"\"${PODS_ROOT}/Headers/Public/SDWebImage\"",
					"\"${PODS_ROOT}/Headers/Public/UITextView+Placeholder\"",
					"$(PROJECT_DIR)/vstreaming/weChatSDK/",
				);
				INFOPLIST_FILE = vstreaming/Info.plist;
				IPHONEOS_DEPLOYMENT_TARGET = 9.3;
				LD_RUNPATH_SEARCH_PATHS = "$(inherited) @executable_path/Frameworks";
				LIBRARY_SEARCH_PATHS = (
					"$(inherited)",
					"$(PROJECT_DIR)/vstreaming/WeChat/weChatSDK1.7.2",
					"$(PROJECT_DIR)/vstreaming/WeiBo/libWeiboSDK",
					"$(PROJECT_DIR)/vstreaming/RECLib/Libs",
				);
				PRODUCT_BUNDLE_IDENTIFIER = com.itgroup.vstreaming;
				PRODUCT_NAME = "$(TARGET_NAME)";
				PROVISIONING_PROFILE = "4d5a7144-5caa-4e89-bc22-b6e4e1cd6725";
			};
			name = Release;
		};
		8BCD71581D424FF500ECFD88 /* Debug */ = {
			isa = XCBuildConfiguration;
			buildSettings = {
				BUNDLE_LOADER = "$(TEST_HOST)";
				CODE_SIGN_IDENTITY = "iPhone Developer: Jeff Lee (A676BC532X)";
				INFOPLIST_FILE = vstreamingTests/Info.plist;
				LD_RUNPATH_SEARCH_PATHS = "$(inherited) @executable_path/Frameworks @loader_path/Frameworks";
				PRODUCT_BUNDLE_IDENTIFIER = com.itgroup.vstreamingTests;
				PRODUCT_NAME = "$(TARGET_NAME)";
				PROVISIONING_PROFILE = "4d5a7144-5caa-4e89-bc22-b6e4e1cd6725";
				TEST_HOST = "$(BUILT_PRODUCTS_DIR)/vstreaming.app/vstreaming";
			};
			name = Debug;
		};
		8BCD71591D424FF500ECFD88 /* Release */ = {
			isa = XCBuildConfiguration;
			buildSettings = {
				BUNDLE_LOADER = "$(TEST_HOST)";
				CODE_SIGN_IDENTITY = "iPhone Distribution: Hangzhou Junru Technology Co. ,Ltd. (72739DGUJR)";
				"CODE_SIGN_IDENTITY[sdk=iphoneos*]" = "iPhone Distribution: Hangzhou Junru Technology Co. ,Ltd. (72739DGUJR)";
				INFOPLIST_FILE = vstreamingTests/Info.plist;
				LD_RUNPATH_SEARCH_PATHS = "$(inherited) @executable_path/Frameworks @loader_path/Frameworks";
				PRODUCT_BUNDLE_IDENTIFIER = com.itgroup.vstreamingTests;
				PRODUCT_NAME = "$(TARGET_NAME)";
				PROVISIONING_PROFILE = "4d5a7144-5caa-4e89-bc22-b6e4e1cd6725";
				TEST_HOST = "$(BUILT_PRODUCTS_DIR)/vstreaming.app/vstreaming";
			};
			name = Release;
		};
		8BCD715B1D424FF500ECFD88 /* Debug */ = {
			isa = XCBuildConfiguration;
			buildSettings = {
				CODE_SIGN_IDENTITY = "iPhone Developer: Jeff Lee (A676BC532X)";
				INFOPLIST_FILE = vstreamingUITests/Info.plist;
				LD_RUNPATH_SEARCH_PATHS = "$(inherited) @executable_path/Frameworks @loader_path/Frameworks";
				PRODUCT_BUNDLE_IDENTIFIER = com.itgroup.vstreamingUITests;
				PRODUCT_NAME = "$(TARGET_NAME)";
				PROVISIONING_PROFILE = "4d5a7144-5caa-4e89-bc22-b6e4e1cd6725";
				TEST_TARGET_NAME = vstreaming;
			};
			name = Debug;
		};
		8BCD715C1D424FF500ECFD88 /* Release */ = {
			isa = XCBuildConfiguration;
			buildSettings = {
				CODE_SIGN_IDENTITY = "iPhone Distribution: Hangzhou Junru Technology Co. ,Ltd. (72739DGUJR)";
				"CODE_SIGN_IDENTITY[sdk=iphoneos*]" = "iPhone Distribution: Hangzhou Junru Technology Co. ,Ltd. (72739DGUJR)";
				INFOPLIST_FILE = vstreamingUITests/Info.plist;
				LD_RUNPATH_SEARCH_PATHS = "$(inherited) @executable_path/Frameworks @loader_path/Frameworks";
				PRODUCT_BUNDLE_IDENTIFIER = com.itgroup.vstreamingUITests;
				PRODUCT_NAME = "$(TARGET_NAME)";
				PROVISIONING_PROFILE = "4d5a7144-5caa-4e89-bc22-b6e4e1cd6725";
				TEST_TARGET_NAME = vstreaming;
			};
			name = Release;
		};
/* End XCBuildConfiguration section */

/* Begin XCConfigurationList section */
		8BCD711F1D424FF500ECFD88 /* Build configuration list for PBXProject "vstreaming" */ = {
			isa = XCConfigurationList;
			buildConfigurations = (
				8BCD71521D424FF500ECFD88 /* Debug */,
				8BCD71531D424FF500ECFD88 /* Release */,
			);
			defaultConfigurationIsVisible = 0;
			defaultConfigurationName = Release;
		};
		8BCD71541D424FF500ECFD88 /* Build configuration list for PBXNativeTarget "vstreaming" */ = {
			isa = XCConfigurationList;
			buildConfigurations = (
				8BCD71551D424FF500ECFD88 /* Debug */,
				8BCD71561D424FF500ECFD88 /* Release */,
			);
			defaultConfigurationIsVisible = 0;
			defaultConfigurationName = Release;
		};
		8BCD71571D424FF500ECFD88 /* Build configuration list for PBXNativeTarget "vstreamingTests" */ = {
			isa = XCConfigurationList;
			buildConfigurations = (
				8BCD71581D424FF500ECFD88 /* Debug */,
				8BCD71591D424FF500ECFD88 /* Release */,
			);
			defaultConfigurationIsVisible = 0;
			defaultConfigurationName = Release;
		};
		8BCD715A1D424FF500ECFD88 /* Build configuration list for PBXNativeTarget "vstreamingUITests" */ = {
			isa = XCConfigurationList;
			buildConfigurations = (
				8BCD715B1D424FF500ECFD88 /* Debug */,
				8BCD715C1D424FF500ECFD88 /* Release */,
			);
			defaultConfigurationIsVisible = 0;
			defaultConfigurationName = Release;
		};
/* End XCConfigurationList section */

/* Begin XCVersionGroup section */
		8BCD71331D424FF500ECFD88 /* vstreaming.xcdatamodeld */ = {
			isa = XCVersionGroup;
			children = (
				8BCD71341D424FF500ECFD88 /* vstreaming.xcdatamodel */,
			);
			currentVersion = 8BCD71341D424FF500ECFD88 /* vstreaming.xcdatamodel */;
			path = vstreaming.xcdatamodeld;
			sourceTree = "<group>";
			versionGroupType = wrapper.xcdatamodel;
		};
/* End XCVersionGroup section */
	};
	rootObject = 8BCD711C1D424FF500ECFD88 /* Project object */;
}
